// !$*UTF8*$!
{
	archiveVersion = 1;
	classes = {
	};
	objectVersion = 46;
	objects = {

/* Begin PBXBuildFile section */
		82D3B1A019FBF8D3003C4EB5 /* main.m in Sources */ = {isa = PBXBuildFile; fileRef = 82D3B19F19FBF8D3003C4EB5 /* main.m */; };
		82EBE7B619FCF202001F995B /* AttemptSalvage.h in Headers */ = {isa = PBXBuildFile; fileRef = 82EBE7B219FCF1B6001F995B /* AttemptSalvage.h */; settings = {ATTRIBUTES = (Public, ); }; };
		82EBE7B719FCF202001F995B /* BCLTypeCheckedCollectionAccessors.h in Headers */ = {isa = PBXBuildFile; fileRef = 82EBE7B319FCF1B6001F995B /* BCLTypeCheckedCollectionAccessors.h */; settings = {ATTRIBUTES = (Public, ); }; };
		82EBE7B819FCF202001F995B /* BCMJSONAccessMacros.h in Headers */ = {isa = PBXBuildFile; fileRef = 82EBE7B419FCF1B6001F995B /* BCMJSONAccessMacros.h */; settings = {ATTRIBUTES = (Public, ); }; };
		82EBE7BA19FCF409001F995B /* AttemptSalvageTests.m in Sources */ = {isa = PBXBuildFile; fileRef = 82EBE7B919FCF409001F995B /* AttemptSalvageTests.m */; };
		82EBE7C119FE2C52001F995B /* BCLContinuation+ControlFlow.h in Headers */ = {isa = PBXBuildFile; fileRef = 82EBE7BF19FE2C52001F995B /* BCLContinuation+ControlFlow.h */; };
		82EBE7C219FE2C52001F995B /* BCLContinuation+ControlFlow.m in Sources */ = {isa = PBXBuildFile; fileRef = 82EBE7C019FE2C52001F995B /* BCLContinuation+ControlFlow.m */; };
		82EBE7C819FE2E46001F995B /* BCLBlockContinuation.h in Headers */ = {isa = PBXBuildFile; fileRef = 82EBE7C619FE2E46001F995B /* BCLBlockContinuation.h */; };
		82EBE7C919FE2E46001F995B /* BCLBlockContinuation.m in Sources */ = {isa = PBXBuildFile; fileRef = 82EBE7C719FE2E46001F995B /* BCLBlockContinuation.m */; };
		82EBE7CE19FE3115001F995B /* BCMJSONAccess.h in Headers */ = {isa = PBXBuildFile; fileRef = 82EBE7CC19FE3115001F995B /* BCMJSONAccess.h */; };
		82EBE7CF19FE3115001F995B /* BCMJSONAccess.m in Sources */ = {isa = PBXBuildFile; fileRef = 82EBE7CD19FE3115001F995B /* BCMJSONAccess.m */; };
/* End PBXBuildFile section */

/* Begin PBXCopyFilesBuildPhase section */
		82EBE79819FCEEB0001F995B /* CopyFiles */ = {
			isa = PBXCopyFilesBuildPhase;
			buildActionMask = 2147483647;
			dstPath = "include/$(PRODUCT_NAME)";
			dstSubfolderSpec = 16;
			files = (
			);
			runOnlyForDeploymentPostprocessing = 0;
		};
/* End PBXCopyFilesBuildPhase section */

/* Begin PBXFileReference section */
		8282CEBE19F5987200555BB0 /* DemoApp */ = {isa = PBXFileReference; explicitFileType = "compiled.mach-o.executable"; includeInIndex = 0; path = DemoApp; sourceTree = BUILT_PRODUCTS_DIR; };
		82D3B19519FBF7C5003C4EB5 /* BCMJSONAccessTests.xctest */ = {isa = PBXFileReference; explicitFileType = wrapper.cfbundle; includeInIndex = 0; path = BCMJSONAccessTests.xctest; sourceTree = BUILT_PRODUCTS_DIR; };
		82D3B19F19FBF8D3003C4EB5 /* main.m */ = {isa = PBXFileReference; fileEncoding = 4; lastKnownFileType = sourcecode.c.objc; path = main.m; sourceTree = "<group>"; };
		82EBE79A19FCEEB0001F995B /* libBCMJSONAccess.a */ = {isa = PBXFileReference; explicitFileType = archive.ar; includeInIndex = 0; path = libBCMJSONAccess.a; sourceTree = BUILT_PRODUCTS_DIR; };
		82EBE7AA19FCEEB0001F995B /* Info.plist */ = {isa = PBXFileReference; lastKnownFileType = text.plist.xml; path = Info.plist; sourceTree = "<group>"; };
		82EBE7B219FCF1B6001F995B /* AttemptSalvage.h */ = {isa = PBXFileReference; fileEncoding = 4; lastKnownFileType = sourcecode.c.h; name = AttemptSalvage.h; path = BCMJSONAccess/AttemptSalvage.h; sourceTree = "<group>"; };
		82EBE7B319FCF1B6001F995B /* BCLTypeCheckedCollectionAccessors.h */ = {isa = PBXFileReference; fileEncoding = 4; lastKnownFileType = sourcecode.c.h; name = BCLTypeCheckedCollectionAccessors.h; path = BCMJSONAccess/BCLTypeCheckedCollectionAccessors.h; sourceTree = "<group>"; };
		82EBE7B419FCF1B6001F995B /* BCMJSONAccessMacros.h */ = {isa = PBXFileReference; fileEncoding = 4; lastKnownFileType = sourcecode.c.h; path = BCMJSONAccessMacros.h; sourceTree = "<group>"; };
		82EBE7B919FCF409001F995B /* AttemptSalvageTests.m */ = {isa = PBXFileReference; fileEncoding = 4; lastKnownFileType = sourcecode.c.objc; path = AttemptSalvageTests.m; sourceTree = "<group>"; };
		82EBE7BF19FE2C52001F995B /* BCLContinuation+ControlFlow.h */ = {isa = PBXFileReference; fileEncoding = 4; lastKnownFileType = sourcecode.c.h; path = "BCLContinuation+ControlFlow.h"; sourceTree = "<group>"; };
		82EBE7C019FE2C52001F995B /* BCLContinuation+ControlFlow.m */ = {isa = PBXFileReference; fileEncoding = 4; lastKnownFileType = sourcecode.c.objc; path = "BCLContinuation+ControlFlow.m"; sourceTree = "<group>"; };
		82EBE7C619FE2E46001F995B /* BCLBlockContinuation.h */ = {isa = PBXFileReference; fileEncoding = 4; lastKnownFileType = sourcecode.c.h; path = BCLBlockContinuation.h; sourceTree = "<group>"; };
		82EBE7C719FE2E46001F995B /* BCLBlockContinuation.m */ = {isa = PBXFileReference; fileEncoding = 4; lastKnownFileType = sourcecode.c.objc; path = BCLBlockContinuation.m; sourceTree = "<group>"; };
		82EBE7CC19FE3115001F995B /* BCMJSONAccess.h */ = {isa = PBXFileReference; fileEncoding = 4; lastKnownFileType = sourcecode.c.h; path = BCMJSONAccess.h; sourceTree = "<group>"; };
		82EBE7CD19FE3115001F995B /* BCMJSONAccess.m */ = {isa = PBXFileReference; fileEncoding = 4; lastKnownFileType = sourcecode.c.objc; path = BCMJSONAccess.m; sourceTree = "<group>"; };
		82EBE7D019FE474B001F995B /* BCLContinuationProtocol.h */ = {isa = PBXFileReference; lastKnownFileType = sourcecode.c.h; path = BCLContinuationProtocol.h; sourceTree = "<group>"; };
		82EBE7D119FE481C001F995B /* BCLContinuation.h */ = {isa = PBXFileReference; lastKnownFileType = sourcecode.c.h; path = BCLContinuation.h; sourceTree = "<group>"; };
/* End PBXFileReference section */

/* Begin PBXFrameworksBuildPhase section */
		8282CEBB19F5987200555BB0 /* Frameworks */ = {
			isa = PBXFrameworksBuildPhase;
			buildActionMask = 2147483647;
			files = (
			);
			runOnlyForDeploymentPostprocessing = 0;
		};
		82D3B19219FBF7C5003C4EB5 /* Frameworks */ = {
			isa = PBXFrameworksBuildPhase;
			buildActionMask = 2147483647;
			files = (
			);
			runOnlyForDeploymentPostprocessing = 0;
		};
		82EBE79719FCEEB0001F995B /* Frameworks */ = {
			isa = PBXFrameworksBuildPhase;
			buildActionMask = 2147483647;
			files = (
			);
			runOnlyForDeploymentPostprocessing = 0;
		};
/* End PBXFrameworksBuildPhase section */

/* Begin PBXGroup section */
		8282CEB519F5987200555BB0 = {
			isa = PBXGroup;
			children = (
				82D3B19E19FBF8D3003C4EB5 /* DemoApp */,
				82EBE7C319FE2D2D001F995B /* BCLAttempt */,
				82EBE7CA19FE301E001F995B /* AttemptSalvage */,
				82EBE7CB19FE30CA001F995B /* BCLTypeCheckedCollectionAccessors */,
				82EBE7B119FCF1B6001F995B /* BCMJSONAccess */,
				82EBE7A819FCEEB0001F995B /* BCMJSONAccessTests */,
				8282CEBF19F5987200555BB0 /* Products */,
			);
			sourceTree = "<group>";
		};
		8282CEBF19F5987200555BB0 /* Products */ = {
			isa = PBXGroup;
			children = (
				8282CEBE19F5987200555BB0 /* DemoApp */,
				82D3B19519FBF7C5003C4EB5 /* BCMJSONAccessTests.xctest */,
				82EBE79A19FCEEB0001F995B /* libBCMJSONAccess.a */,
			);
			name = Products;
			sourceTree = "<group>";
		};
		82D3B19E19FBF8D3003C4EB5 /* DemoApp */ = {
			isa = PBXGroup;
			children = (
				82D3B19F19FBF8D3003C4EB5 /* main.m */,
			);
			path = DemoApp;
			sourceTree = "<group>";
		};
		82EBE7A819FCEEB0001F995B /* BCMJSONAccessTests */ = {
			isa = PBXGroup;
			children = (
				82EBE7A919FCEEB0001F995B /* Supporting Files */,
				82EBE7B919FCF409001F995B /* AttemptSalvageTests.m */,
			);
			path = BCMJSONAccessTests;
			sourceTree = "<group>";
		};
		82EBE7A919FCEEB0001F995B /* Supporting Files */ = {
			isa = PBXGroup;
			children = (
				82EBE7AA19FCEEB0001F995B /* Info.plist */,
			);
			name = "Supporting Files";
			sourceTree = "<group>";
		};
		82EBE7B119FCF1B6001F995B /* BCMJSONAccess */ = {
			isa = PBXGroup;
			children = (
				82EBE7B419FCF1B6001F995B /* BCMJSONAccessMacros.h */,
				82EBE7CC19FE3115001F995B /* BCMJSONAccess.h */,
				82EBE7CD19FE3115001F995B /* BCMJSONAccess.m */,
			);
			path = BCMJSONAccess;
			sourceTree = "<group>";
		};
		82EBE7C319FE2D2D001F995B /* BCLAttempt */ = {
			isa = PBXGroup;
			children = (
				82EBE7D119FE481C001F995B /* BCLContinuation.h */,
				82EBE7D019FE474B001F995B /* BCLContinuationProtocol.h */,
				82EBE7BF19FE2C52001F995B /* BCLContinuation+ControlFlow.h */,
				82EBE7C019FE2C52001F995B /* BCLContinuation+ControlFlow.m */,
				82EBE7C619FE2E46001F995B /* BCLBlockContinuation.h */,
				82EBE7C719FE2E46001F995B /* BCLBlockContinuation.m */,
			);
			name = BCLAttempt;
			path = BCMJSONAccess;
			sourceTree = "<group>";
		};
		82EBE7CA19FE301E001F995B /* AttemptSalvage */ = {
			isa = PBXGroup;
			children = (
				82EBE7B219FCF1B6001F995B /* AttemptSalvage.h */,
			);
			name = AttemptSalvage;
			sourceTree = "<group>";
		};
		82EBE7CB19FE30CA001F995B /* BCLTypeCheckedCollectionAccessors */ = {
			isa = PBXGroup;
			children = (
				82EBE7B319FCF1B6001F995B /* BCLTypeCheckedCollectionAccessors.h */,
			);
			name = BCLTypeCheckedCollectionAccessors;
			sourceTree = "<group>";
		};
/* End PBXGroup section */

/* Begin PBXHeadersBuildPhase section */
		82EBE7B519FCF1E6001F995B /* Headers */ = {
			isa = PBXHeadersBuildPhase;
			buildActionMask = 2147483647;
			files = (
				82EBE7C819FE2E46001F995B /* BCLBlockContinuation.h in Headers */,
				82EBE7B619FCF202001F995B /* AttemptSalvage.h in Headers */,
				82EBE7CE19FE3115001F995B /* BCMJSONAccess.h in Headers */,
				82EBE7B719FCF202001F995B /* BCLTypeCheckedCollectionAccessors.h in Headers */,
				82EBE7C119FE2C52001F995B /* BCLContinuation+ControlFlow.h in Headers */,
				82EBE7B819FCF202001F995B /* BCMJSONAccessMacros.h in Headers */,
			);
			runOnlyForDeploymentPostprocessing = 0;
		};
/* End PBXHeadersBuildPhase section */

/* Begin PBXNativeTarget section */
		8282CEBD19F5987200555BB0 /* DemoApp */ = {
			isa = PBXNativeTarget;
			buildConfigurationList = 8282CEC519F5987200555BB0 /* Build configuration list for PBXNativeTarget "DemoApp" */;
			buildPhases = (
				8282CEBA19F5987200555BB0 /* Sources */,
				8282CEBB19F5987200555BB0 /* Frameworks */,
			);
			buildRules = (
			);
			dependencies = (
			);
			name = DemoApp;
			productName = TypeSafeJSON;
			productReference = 8282CEBE19F5987200555BB0 /* DemoApp */;
			productType = "com.apple.product-type.tool";
		};
		82D3B19419FBF7C5003C4EB5 /* BCMJSONAccessTests */ = {
			isa = PBXNativeTarget;
			buildConfigurationList = 82D3B19B19FBF7C5003C4EB5 /* Build configuration list for PBXNativeTarget "BCMJSONAccessTests" */;
			buildPhases = (
				82D3B19119FBF7C5003C4EB5 /* Sources */,
				82D3B19219FBF7C5003C4EB5 /* Frameworks */,
				82D3B19319FBF7C5003C4EB5 /* Resources */,
			);
			buildRules = (
			);
			dependencies = (
			);
			name = BCMJSONAccessTests;
			productName = SafeCollectionAccessTests;
			productReference = 82D3B19519FBF7C5003C4EB5 /* BCMJSONAccessTests.xctest */;
			productType = "com.apple.product-type.bundle.unit-test";
		};
		82EBE79919FCEEB0001F995B /* BCMJSONAccess */ = {
			isa = PBXNativeTarget;
			buildConfigurationList = 82EBE7AB19FCEEB1001F995B /* Build configuration list for PBXNativeTarget "BCMJSONAccess" */;
			buildPhases = (
				82EBE79619FCEEB0001F995B /* Sources */,
				82EBE79719FCEEB0001F995B /* Frameworks */,
				82EBE79819FCEEB0001F995B /* CopyFiles */,
				82EBE7B519FCF1E6001F995B /* Headers */,
			);
			buildRules = (
			);
			dependencies = (
			);
			name = BCMJSONAccess;
			productName = BCMJSONAccess;
			productReference = 82EBE79A19FCEEB0001F995B /* libBCMJSONAccess.a */;
			productType = "com.apple.product-type.library.static";
		};
/* End PBXNativeTarget section */

/* Begin PBXProject section */
		8282CEB619F5987200555BB0 /* Project object */ = {
			isa = PBXProject;
			attributes = {
				LastUpgradeCheck = 0600;
				ORGANIZATIONNAME = "Benedict Cohen";
				TargetAttributes = {
					8282CEBD19F5987200555BB0 = {
						CreatedOnToolsVersion = 6.0.1;
					};
					82D3B19419FBF7C5003C4EB5 = {
						CreatedOnToolsVersion = 6.1;
					};
					82EBE79919FCEEB0001F995B = {
						CreatedOnToolsVersion = 6.1;
					};
				};
			};
			buildConfigurationList = 8282CEB919F5987200555BB0 /* Build configuration list for PBXProject "BCMJSONAccess" */;
			compatibilityVersion = "Xcode 3.2";
			developmentRegion = English;
			hasScannedForEncodings = 0;
			knownRegions = (
				en,
			);
			mainGroup = 8282CEB519F5987200555BB0;
			productRefGroup = 8282CEBF19F5987200555BB0 /* Products */;
			projectDirPath = "";
			projectRoot = "";
			targets = (
				8282CEBD19F5987200555BB0 /* DemoApp */,
				82D3B19419FBF7C5003C4EB5 /* BCMJSONAccessTests */,
				82EBE79919FCEEB0001F995B /* BCMJSONAccess */,
			);
		};
/* End PBXProject section */

/* Begin PBXResourcesBuildPhase section */
		82D3B19319FBF7C5003C4EB5 /* Resources */ = {
			isa = PBXResourcesBuildPhase;
			buildActionMask = 2147483647;
			files = (
			);
			runOnlyForDeploymentPostprocessing = 0;
		};
/* End PBXResourcesBuildPhase section */

/* Begin PBXSourcesBuildPhase section */
		8282CEBA19F5987200555BB0 /* Sources */ = {
			isa = PBXSourcesBuildPhase;
			buildActionMask = 2147483647;
			files = (
				82D3B1A019FBF8D3003C4EB5 /* main.m in Sources */,
			);
			runOnlyForDeploymentPostprocessing = 0;
		};
		82D3B19119FBF7C5003C4EB5 /* Sources */ = {
			isa = PBXSourcesBuildPhase;
			buildActionMask = 2147483647;
			files = (
				82EBE7BA19FCF409001F995B /* AttemptSalvageTests.m in Sources */,
			);
			runOnlyForDeploymentPostprocessing = 0;
		};
		82EBE79619FCEEB0001F995B /* Sources */ = {
			isa = PBXSourcesBuildPhase;
			buildActionMask = 2147483647;
			files = (
				82EBE7C919FE2E46001F995B /* BCLBlockContinuation.m in Sources */,
				82EBE7CF19FE3115001F995B /* BCMJSONAccess.m in Sources */,
				82EBE7C219FE2C52001F995B /* BCLContinuation+ControlFlow.m in Sources */,
			);
			runOnlyForDeploymentPostprocessing = 0;
		};
/* End PBXSourcesBuildPhase section */

/* Begin XCBuildConfiguration section */
		8282CEC319F5987200555BB0 /* Debug */ = {
			isa = XCBuildConfiguration;
			buildSettings = {
				ALWAYS_SEARCH_USER_PATHS = NO;
				CLANG_CXX_LANGUAGE_STANDARD = "gnu++0x";
				CLANG_CXX_LIBRARY = "libc++";
				CLANG_ENABLE_MODULES = YES;
				CLANG_ENABLE_OBJC_ARC = YES;
				CLANG_WARN_BOOL_CONVERSION = YES;
				CLANG_WARN_CONSTANT_CONVERSION = YES;
				CLANG_WARN_DIRECT_OBJC_ISA_USAGE = YES_ERROR;
				CLANG_WARN_EMPTY_BODY = YES;
				CLANG_WARN_ENUM_CONVERSION = YES;
				CLANG_WARN_INT_CONVERSION = YES;
				CLANG_WARN_OBJC_ROOT_CLASS = YES_ERROR;
				CLANG_WARN_UNREACHABLE_CODE = YES;
				CLANG_WARN__DUPLICATE_METHOD_MATCH = YES;
				COPY_PHASE_STRIP = NO;
				ENABLE_STRICT_OBJC_MSGSEND = YES;
				GCC_C_LANGUAGE_STANDARD = gnu99;
				GCC_DYNAMIC_NO_PIC = NO;
				GCC_OPTIMIZATION_LEVEL = 0;
				GCC_PREPROCESSOR_DEFINITIONS = (
					"DEBUG=1",
					"$(inherited)",
				);
				GCC_SYMBOLS_PRIVATE_EXTERN = NO;
				GCC_WARN_64_TO_32_BIT_CONVERSION = YES;
				GCC_WARN_ABOUT_RETURN_TYPE = YES_ERROR;
				GCC_WARN_UNDECLARED_SELECTOR = YES;
				GCC_WARN_UNINITIALIZED_AUTOS = YES_AGGRESSIVE;
				GCC_WARN_UNUSED_FUNCTION = YES;
				GCC_WARN_UNUSED_VARIABLE = YES;
				MACOSX_DEPLOYMENT_TARGET = 10.10;
				MTL_ENABLE_DEBUG_INFO = YES;
				ONLY_ACTIVE_ARCH = YES;
				SDKROOT = macosx;
			};
			name = Debug;
		};
		8282CEC419F5987200555BB0 /* Release */ = {
			isa = XCBuildConfiguration;
			buildSettings = {
				ALWAYS_SEARCH_USER_PATHS = NO;
				CLANG_CXX_LANGUAGE_STANDARD = "gnu++0x";
				CLANG_CXX_LIBRARY = "libc++";
				CLANG_ENABLE_MODULES = YES;
				CLANG_ENABLE_OBJC_ARC = YES;
				CLANG_WARN_BOOL_CONVERSION = YES;
				CLANG_WARN_CONSTANT_CONVERSION = YES;
				CLANG_WARN_DIRECT_OBJC_ISA_USAGE = YES_ERROR;
				CLANG_WARN_EMPTY_BODY = YES;
				CLANG_WARN_ENUM_CONVERSION = YES;
				CLANG_WARN_INT_CONVERSION = YES;
				CLANG_WARN_OBJC_ROOT_CLASS = YES_ERROR;
				CLANG_WARN_UNREACHABLE_CODE = YES;
				CLANG_WARN__DUPLICATE_METHOD_MATCH = YES;
				COPY_PHASE_STRIP = YES;
				DEBUG_INFORMATION_FORMAT = "dwarf-with-dsym";
				ENABLE_NS_ASSERTIONS = NO;
				ENABLE_STRICT_OBJC_MSGSEND = YES;
				GCC_C_LANGUAGE_STANDARD = gnu99;
				GCC_WARN_64_TO_32_BIT_CONVERSION = YES;
				GCC_WARN_ABOUT_RETURN_TYPE = YES_ERROR;
				GCC_WARN_UNDECLARED_SELECTOR = YES;
				GCC_WARN_UNINITIALIZED_AUTOS = YES_AGGRESSIVE;
				GCC_WARN_UNUSED_FUNCTION = YES;
				GCC_WARN_UNUSED_VARIABLE = YES;
				MACOSX_DEPLOYMENT_TARGET = 10.10;
				MTL_ENABLE_DEBUG_INFO = NO;
				SDKROOT = macosx;
			};
			name = Release;
		};
		8282CEC619F5987200555BB0 /* Debug */ = {
			isa = XCBuildConfiguration;
			buildSettings = {
				PRODUCT_NAME = "$(TARGET_NAME)";
				WARNING_CFLAGS = "-Wall";
			};
			name = Debug;
		};
		8282CEC719F5987200555BB0 /* Release */ = {
			isa = XCBuildConfiguration;
			buildSettings = {
				PRODUCT_NAME = "$(TARGET_NAME)";
				WARNING_CFLAGS = "-Wall";
			};
			name = Release;
		};
		82D3B19C19FBF7C5003C4EB5 /* Debug */ = {
			isa = XCBuildConfiguration;
			buildSettings = {
				COMBINE_HIDPI_IMAGES = YES;
				FRAMEWORK_SEARCH_PATHS = (
					"$(DEVELOPER_FRAMEWORKS_DIR)",
					"$(inherited)",
				);
				GCC_PREPROCESSOR_DEFINITIONS = (
					"DEBUG=1",
					"$(inherited)",
				);
				INFOPLIST_FILE = BCMJSONAccessTests/Info.plist;
				LD_RUNPATH_SEARCH_PATHS = "$(inherited) @executable_path/../Frameworks @loader_path/../Frameworks";
				PRODUCT_NAME = BCMJSONAccessTests;
			};
			name = Debug;
		};
		82D3B19D19FBF7C5003C4EB5 /* Release */ = {
			isa = XCBuildConfiguration;
			buildSettings = {
				COMBINE_HIDPI_IMAGES = YES;
				FRAMEWORK_SEARCH_PATHS = (
					"$(DEVELOPER_FRAMEWORKS_DIR)",
					"$(inherited)",
				);
				INFOPLIST_FILE = BCMJSONAccessTests/Info.plist;
				LD_RUNPATH_SEARCH_PATHS = "$(inherited) @executable_path/../Frameworks @loader_path/../Frameworks";
				PRODUCT_NAME = BCMJSONAccessTests;
			};
			name = Release;
		};
		82EBE7AC19FCEEB1001F995B /* Debug */ = {
			isa = XCBuildConfiguration;
			buildSettings = {
				GCC_PREPROCESSOR_DEFINITIONS = (
					"DEBUG=1",
					"$(inherited)",
				);
				IPHONEOS_DEPLOYMENT_TARGET = 8.1;
				OTHER_LDFLAGS = "-ObjC";
				PRODUCT_NAME = "$(TARGET_NAME)";
				SDKROOT = iphoneos;
				SKIP_INSTALL = YES;
			};
			name = Debug;
		};
		82EBE7AD19FCEEB1001F995B /* Release */ = {
			isa = XCBuildConfiguration;
			buildSettings = {
				IPHONEOS_DEPLOYMENT_TARGET = 8.1;
				OTHER_LDFLAGS = "-ObjC";
				PRODUCT_NAME = "$(TARGET_NAME)";
				SDKROOT = iphoneos;
				SKIP_INSTALL = YES;
				VALIDATE_PRODUCT = YES;
			};
			name = Release;
		};
/* End XCBuildConfiguration section */

/* Begin XCConfigurationList section */
		8282CEB919F5987200555BB0 /* Build configuration list for PBXProject "BCMJSONAccess" */ = {
			isa = XCConfigurationList;
			buildConfigurations = (
				8282CEC319F5987200555BB0 /* Debug */,
				8282CEC419F5987200555BB0 /* Release */,
			);
			defaultConfigurationIsVisible = 0;
			defaultConfigurationName = Release;
		};
		8282CEC519F5987200555BB0 /* Build configuration list for PBXNativeTarget "DemoApp" */ = {
			isa = XCConfigurationList;
			buildConfigurations = (
				8282CEC619F5987200555BB0 /* Debug */,
				8282CEC719F5987200555BB0 /* Release */,
			);
			defaultConfigurationIsVisible = 0;
			defaultConfigurationName = Release;
		};
		82D3B19B19FBF7C5003C4EB5 /* Build configuration list for PBXNativeTarget "BCMJSONAccessTests" */ = {
			isa = XCConfigurationList;
			buildConfigurations = (
				82D3B19C19FBF7C5003C4EB5 /* Debug */,
				82D3B19D19FBF7C5003C4EB5 /* Release */,
			);
			defaultConfigurationIsVisible = 0;
			defaultConfigurationName = Release;
		};
		82EBE7AB19FCEEB1001F995B /* Build configuration list for PBXNativeTarget "BCMJSONAccess" */ = {
			isa = XCConfigurationList;
			buildConfigurations = (
				82EBE7AC19FCEEB1001F995B /* Debug */,
				82EBE7AD19FCEEB1001F995B /* Release */,
			);
			defaultConfigurationIsVisible = 0;
			defaultConfigurationName = Release;
		};
/* End XCConfigurationList section */
	};
	rootObject = 8282CEB619F5987200555BB0 /* Project object */;
}
