// !$*UTF8*$!
{
	archiveVersion = 1;
	classes = {
	};
	objectVersion = 46;
	objects = {

/* Begin PBXBuildFile section */
		821C2B0A1A05A1B700C56BC3 /* BCJDeserializationTests.m in Sources */ = {isa = PBXBuildFile; fileRef = 821C2B091A05A1B700C56BC3 /* BCJDeserializationTests.m */; };
		821C2B121A05A24800C56BC3 /* BCJMapTests.m in Sources */ = {isa = PBXBuildFile; fileRef = 821C2B111A05A24800C56BC3 /* BCJMapTests.m */; };
		821C2B141A05A25800C56BC3 /* BCJValidationTests.m in Sources */ = {isa = PBXBuildFile; fileRef = 821C2B131A05A25800C56BC3 /* BCJValidationTests.m */; };
		821C2B1B1A05A38900C56BC3 /* BCLContinuationsTests.m in Sources */ = {isa = PBXBuildFile; fileRef = 821C2B1A1A05A38900C56BC3 /* BCLContinuationsTests.m */; };
		821C2B1D1A05A3A000C56BC3 /* BCLBlockContinuationTests.m in Sources */ = {isa = PBXBuildFile; fileRef = 821C2B1C1A05A3A000C56BC3 /* BCLBlockContinuationTests.m */; };
		821C2B1F1A05A3D500C56BC3 /* BCLControlFlowContinuationsTests.m in Sources */ = {isa = PBXBuildFile; fileRef = 821C2B1E1A05A3D500C56BC3 /* BCLControlFlowContinuationsTests.m */; };
		823451D51A1208B200E19D74 /* BCJGettersAndSettersTests.m in Sources */ = {isa = PBXBuildFile; fileRef = 823451D41A1208B200E19D74 /* BCJGettersAndSettersTests.m */; };
		823452021A12658000E19D74 /* libBCJJSONContinuationsOSX.dylib in Frameworks */ = {isa = PBXBuildFile; fileRef = 828555C31A0E147D00FCBF61 /* libBCJJSONContinuationsOSX.dylib */; };
		823C69061A1E9A23006C1A90 /* BCJAdditionalTypes.h in Headers */ = {isa = PBXBuildFile; fileRef = 823C68D31A1E9A23006C1A90 /* BCJAdditionalTypes.h */; };
		823C69071A1E9A23006C1A90 /* BCJAdditionalTypes.h in Headers */ = {isa = PBXBuildFile; fileRef = 823C68D31A1E9A23006C1A90 /* BCJAdditionalTypes.h */; };
		823C69081A1E9A23006C1A90 /* BCJAdditionalTypes.m in Sources */ = {isa = PBXBuildFile; fileRef = 823C68D41A1E9A23006C1A90 /* BCJAdditionalTypes.m */; };
		823C69091A1E9A23006C1A90 /* BCJAdditionalTypes.m in Sources */ = {isa = PBXBuildFile; fileRef = 823C68D41A1E9A23006C1A90 /* BCJAdditionalTypes.m */; };
		823C690A1A1E9A23006C1A90 /* BCJAdditionalTypes.m in Sources */ = {isa = PBXBuildFile; fileRef = 823C68D41A1E9A23006C1A90 /* BCJAdditionalTypes.m */; };
		823C690B1A1E9A23006C1A90 /* BCJConstants.h in Headers */ = {isa = PBXBuildFile; fileRef = 823C68D51A1E9A23006C1A90 /* BCJConstants.h */; };
		823C690C1A1E9A23006C1A90 /* BCJConstants.h in Headers */ = {isa = PBXBuildFile; fileRef = 823C68D51A1E9A23006C1A90 /* BCJConstants.h */; };
		823C690D1A1E9A23006C1A90 /* BCJConstants.m in Sources */ = {isa = PBXBuildFile; fileRef = 823C68D61A1E9A23006C1A90 /* BCJConstants.m */; };
		823C690E1A1E9A23006C1A90 /* BCJConstants.m in Sources */ = {isa = PBXBuildFile; fileRef = 823C68D61A1E9A23006C1A90 /* BCJConstants.m */; };
		823C690F1A1E9A23006C1A90 /* BCJConstants.m in Sources */ = {isa = PBXBuildFile; fileRef = 823C68D61A1E9A23006C1A90 /* BCJConstants.m */; };
		823C69101A1E9A23006C1A90 /* BCJContainer.h in Headers */ = {isa = PBXBuildFile; fileRef = 823C68D71A1E9A23006C1A90 /* BCJContainer.h */; };
		823C69111A1E9A23006C1A90 /* BCJContainer.h in Headers */ = {isa = PBXBuildFile; fileRef = 823C68D71A1E9A23006C1A90 /* BCJContainer.h */; };
		823C69121A1E9A23006C1A90 /* BCJContainer.m in Sources */ = {isa = PBXBuildFile; fileRef = 823C68D81A1E9A23006C1A90 /* BCJContainer.m */; };
		823C69131A1E9A23006C1A90 /* BCJContainer.m in Sources */ = {isa = PBXBuildFile; fileRef = 823C68D81A1E9A23006C1A90 /* BCJContainer.m */; };
		823C69141A1E9A23006C1A90 /* BCJContainer.m in Sources */ = {isa = PBXBuildFile; fileRef = 823C68D81A1E9A23006C1A90 /* BCJContainer.m */; };
		823C69151A1E9A23006C1A90 /* BCJDefines.h in Headers */ = {isa = PBXBuildFile; fileRef = 823C68D91A1E9A23006C1A90 /* BCJDefines.h */; };
		823C69161A1E9A23006C1A90 /* BCJDefines.h in Headers */ = {isa = PBXBuildFile; fileRef = 823C68D91A1E9A23006C1A90 /* BCJDefines.h */; };
		823C69171A1E9A23006C1A90 /* BCJDeserialization.h in Headers */ = {isa = PBXBuildFile; fileRef = 823C68DA1A1E9A23006C1A90 /* BCJDeserialization.h */; };
		823C69181A1E9A23006C1A90 /* BCJDeserialization.h in Headers */ = {isa = PBXBuildFile; fileRef = 823C68DA1A1E9A23006C1A90 /* BCJDeserialization.h */; };
		823C69191A1E9A23006C1A90 /* BCJDeserialization.m in Sources */ = {isa = PBXBuildFile; fileRef = 823C68DB1A1E9A23006C1A90 /* BCJDeserialization.m */; };
		823C691A1A1E9A23006C1A90 /* BCJDeserialization.m in Sources */ = {isa = PBXBuildFile; fileRef = 823C68DB1A1E9A23006C1A90 /* BCJDeserialization.m */; };
		823C691B1A1E9A23006C1A90 /* BCJDeserialization.m in Sources */ = {isa = PBXBuildFile; fileRef = 823C68DB1A1E9A23006C1A90 /* BCJDeserialization.m */; };
		823C691C1A1E9A23006C1A90 /* BCJEnumerateJSONPathComponents.h in Headers */ = {isa = PBXBuildFile; fileRef = 823C68DC1A1E9A23006C1A90 /* BCJEnumerateJSONPathComponents.h */; };
		823C691D1A1E9A23006C1A90 /* BCJEnumerateJSONPathComponents.h in Headers */ = {isa = PBXBuildFile; fileRef = 823C68DC1A1E9A23006C1A90 /* BCJEnumerateJSONPathComponents.h */; };
		823C691E1A1E9A23006C1A90 /* BCJEnumerateJSONPathComponents.m in Sources */ = {isa = PBXBuildFile; fileRef = 823C68DD1A1E9A23006C1A90 /* BCJEnumerateJSONPathComponents.m */; };
		823C691F1A1E9A23006C1A90 /* BCJEnumerateJSONPathComponents.m in Sources */ = {isa = PBXBuildFile; fileRef = 823C68DD1A1E9A23006C1A90 /* BCJEnumerateJSONPathComponents.m */; };
		823C69201A1E9A23006C1A90 /* BCJEnumerateJSONPathComponents.m in Sources */ = {isa = PBXBuildFile; fileRef = 823C68DD1A1E9A23006C1A90 /* BCJEnumerateJSONPathComponents.m */; };
		823C69211A1E9A23006C1A90 /* BCJError.h in Headers */ = {isa = PBXBuildFile; fileRef = 823C68DE1A1E9A23006C1A90 /* BCJError.h */; };
		823C69221A1E9A23006C1A90 /* BCJError.h in Headers */ = {isa = PBXBuildFile; fileRef = 823C68DE1A1E9A23006C1A90 /* BCJError.h */; };
		823C69231A1E9A23006C1A90 /* BCJError.m in Sources */ = {isa = PBXBuildFile; fileRef = 823C68DF1A1E9A23006C1A90 /* BCJError.m */; };
		823C69241A1E9A23006C1A90 /* BCJError.m in Sources */ = {isa = PBXBuildFile; fileRef = 823C68DF1A1E9A23006C1A90 /* BCJError.m */; };
		823C69251A1E9A23006C1A90 /* BCJError.m in Sources */ = {isa = PBXBuildFile; fileRef = 823C68DF1A1E9A23006C1A90 /* BCJError.m */; };
		823C69261A1E9A23006C1A90 /* BCJGettersAndSetters.h in Headers */ = {isa = PBXBuildFile; fileRef = 823C68E01A1E9A23006C1A90 /* BCJGettersAndSetters.h */; };
		823C69271A1E9A23006C1A90 /* BCJGettersAndSetters.h in Headers */ = {isa = PBXBuildFile; fileRef = 823C68E01A1E9A23006C1A90 /* BCJGettersAndSetters.h */; };
		823C69281A1E9A23006C1A90 /* BCJGettersAndSetters.m in Sources */ = {isa = PBXBuildFile; fileRef = 823C68E11A1E9A23006C1A90 /* BCJGettersAndSetters.m */; };
		823C69291A1E9A23006C1A90 /* BCJGettersAndSetters.m in Sources */ = {isa = PBXBuildFile; fileRef = 823C68E11A1E9A23006C1A90 /* BCJGettersAndSetters.m */; };
		823C692A1A1E9A23006C1A90 /* BCJGettersAndSetters.m in Sources */ = {isa = PBXBuildFile; fileRef = 823C68E11A1E9A23006C1A90 /* BCJGettersAndSetters.m */; };
		823C69301A1E9A23006C1A90 /* BCJJSONContinuations.h in Headers */ = {isa = PBXBuildFile; fileRef = 823C68E41A1E9A23006C1A90 /* BCJJSONContinuations.h */; };
		823C69311A1E9A23006C1A90 /* BCJJSONContinuations.h in Headers */ = {isa = PBXBuildFile; fileRef = 823C68E41A1E9A23006C1A90 /* BCJJSONContinuations.h */; };
		823C69321A1E9A23006C1A90 /* BCJJSONSource+DeferredClassCheck.h in Headers */ = {isa = PBXBuildFile; fileRef = 823C68E51A1E9A23006C1A90 /* BCJJSONSource+DeferredClassCheck.h */; };
		823C69331A1E9A23006C1A90 /* BCJJSONSource+DeferredClassCheck.h in Headers */ = {isa = PBXBuildFile; fileRef = 823C68E51A1E9A23006C1A90 /* BCJJSONSource+DeferredClassCheck.h */; };
		823C69341A1E9A23006C1A90 /* BCJJSONSource+DeferredClassCheck.m in Sources */ = {isa = PBXBuildFile; fileRef = 823C68E61A1E9A23006C1A90 /* BCJJSONSource+DeferredClassCheck.m */; };
		823C69351A1E9A23006C1A90 /* BCJJSONSource+DeferredClassCheck.m in Sources */ = {isa = PBXBuildFile; fileRef = 823C68E61A1E9A23006C1A90 /* BCJJSONSource+DeferredClassCheck.m */; };
		823C69361A1E9A23006C1A90 /* BCJJSONSource+DeferredClassCheck.m in Sources */ = {isa = PBXBuildFile; fileRef = 823C68E61A1E9A23006C1A90 /* BCJJSONSource+DeferredClassCheck.m */; };
		823C69371A1E9A23006C1A90 /* BCJJSONSource+OptionsAdditons.h in Headers */ = {isa = PBXBuildFile; fileRef = 823C68E71A1E9A23006C1A90 /* BCJJSONSource+OptionsAdditons.h */; };
		823C69381A1E9A23006C1A90 /* BCJJSONSource+OptionsAdditons.h in Headers */ = {isa = PBXBuildFile; fileRef = 823C68E71A1E9A23006C1A90 /* BCJJSONSource+OptionsAdditons.h */; };
		823C69391A1E9A23006C1A90 /* BCJJSONSource.h in Headers */ = {isa = PBXBuildFile; fileRef = 823C68E81A1E9A23006C1A90 /* BCJJSONSource.h */; };
		823C693A1A1E9A23006C1A90 /* BCJJSONSource.h in Headers */ = {isa = PBXBuildFile; fileRef = 823C68E81A1E9A23006C1A90 /* BCJJSONSource.h */; };
		823C693B1A1E9A23006C1A90 /* BCJJSONSource.m in Sources */ = {isa = PBXBuildFile; fileRef = 823C68E91A1E9A23006C1A90 /* BCJJSONSource.m */; };
		823C693C1A1E9A23006C1A90 /* BCJJSONSource.m in Sources */ = {isa = PBXBuildFile; fileRef = 823C68E91A1E9A23006C1A90 /* BCJJSONSource.m */; };
		823C693D1A1E9A23006C1A90 /* BCJJSONSource.m in Sources */ = {isa = PBXBuildFile; fileRef = 823C68E91A1E9A23006C1A90 /* BCJJSONSource.m */; };
		823C693E1A1E9A23006C1A90 /* BCJLogging.h in Headers */ = {isa = PBXBuildFile; fileRef = 823C68EA1A1E9A23006C1A90 /* BCJLogging.h */; };
		823C693F1A1E9A23006C1A90 /* BCJLogging.h in Headers */ = {isa = PBXBuildFile; fileRef = 823C68EA1A1E9A23006C1A90 /* BCJLogging.h */; };
		823C69401A1E9A23006C1A90 /* BCJLogging.m in Sources */ = {isa = PBXBuildFile; fileRef = 823C68EB1A1E9A23006C1A90 /* BCJLogging.m */; };
		823C69411A1E9A23006C1A90 /* BCJLogging.m in Sources */ = {isa = PBXBuildFile; fileRef = 823C68EB1A1E9A23006C1A90 /* BCJLogging.m */; };
		823C69421A1E9A23006C1A90 /* BCJLogging.m in Sources */ = {isa = PBXBuildFile; fileRef = 823C68EB1A1E9A23006C1A90 /* BCJLogging.m */; };
		823C69431A1E9A23006C1A90 /* BCJMap.h in Headers */ = {isa = PBXBuildFile; fileRef = 823C68EC1A1E9A23006C1A90 /* BCJMap.h */; };
		823C69441A1E9A23006C1A90 /* BCJMap.h in Headers */ = {isa = PBXBuildFile; fileRef = 823C68EC1A1E9A23006C1A90 /* BCJMap.h */; };
		823C69451A1E9A23006C1A90 /* BCJMap.m in Sources */ = {isa = PBXBuildFile; fileRef = 823C68ED1A1E9A23006C1A90 /* BCJMap.m */; };
		823C69461A1E9A23006C1A90 /* BCJMap.m in Sources */ = {isa = PBXBuildFile; fileRef = 823C68ED1A1E9A23006C1A90 /* BCJMap.m */; };
		823C69471A1E9A23006C1A90 /* BCJMap.m in Sources */ = {isa = PBXBuildFile; fileRef = 823C68ED1A1E9A23006C1A90 /* BCJMap.m */; };
		823C69481A1E9A23006C1A90 /* BCJMapOptions.h in Headers */ = {isa = PBXBuildFile; fileRef = 823C68EE1A1E9A23006C1A90 /* BCJMapOptions.h */; };
		823C69491A1E9A23006C1A90 /* BCJMapOptions.h in Headers */ = {isa = PBXBuildFile; fileRef = 823C68EE1A1E9A23006C1A90 /* BCJMapOptions.h */; };
		823C694F1A1E9A23006C1A90 /* BCJPropertyTarget.h in Headers */ = {isa = PBXBuildFile; fileRef = 823C68F11A1E9A23006C1A90 /* BCJPropertyTarget.h */; };
		823C69501A1E9A23006C1A90 /* BCJPropertyTarget.h in Headers */ = {isa = PBXBuildFile; fileRef = 823C68F11A1E9A23006C1A90 /* BCJPropertyTarget.h */; };
		823C69511A1E9A23006C1A90 /* BCJPropertyTarget.m in Sources */ = {isa = PBXBuildFile; fileRef = 823C68F21A1E9A23006C1A90 /* BCJPropertyTarget.m */; };
		823C69521A1E9A23006C1A90 /* BCJPropertyTarget.m in Sources */ = {isa = PBXBuildFile; fileRef = 823C68F21A1E9A23006C1A90 /* BCJPropertyTarget.m */; };
		823C69531A1E9A23006C1A90 /* BCJPropertyTarget.m in Sources */ = {isa = PBXBuildFile; fileRef = 823C68F21A1E9A23006C1A90 /* BCJPropertyTarget.m */; };
		823C69541A1E9A23006C1A90 /* BCJJSONSourceConstants.h in Headers */ = {isa = PBXBuildFile; fileRef = 823C68F31A1E9A23006C1A90 /* BCJJSONSourceConstants.h */; };
		823C69551A1E9A23006C1A90 /* BCJJSONSourceConstants.h in Headers */ = {isa = PBXBuildFile; fileRef = 823C68F31A1E9A23006C1A90 /* BCJJSONSourceConstants.h */; };
		823C69581A1E9A23006C1A90 /* BCJStandardTypes.h in Headers */ = {isa = PBXBuildFile; fileRef = 823C68F51A1E9A23006C1A90 /* BCJStandardTypes.h */; };
		823C69591A1E9A23006C1A90 /* BCJStandardTypes.h in Headers */ = {isa = PBXBuildFile; fileRef = 823C68F51A1E9A23006C1A90 /* BCJStandardTypes.h */; };
		823C695A1A1E9A23006C1A90 /* BCJStandardTypes.m in Sources */ = {isa = PBXBuildFile; fileRef = 823C68F61A1E9A23006C1A90 /* BCJStandardTypes.m */; };
		823C695B1A1E9A23006C1A90 /* BCJStandardTypes.m in Sources */ = {isa = PBXBuildFile; fileRef = 823C68F61A1E9A23006C1A90 /* BCJStandardTypes.m */; };
		823C695C1A1E9A23006C1A90 /* BCJStandardTypes.m in Sources */ = {isa = PBXBuildFile; fileRef = 823C68F61A1E9A23006C1A90 /* BCJStandardTypes.m */; };
		823C695D1A1E9A23006C1A90 /* BCJValidation.h in Headers */ = {isa = PBXBuildFile; fileRef = 823C68F71A1E9A23006C1A90 /* BCJValidation.h */; };
		823C695E1A1E9A23006C1A90 /* BCJValidation.h in Headers */ = {isa = PBXBuildFile; fileRef = 823C68F71A1E9A23006C1A90 /* BCJValidation.h */; };
		823C695F1A1E9A23006C1A90 /* BCJValidation.m in Sources */ = {isa = PBXBuildFile; fileRef = 823C68F81A1E9A23006C1A90 /* BCJValidation.m */; };
		823C69601A1E9A23006C1A90 /* BCJValidation.m in Sources */ = {isa = PBXBuildFile; fileRef = 823C68F81A1E9A23006C1A90 /* BCJValidation.m */; };
		823C69611A1E9A23006C1A90 /* BCJValidation.m in Sources */ = {isa = PBXBuildFile; fileRef = 823C68F81A1E9A23006C1A90 /* BCJValidation.m */; };
		823C69621A1E9A23006C1A90 /* BCJMapperClass.h in Headers */ = {isa = PBXBuildFile; fileRef = 823C68FA1A1E9A23006C1A90 /* BCJMapperClass.h */; };
		823C69631A1E9A23006C1A90 /* BCJMapperClass.h in Headers */ = {isa = PBXBuildFile; fileRef = 823C68FA1A1E9A23006C1A90 /* BCJMapperClass.h */; };
		823C69641A1E9A23006C1A90 /* BCJMapperClass.m in Sources */ = {isa = PBXBuildFile; fileRef = 823C68FB1A1E9A23006C1A90 /* BCJMapperClass.m */; };
		823C69651A1E9A23006C1A90 /* BCJMapperClass.m in Sources */ = {isa = PBXBuildFile; fileRef = 823C68FB1A1E9A23006C1A90 /* BCJMapperClass.m */; };
		823C69661A1E9A23006C1A90 /* BCJMapperClass.m in Sources */ = {isa = PBXBuildFile; fileRef = 823C68FB1A1E9A23006C1A90 /* BCJMapperClass.m */; };
		823C69671A1E9A23006C1A90 /* BCLBlockContinuation.h in Headers */ = {isa = PBXBuildFile; fileRef = 823C68FD1A1E9A23006C1A90 /* BCLBlockContinuation.h */; };
		823C69681A1E9A23006C1A90 /* BCLBlockContinuation.h in Headers */ = {isa = PBXBuildFile; fileRef = 823C68FD1A1E9A23006C1A90 /* BCLBlockContinuation.h */; };
		823C69691A1E9A23006C1A90 /* BCLBlockContinuation.m in Sources */ = {isa = PBXBuildFile; fileRef = 823C68FE1A1E9A23006C1A90 /* BCLBlockContinuation.m */; };
		823C696A1A1E9A23006C1A90 /* BCLBlockContinuation.m in Sources */ = {isa = PBXBuildFile; fileRef = 823C68FE1A1E9A23006C1A90 /* BCLBlockContinuation.m */; };
		823C696B1A1E9A23006C1A90 /* BCLBlockContinuation.m in Sources */ = {isa = PBXBuildFile; fileRef = 823C68FE1A1E9A23006C1A90 /* BCLBlockContinuation.m */; };
		823C696C1A1E9A23006C1A90 /* BCLContinuationProtocol.h in Headers */ = {isa = PBXBuildFile; fileRef = 823C68FF1A1E9A23006C1A90 /* BCLContinuationProtocol.h */; };
		823C696D1A1E9A23006C1A90 /* BCLContinuationProtocol.h in Headers */ = {isa = PBXBuildFile; fileRef = 823C68FF1A1E9A23006C1A90 /* BCLContinuationProtocol.h */; };
		823C696E1A1E9A23006C1A90 /* BCLContinuations.h in Headers */ = {isa = PBXBuildFile; fileRef = 823C69001A1E9A23006C1A90 /* BCLContinuations.h */; };
		823C696F1A1E9A23006C1A90 /* BCLContinuations.h in Headers */ = {isa = PBXBuildFile; fileRef = 823C69001A1E9A23006C1A90 /* BCLContinuations.h */; };
		823C69701A1E9A23006C1A90 /* BCLContinuationsClass+AdditionalControlFlow.h in Headers */ = {isa = PBXBuildFile; fileRef = 823C69011A1E9A23006C1A90 /* BCLContinuationsClass+AdditionalControlFlow.h */; };
		823C69711A1E9A23006C1A90 /* BCLContinuationsClass+AdditionalControlFlow.h in Headers */ = {isa = PBXBuildFile; fileRef = 823C69011A1E9A23006C1A90 /* BCLContinuationsClass+AdditionalControlFlow.h */; };
		823C69721A1E9A23006C1A90 /* BCLContinuationsClass.h in Headers */ = {isa = PBXBuildFile; fileRef = 823C69021A1E9A23006C1A90 /* BCLContinuationsClass.h */; };
		823C69731A1E9A23006C1A90 /* BCLContinuationsClass.h in Headers */ = {isa = PBXBuildFile; fileRef = 823C69021A1E9A23006C1A90 /* BCLContinuationsClass.h */; };
		823C69741A1E9A23006C1A90 /* BCLContinuationsClass.m in Sources */ = {isa = PBXBuildFile; fileRef = 823C69031A1E9A23006C1A90 /* BCLContinuationsClass.m */; };
		823C69751A1E9A23006C1A90 /* BCLContinuationsClass.m in Sources */ = {isa = PBXBuildFile; fileRef = 823C69031A1E9A23006C1A90 /* BCLContinuationsClass.m */; };
		823C69761A1E9A23006C1A90 /* BCLContinuationsClass.m in Sources */ = {isa = PBXBuildFile; fileRef = 823C69031A1E9A23006C1A90 /* BCLContinuationsClass.m */; };
		823C69771A1E9A23006C1A90 /* BCLControlFlowContinuations.h in Headers */ = {isa = PBXBuildFile; fileRef = 823C69041A1E9A23006C1A90 /* BCLControlFlowContinuations.h */; };
		823C69781A1E9A23006C1A90 /* BCLControlFlowContinuations.h in Headers */ = {isa = PBXBuildFile; fileRef = 823C69041A1E9A23006C1A90 /* BCLControlFlowContinuations.h */; };
		823C69791A1E9A23006C1A90 /* BCLControlFlowContinuations.m in Sources */ = {isa = PBXBuildFile; fileRef = 823C69051A1E9A23006C1A90 /* BCLControlFlowContinuations.m */; };
		823C697A1A1E9A23006C1A90 /* BCLControlFlowContinuations.m in Sources */ = {isa = PBXBuildFile; fileRef = 823C69051A1E9A23006C1A90 /* BCLControlFlowContinuations.m */; };
		823C697B1A1E9A23006C1A90 /* BCLControlFlowContinuations.m in Sources */ = {isa = PBXBuildFile; fileRef = 823C69051A1E9A23006C1A90 /* BCLControlFlowContinuations.m */; };
		823C69911A1F6F36006C1A90 /* BCJMappingContinuations.m in Sources */ = {isa = PBXBuildFile; fileRef = 823C69851A1F583E006C1A90 /* BCJMappingContinuations.m */; };
		823C69921A1F6F36006C1A90 /* BCJStackJSONSource.m in Sources */ = {isa = PBXBuildFile; fileRef = 823C69891A1F61F4006C1A90 /* BCJStackJSONSource.m */; };
		823C69931A1F6F36006C1A90 /* BCJStackPropertyTarget.m in Sources */ = {isa = PBXBuildFile; fileRef = 823C698F1A1F6C12006C1A90 /* BCJStackPropertyTarget.m */; };
		823C69941A1F6F37006C1A90 /* BCJMappingContinuations.m in Sources */ = {isa = PBXBuildFile; fileRef = 823C69851A1F583E006C1A90 /* BCJMappingContinuations.m */; };
		823C69951A1F6F37006C1A90 /* BCJStackJSONSource.m in Sources */ = {isa = PBXBuildFile; fileRef = 823C69891A1F61F4006C1A90 /* BCJStackJSONSource.m */; };
		823C69961A1F6F37006C1A90 /* BCJStackPropertyTarget.m in Sources */ = {isa = PBXBuildFile; fileRef = 823C698F1A1F6C12006C1A90 /* BCJStackPropertyTarget.m */; };
		823C69971A1F6F38006C1A90 /* BCJMappingContinuations.m in Sources */ = {isa = PBXBuildFile; fileRef = 823C69851A1F583E006C1A90 /* BCJMappingContinuations.m */; };
		823C69981A1F6F38006C1A90 /* BCJStackJSONSource.m in Sources */ = {isa = PBXBuildFile; fileRef = 823C69891A1F61F4006C1A90 /* BCJStackJSONSource.m */; };
		823C69991A1F6F38006C1A90 /* BCJStackPropertyTarget.m in Sources */ = {isa = PBXBuildFile; fileRef = 823C698F1A1F6C12006C1A90 /* BCJStackPropertyTarget.m */; };
		823C69B71A1FE217006C1A90 /* BCJContainerProtocol.h in Headers */ = {isa = PBXBuildFile; fileRef = 823C69B61A1FE217006C1A90 /* BCJContainerProtocol.h */; };
		823C69BA1A1FE237006C1A90 /* BCJContainerJSONSource.h in Headers */ = {isa = PBXBuildFile; fileRef = 823C69B81A1FE237006C1A90 /* BCJContainerJSONSource.h */; };
		823C69BB1A1FE237006C1A90 /* BCJContainerJSONSource.m in Sources */ = {isa = PBXBuildFile; fileRef = 823C69B91A1FE237006C1A90 /* BCJContainerJSONSource.m */; };
		823C69BC1A1FE304006C1A90 /* BCJContainerJSONSource.m in Sources */ = {isa = PBXBuildFile; fileRef = 823C69B91A1FE237006C1A90 /* BCJContainerJSONSource.m */; };
		823C69BD1A1FE305006C1A90 /* BCJContainerJSONSource.m in Sources */ = {isa = PBXBuildFile; fileRef = 823C69B91A1FE237006C1A90 /* BCJContainerJSONSource.m */; };
		823C69C01A1FE6B9006C1A90 /* BCJPropertyTarget+ExpectedType.h in Headers */ = {isa = PBXBuildFile; fileRef = 823C69BE1A1FE6B9006C1A90 /* BCJPropertyTarget+ExpectedType.h */; };
		823C69C11A1FE6B9006C1A90 /* BCJPropertyTarget+ExpectedType.h in Headers */ = {isa = PBXBuildFile; fileRef = 823C69BE1A1FE6B9006C1A90 /* BCJPropertyTarget+ExpectedType.h */; };
		823C69C21A1FE6B9006C1A90 /* BCJPropertyTarget+ExpectedType.m in Sources */ = {isa = PBXBuildFile; fileRef = 823C69BF1A1FE6B9006C1A90 /* BCJPropertyTarget+ExpectedType.m */; };
		823C69C31A1FE6B9006C1A90 /* BCJPropertyTarget+ExpectedType.m in Sources */ = {isa = PBXBuildFile; fileRef = 823C69BF1A1FE6B9006C1A90 /* BCJPropertyTarget+ExpectedType.m */; };
		823C69C41A1FE6B9006C1A90 /* BCJPropertyTarget+ExpectedType.m in Sources */ = {isa = PBXBuildFile; fileRef = 823C69BF1A1FE6B9006C1A90 /* BCJPropertyTarget+ExpectedType.m */; };
		828555931A0D868500FCBF61 /* BCJAdditionalTypesTests.m in Sources */ = {isa = PBXBuildFile; fileRef = 828555921A0D868500FCBF61 /* BCJAdditionalTypesTests.m */; };
		828555951A0D877A00FCBF61 /* BCJJSONSourceTests.m in Sources */ = {isa = PBXBuildFile; fileRef = 828555941A0D877A00FCBF61 /* BCJJSONSourceTests.m */; };
		828555971A0D878D00FCBF61 /* BCJJSONTargetTests.m in Sources */ = {isa = PBXBuildFile; fileRef = 828555961A0D878D00FCBF61 /* BCJJSONTargetTests.m */; };
		828555991A0D87CB00FCBF61 /* BCJStandardTypesTests.m in Sources */ = {isa = PBXBuildFile; fileRef = 828555981A0D87CB00FCBF61 /* BCJStandardTypesTests.m */; };
		828556061A0E17E200FCBF61 /* libBCJJSONContinuationsOSX.dylib in Frameworks */ = {isa = PBXBuildFile; fileRef = 828555C31A0E147D00FCBF61 /* libBCJJSONContinuationsOSX.dylib */; };
		82D3B1A019FBF8D3003C4EB5 /* main.m in Sources */ = {isa = PBXBuildFile; fileRef = 82D3B19F19FBF8D3003C4EB5 /* main.m */; };
		82D85A691A0A2249001B3C32 /* BCJEnumerateJSONPathComponentsTests.m in Sources */ = {isa = PBXBuildFile; fileRef = 82D85A681A0A2249001B3C32 /* BCJEnumerateJSONPathComponentsTests.m */; };
		82F3E5F61A191B5C007C367E /* LICENSE in Resources */ = {isa = PBXBuildFile; fileRef = 82F3E5F51A191B4C007C367E /* LICENSE */; };
/* End PBXBuildFile section */

/* Begin PBXContainerItemProxy section */
		828556071A0E17F400FCBF61 /* PBXContainerItemProxy */ = {
			isa = PBXContainerItemProxy;
			containerPortal = 8282CEB619F5987200555BB0 /* Project object */;
			proxyType = 1;
			remoteGlobalIDString = 828555C21A0E147D00FCBF61;
			remoteInfo = BCJJSONContinuationsOSX;
		};
/* End PBXContainerItemProxy section */

/* Begin PBXCopyFilesBuildPhase section */
		82EBE79819FCEEB0001F995B /* CopyFiles */ = {
			isa = PBXCopyFilesBuildPhase;
			buildActionMask = 2147483647;
			dstPath = "include/$(PRODUCT_NAME)";
			dstSubfolderSpec = 16;
			files = (
			);
			runOnlyForDeploymentPostprocessing = 0;
		};
/* End PBXCopyFilesBuildPhase section */

/* Begin PBXFileReference section */
		821C2B091A05A1B700C56BC3 /* BCJDeserializationTests.m */ = {isa = PBXFileReference; fileEncoding = 4; lastKnownFileType = sourcecode.c.objc; path = BCJDeserializationTests.m; sourceTree = "<group>"; };
		821C2B111A05A24800C56BC3 /* BCJMapTests.m */ = {isa = PBXFileReference; fileEncoding = 4; lastKnownFileType = sourcecode.c.objc; path = BCJMapTests.m; sourceTree = "<group>"; };
		821C2B131A05A25800C56BC3 /* BCJValidationTests.m */ = {isa = PBXFileReference; fileEncoding = 4; lastKnownFileType = sourcecode.c.objc; path = BCJValidationTests.m; sourceTree = "<group>"; };
		821C2B171A05A29100C56BC3 /* Info.plist */ = {isa = PBXFileReference; fileEncoding = 4; lastKnownFileType = text.plist.xml; path = Info.plist; sourceTree = "<group>"; };
		821C2B1A1A05A38900C56BC3 /* BCLContinuationsTests.m */ = {isa = PBXFileReference; fileEncoding = 4; lastKnownFileType = sourcecode.c.objc; path = BCLContinuationsTests.m; sourceTree = "<group>"; };
		821C2B1C1A05A3A000C56BC3 /* BCLBlockContinuationTests.m */ = {isa = PBXFileReference; fileEncoding = 4; lastKnownFileType = sourcecode.c.objc; path = BCLBlockContinuationTests.m; sourceTree = "<group>"; };
		821C2B1E1A05A3D500C56BC3 /* BCLControlFlowContinuationsTests.m */ = {isa = PBXFileReference; fileEncoding = 4; lastKnownFileType = sourcecode.c.objc; path = BCLControlFlowContinuationsTests.m; sourceTree = "<group>"; };
		821C2B201A05A4AA00C56BC3 /* readme.md */ = {isa = PBXFileReference; fileEncoding = 4; lastKnownFileType = net.daringfireball.markdown; path = readme.md; sourceTree = "<group>"; };
		823451D41A1208B200E19D74 /* BCJGettersAndSettersTests.m */ = {isa = PBXFileReference; fileEncoding = 4; lastKnownFileType = sourcecode.c.objc; path = BCJGettersAndSettersTests.m; sourceTree = "<group>"; };
		823C68D31A1E9A23006C1A90 /* BCJAdditionalTypes.h */ = {isa = PBXFileReference; fileEncoding = 4; lastKnownFileType = sourcecode.c.h; path = BCJAdditionalTypes.h; sourceTree = "<group>"; };
		823C68D41A1E9A23006C1A90 /* BCJAdditionalTypes.m */ = {isa = PBXFileReference; fileEncoding = 4; lastKnownFileType = sourcecode.c.objc; path = BCJAdditionalTypes.m; sourceTree = "<group>"; };
		823C68D51A1E9A23006C1A90 /* BCJConstants.h */ = {isa = PBXFileReference; fileEncoding = 4; lastKnownFileType = sourcecode.c.h; path = BCJConstants.h; sourceTree = "<group>"; };
		823C68D61A1E9A23006C1A90 /* BCJConstants.m */ = {isa = PBXFileReference; fileEncoding = 4; lastKnownFileType = sourcecode.c.objc; path = BCJConstants.m; sourceTree = "<group>"; };
		823C68D71A1E9A23006C1A90 /* BCJContainer.h */ = {isa = PBXFileReference; fileEncoding = 4; lastKnownFileType = sourcecode.c.h; path = BCJContainer.h; sourceTree = "<group>"; };
		823C68D81A1E9A23006C1A90 /* BCJContainer.m */ = {isa = PBXFileReference; fileEncoding = 4; lastKnownFileType = sourcecode.c.objc; path = BCJContainer.m; sourceTree = "<group>"; };
		823C68D91A1E9A23006C1A90 /* BCJDefines.h */ = {isa = PBXFileReference; fileEncoding = 4; lastKnownFileType = sourcecode.c.h; path = BCJDefines.h; sourceTree = "<group>"; };
		823C68DA1A1E9A23006C1A90 /* BCJDeserialization.h */ = {isa = PBXFileReference; fileEncoding = 4; lastKnownFileType = sourcecode.c.h; path = BCJDeserialization.h; sourceTree = "<group>"; };
		823C68DB1A1E9A23006C1A90 /* BCJDeserialization.m */ = {isa = PBXFileReference; fileEncoding = 4; lastKnownFileType = sourcecode.c.objc; path = BCJDeserialization.m; sourceTree = "<group>"; };
		823C68DC1A1E9A23006C1A90 /* BCJEnumerateJSONPathComponents.h */ = {isa = PBXFileReference; fileEncoding = 4; lastKnownFileType = sourcecode.c.h; path = BCJEnumerateJSONPathComponents.h; sourceTree = "<group>"; };
		823C68DD1A1E9A23006C1A90 /* BCJEnumerateJSONPathComponents.m */ = {isa = PBXFileReference; fileEncoding = 4; lastKnownFileType = sourcecode.c.objc; path = BCJEnumerateJSONPathComponents.m; sourceTree = "<group>"; };
		823C68DE1A1E9A23006C1A90 /* BCJError.h */ = {isa = PBXFileReference; fileEncoding = 4; lastKnownFileType = sourcecode.c.h; path = BCJError.h; sourceTree = "<group>"; };
		823C68DF1A1E9A23006C1A90 /* BCJError.m */ = {isa = PBXFileReference; fileEncoding = 4; lastKnownFileType = sourcecode.c.objc; path = BCJError.m; sourceTree = "<group>"; };
		823C68E01A1E9A23006C1A90 /* BCJGettersAndSetters.h */ = {isa = PBXFileReference; fileEncoding = 4; lastKnownFileType = sourcecode.c.h; path = BCJGettersAndSetters.h; sourceTree = "<group>"; };
		823C68E11A1E9A23006C1A90 /* BCJGettersAndSetters.m */ = {isa = PBXFileReference; fileEncoding = 4; lastKnownFileType = sourcecode.c.objc; path = BCJGettersAndSetters.m; sourceTree = "<group>"; };
		823C68E41A1E9A23006C1A90 /* BCJJSONContinuations.h */ = {isa = PBXFileReference; fileEncoding = 4; lastKnownFileType = sourcecode.c.h; path = BCJJSONContinuations.h; sourceTree = "<group>"; };
		823C68E51A1E9A23006C1A90 /* BCJJSONSource+DeferredClassCheck.h */ = {isa = PBXFileReference; fileEncoding = 4; lastKnownFileType = sourcecode.c.h; path = "BCJJSONSource+DeferredClassCheck.h"; sourceTree = "<group>"; };
		823C68E61A1E9A23006C1A90 /* BCJJSONSource+DeferredClassCheck.m */ = {isa = PBXFileReference; fileEncoding = 4; lastKnownFileType = sourcecode.c.objc; path = "BCJJSONSource+DeferredClassCheck.m"; sourceTree = "<group>"; };
		823C68E71A1E9A23006C1A90 /* BCJJSONSource+OptionsAdditons.h */ = {isa = PBXFileReference; fileEncoding = 4; lastKnownFileType = sourcecode.c.h; path = "BCJJSONSource+OptionsAdditons.h"; sourceTree = "<group>"; };
		823C68E81A1E9A23006C1A90 /* BCJJSONSource.h */ = {isa = PBXFileReference; fileEncoding = 4; lastKnownFileType = sourcecode.c.h; path = BCJJSONSource.h; sourceTree = "<group>"; };
		823C68E91A1E9A23006C1A90 /* BCJJSONSource.m */ = {isa = PBXFileReference; fileEncoding = 4; lastKnownFileType = sourcecode.c.objc; path = BCJJSONSource.m; sourceTree = "<group>"; };
		823C68EA1A1E9A23006C1A90 /* BCJLogging.h */ = {isa = PBXFileReference; fileEncoding = 4; lastKnownFileType = sourcecode.c.h; path = BCJLogging.h; sourceTree = "<group>"; };
		823C68EB1A1E9A23006C1A90 /* BCJLogging.m */ = {isa = PBXFileReference; fileEncoding = 4; lastKnownFileType = sourcecode.c.objc; path = BCJLogging.m; sourceTree = "<group>"; };
		823C68EC1A1E9A23006C1A90 /* BCJMap.h */ = {isa = PBXFileReference; fileEncoding = 4; lastKnownFileType = sourcecode.c.h; path = BCJMap.h; sourceTree = "<group>"; };
		823C68ED1A1E9A23006C1A90 /* BCJMap.m */ = {isa = PBXFileReference; fileEncoding = 4; lastKnownFileType = sourcecode.c.objc; path = BCJMap.m; sourceTree = "<group>"; };
		823C68EE1A1E9A23006C1A90 /* BCJMapOptions.h */ = {isa = PBXFileReference; fileEncoding = 4; lastKnownFileType = sourcecode.c.h; path = BCJMapOptions.h; sourceTree = "<group>"; };
		823C68F11A1E9A23006C1A90 /* BCJPropertyTarget.h */ = {isa = PBXFileReference; fileEncoding = 4; lastKnownFileType = sourcecode.c.h; path = BCJPropertyTarget.h; sourceTree = "<group>"; };
		823C68F21A1E9A23006C1A90 /* BCJPropertyTarget.m */ = {isa = PBXFileReference; fileEncoding = 4; lastKnownFileType = sourcecode.c.objc; path = BCJPropertyTarget.m; sourceTree = "<group>"; };
		823C68F31A1E9A23006C1A90 /* BCJJSONSourceConstants.h */ = {isa = PBXFileReference; fileEncoding = 4; lastKnownFileType = sourcecode.c.h; path = BCJJSONSourceConstants.h; sourceTree = "<group>"; };
		823C68F51A1E9A23006C1A90 /* BCJStandardTypes.h */ = {isa = PBXFileReference; fileEncoding = 4; lastKnownFileType = sourcecode.c.h; path = BCJStandardTypes.h; sourceTree = "<group>"; };
		823C68F61A1E9A23006C1A90 /* BCJStandardTypes.m */ = {isa = PBXFileReference; fileEncoding = 4; lastKnownFileType = sourcecode.c.objc; path = BCJStandardTypes.m; sourceTree = "<group>"; };
		823C68F71A1E9A23006C1A90 /* BCJValidation.h */ = {isa = PBXFileReference; fileEncoding = 4; lastKnownFileType = sourcecode.c.h; path = BCJValidation.h; sourceTree = "<group>"; };
		823C68F81A1E9A23006C1A90 /* BCJValidation.m */ = {isa = PBXFileReference; fileEncoding = 4; lastKnownFileType = sourcecode.c.objc; path = BCJValidation.m; sourceTree = "<group>"; };
		823C68FA1A1E9A23006C1A90 /* BCJMapperClass.h */ = {isa = PBXFileReference; fileEncoding = 4; lastKnownFileType = sourcecode.c.h; path = BCJMapperClass.h; sourceTree = "<group>"; };
		823C68FB1A1E9A23006C1A90 /* BCJMapperClass.m */ = {isa = PBXFileReference; fileEncoding = 4; lastKnownFileType = sourcecode.c.objc; path = BCJMapperClass.m; sourceTree = "<group>"; };
		823C68FD1A1E9A23006C1A90 /* BCLBlockContinuation.h */ = {isa = PBXFileReference; fileEncoding = 4; lastKnownFileType = sourcecode.c.h; path = BCLBlockContinuation.h; sourceTree = "<group>"; };
		823C68FE1A1E9A23006C1A90 /* BCLBlockContinuation.m */ = {isa = PBXFileReference; fileEncoding = 4; lastKnownFileType = sourcecode.c.objc; path = BCLBlockContinuation.m; sourceTree = "<group>"; };
		823C68FF1A1E9A23006C1A90 /* BCLContinuationProtocol.h */ = {isa = PBXFileReference; fileEncoding = 4; lastKnownFileType = sourcecode.c.h; path = BCLContinuationProtocol.h; sourceTree = "<group>"; };
		823C69001A1E9A23006C1A90 /* BCLContinuations.h */ = {isa = PBXFileReference; fileEncoding = 4; lastKnownFileType = sourcecode.c.h; path = BCLContinuations.h; sourceTree = "<group>"; };
		823C69011A1E9A23006C1A90 /* BCLContinuationsClass+AdditionalControlFlow.h */ = {isa = PBXFileReference; fileEncoding = 4; lastKnownFileType = sourcecode.c.h; path = "BCLContinuationsClass+AdditionalControlFlow.h"; sourceTree = "<group>"; };
		823C69021A1E9A23006C1A90 /* BCLContinuationsClass.h */ = {isa = PBXFileReference; fileEncoding = 4; lastKnownFileType = sourcecode.c.h; path = BCLContinuationsClass.h; sourceTree = "<group>"; };
		823C69031A1E9A23006C1A90 /* BCLContinuationsClass.m */ = {isa = PBXFileReference; fileEncoding = 4; lastKnownFileType = sourcecode.c.objc; path = BCLContinuationsClass.m; sourceTree = "<group>"; };
		823C69041A1E9A23006C1A90 /* BCLControlFlowContinuations.h */ = {isa = PBXFileReference; fileEncoding = 4; lastKnownFileType = sourcecode.c.h; path = BCLControlFlowContinuations.h; sourceTree = "<group>"; };
		823C69051A1E9A23006C1A90 /* BCLControlFlowContinuations.m */ = {isa = PBXFileReference; fileEncoding = 4; lastKnownFileType = sourcecode.c.objc; path = BCLControlFlowContinuations.m; sourceTree = "<group>"; };
		823C69841A1F583D006C1A90 /* BCJMappingContinuations.h */ = {isa = PBXFileReference; fileEncoding = 4; lastKnownFileType = sourcecode.c.h; path = BCJMappingContinuations.h; sourceTree = "<group>"; };
		823C69851A1F583E006C1A90 /* BCJMappingContinuations.m */ = {isa = PBXFileReference; fileEncoding = 4; lastKnownFileType = sourcecode.c.objc; path = BCJMappingContinuations.m; sourceTree = "<group>"; };
		823C69871A1F5A15006C1A90 /* BCJMapper.h */ = {isa = PBXFileReference; lastKnownFileType = sourcecode.c.h; path = BCJMapper.h; sourceTree = "<group>"; };
		823C69881A1F61F4006C1A90 /* BCJStackJSONSource.h */ = {isa = PBXFileReference; fileEncoding = 4; lastKnownFileType = sourcecode.c.h; path = BCJStackJSONSource.h; sourceTree = "<group>"; };
		823C69891A1F61F4006C1A90 /* BCJStackJSONSource.m */ = {isa = PBXFileReference; fileEncoding = 4; lastKnownFileType = sourcecode.c.objc; path = BCJStackJSONSource.m; sourceTree = "<group>"; };
		823C698E1A1F6C12006C1A90 /* BCJStackPropertyTarget.h */ = {isa = PBXFileReference; fileEncoding = 4; lastKnownFileType = sourcecode.c.h; path = BCJStackPropertyTarget.h; sourceTree = "<group>"; };
		823C698F1A1F6C12006C1A90 /* BCJStackPropertyTarget.m */ = {isa = PBXFileReference; fileEncoding = 4; lastKnownFileType = sourcecode.c.objc; path = BCJStackPropertyTarget.m; sourceTree = "<group>"; };
		823C69B61A1FE217006C1A90 /* BCJContainerProtocol.h */ = {isa = PBXFileReference; fileEncoding = 4; lastKnownFileType = sourcecode.c.h; name = BCJContainerProtocol.h; path = ../../../../../.Trash/BCJContainerProtocol.h; sourceTree = "<group>"; };
		823C69B81A1FE237006C1A90 /* BCJContainerJSONSource.h */ = {isa = PBXFileReference; fileEncoding = 4; lastKnownFileType = sourcecode.c.h; name = BCJContainerJSONSource.h; path = ../../../../../.Trash/BCJContainerJSONSource.h; sourceTree = "<group>"; };
		823C69B91A1FE237006C1A90 /* BCJContainerJSONSource.m */ = {isa = PBXFileReference; fileEncoding = 4; lastKnownFileType = sourcecode.c.objc; name = BCJContainerJSONSource.m; path = ../../../../../.Trash/BCJContainerJSONSource.m; sourceTree = "<group>"; };
		823C69BE1A1FE6B9006C1A90 /* BCJPropertyTarget+ExpectedType.h */ = {isa = PBXFileReference; fileEncoding = 4; lastKnownFileType = sourcecode.c.h; path = "BCJPropertyTarget+ExpectedType.h"; sourceTree = "<group>"; };
		823C69BF1A1FE6B9006C1A90 /* BCJPropertyTarget+ExpectedType.m */ = {isa = PBXFileReference; fileEncoding = 4; lastKnownFileType = sourcecode.c.objc; path = "BCJPropertyTarget+ExpectedType.m"; sourceTree = "<group>"; };
		8282CEBE19F5987200555BB0 /* DemoApp */ = {isa = PBXFileReference; explicitFileType = "compiled.mach-o.executable"; includeInIndex = 0; path = DemoApp; sourceTree = BUILT_PRODUCTS_DIR; };
		828555921A0D868500FCBF61 /* BCJAdditionalTypesTests.m */ = {isa = PBXFileReference; fileEncoding = 4; lastKnownFileType = sourcecode.c.objc; path = BCJAdditionalTypesTests.m; sourceTree = "<group>"; };
		828555941A0D877A00FCBF61 /* BCJJSONSourceTests.m */ = {isa = PBXFileReference; fileEncoding = 4; lastKnownFileType = sourcecode.c.objc; path = BCJJSONSourceTests.m; sourceTree = "<group>"; };
		828555961A0D878D00FCBF61 /* BCJJSONTargetTests.m */ = {isa = PBXFileReference; fileEncoding = 4; lastKnownFileType = sourcecode.c.objc; path = BCJJSONTargetTests.m; sourceTree = "<group>"; };
		828555981A0D87CB00FCBF61 /* BCJStandardTypesTests.m */ = {isa = PBXFileReference; fileEncoding = 4; lastKnownFileType = sourcecode.c.objc; path = BCJStandardTypesTests.m; sourceTree = "<group>"; };
		828555C31A0E147D00FCBF61 /* libBCJJSONContinuationsOSX.dylib */ = {isa = PBXFileReference; explicitFileType = "compiled.mach-o.dylib"; includeInIndex = 0; path = libBCJJSONContinuationsOSX.dylib; sourceTree = BUILT_PRODUCTS_DIR; };
		82D3B19519FBF7C5003C4EB5 /* BCJJSONContinuationsTests.xctest */ = {isa = PBXFileReference; explicitFileType = wrapper.cfbundle; includeInIndex = 0; path = BCJJSONContinuationsTests.xctest; sourceTree = BUILT_PRODUCTS_DIR; };
		82D3B19F19FBF8D3003C4EB5 /* main.m */ = {isa = PBXFileReference; fileEncoding = 4; lastKnownFileType = sourcecode.c.objc; lineEnding = 0; path = main.m; sourceTree = "<group>"; xcLanguageSpecificationIdentifier = xcode.lang.objc; };
		82D85A681A0A2249001B3C32 /* BCJEnumerateJSONPathComponentsTests.m */ = {isa = PBXFileReference; fileEncoding = 4; lastKnownFileType = sourcecode.c.objc; path = BCJEnumerateJSONPathComponentsTests.m; sourceTree = "<group>"; };
		82EBE79A19FCEEB0001F995B /* libBCJJSONContinuationsIOS.a */ = {isa = PBXFileReference; explicitFileType = archive.ar; includeInIndex = 0; path = libBCJJSONContinuationsIOS.a; sourceTree = BUILT_PRODUCTS_DIR; };
		82F3E5B11A191ADC007C367E /* BCJJSONContinuations.framework */ = {isa = PBXFileReference; explicitFileType = wrapper.framework; includeInIndex = 0; path = BCJJSONContinuations.framework; sourceTree = BUILT_PRODUCTS_DIR; };
		82F3E5C11A191ADC007C367E /* Info.plist */ = {isa = PBXFileReference; lastKnownFileType = text.plist.xml; path = Info.plist; sourceTree = "<group>"; };
		82F3E5C21A191ADC007C367E /* BCJJSONContinuationTests.m */ = {isa = PBXFileReference; lastKnownFileType = sourcecode.c.objc; path = BCJJSONContinuationTests.m; sourceTree = "<group>"; };
		82F3E5F51A191B4C007C367E /* LICENSE */ = {isa = PBXFileReference; fileEncoding = 4; lastKnownFileType = text; path = LICENSE; sourceTree = "<group>"; };
		82F3E5F91A191C16007C367E /* Info.plist */ = {isa = PBXFileReference; lastKnownFileType = text.plist.xml; path = Info.plist; sourceTree = "<group>"; };
		82F3E5FA1A192F01007C367E /* BCJJSONContinuations.podspec */ = {isa = PBXFileReference; lastKnownFileType = text; path = BCJJSONContinuations.podspec; sourceTree = "<group>"; };
/* End PBXFileReference section */

/* Begin PBXFrameworksBuildPhase section */
		8282CEBB19F5987200555BB0 /* Frameworks */ = {
			isa = PBXFrameworksBuildPhase;
			buildActionMask = 2147483647;
			files = (
				823452021A12658000E19D74 /* libBCJJSONContinuationsOSX.dylib in Frameworks */,
			);
			runOnlyForDeploymentPostprocessing = 0;
		};
		828555C01A0E147D00FCBF61 /* Frameworks */ = {
			isa = PBXFrameworksBuildPhase;
			buildActionMask = 2147483647;
			files = (
			);
			runOnlyForDeploymentPostprocessing = 0;
		};
		82D3B19219FBF7C5003C4EB5 /* Frameworks */ = {
			isa = PBXFrameworksBuildPhase;
			buildActionMask = 2147483647;
			files = (
				828556061A0E17E200FCBF61 /* libBCJJSONContinuationsOSX.dylib in Frameworks */,
			);
			runOnlyForDeploymentPostprocessing = 0;
		};
		82EBE79719FCEEB0001F995B /* Frameworks */ = {
			isa = PBXFrameworksBuildPhase;
			buildActionMask = 2147483647;
			files = (
			);
			runOnlyForDeploymentPostprocessing = 0;
		};
		82F3E5AD1A191ADC007C367E /* Frameworks */ = {
			isa = PBXFrameworksBuildPhase;
			buildActionMask = 2147483647;
			files = (
			);
			runOnlyForDeploymentPostprocessing = 0;
		};
/* End PBXFrameworksBuildPhase section */

/* Begin PBXGroup section */
		821C2AF01A05729100C56BC3 /* BCJJSONContinuationsTests */ = {
			isa = PBXGroup;
			children = (
				828555921A0D868500FCBF61 /* BCJAdditionalTypesTests.m */,
				821C2B091A05A1B700C56BC3 /* BCJDeserializationTests.m */,
				82D85A681A0A2249001B3C32 /* BCJEnumerateJSONPathComponentsTests.m */,
				823451D41A1208B200E19D74 /* BCJGettersAndSettersTests.m */,
				828555941A0D877A00FCBF61 /* BCJJSONSourceTests.m */,
				828555961A0D878D00FCBF61 /* BCJJSONTargetTests.m */,
				821C2B111A05A24800C56BC3 /* BCJMapTests.m */,
				828555981A0D87CB00FCBF61 /* BCJStandardTypesTests.m */,
				821C2B131A05A25800C56BC3 /* BCJValidationTests.m */,
				821C2B191A05A31E00C56BC3 /* BCLContinuationsTests */,
				821C2B161A05A29100C56BC3 /* Support Files */,
			);
			path = BCJJSONContinuationsTests;
			sourceTree = "<group>";
		};
		821C2B161A05A29100C56BC3 /* Support Files */ = {
			isa = PBXGroup;
			children = (
				821C2B171A05A29100C56BC3 /* Info.plist */,
			);
			path = "Support Files";
			sourceTree = "<group>";
		};
		821C2B191A05A31E00C56BC3 /* BCLContinuationsTests */ = {
			isa = PBXGroup;
			children = (
				821C2B1C1A05A3A000C56BC3 /* BCLBlockContinuationTests.m */,
				821C2B1A1A05A38900C56BC3 /* BCLContinuationsTests.m */,
				821C2B1E1A05A3D500C56BC3 /* BCLControlFlowContinuationsTests.m */,
			);
			path = BCLContinuationsTests;
			sourceTree = "<group>";
		};
		823C68D21A1E9A23006C1A90 /* BCJJSONContinuations */ = {
			isa = PBXGroup;
			children = (
				823C68D31A1E9A23006C1A90 /* BCJAdditionalTypes.h */,
				823C68D41A1E9A23006C1A90 /* BCJAdditionalTypes.m */,
				823C68D51A1E9A23006C1A90 /* BCJConstants.h */,
				823C68D61A1E9A23006C1A90 /* BCJConstants.m */,
				823C69B61A1FE217006C1A90 /* BCJContainerProtocol.h */,
				823C68D71A1E9A23006C1A90 /* BCJContainer.h */,
				823C68D81A1E9A23006C1A90 /* BCJContainer.m */,
				823C69B81A1FE237006C1A90 /* BCJContainerJSONSource.h */,
				823C69B91A1FE237006C1A90 /* BCJContainerJSONSource.m */,
				823C68D91A1E9A23006C1A90 /* BCJDefines.h */,
				823C68DA1A1E9A23006C1A90 /* BCJDeserialization.h */,
				823C68DB1A1E9A23006C1A90 /* BCJDeserialization.m */,
				823C68DC1A1E9A23006C1A90 /* BCJEnumerateJSONPathComponents.h */,
				823C68DD1A1E9A23006C1A90 /* BCJEnumerateJSONPathComponents.m */,
				823C68DE1A1E9A23006C1A90 /* BCJError.h */,
				823C68DF1A1E9A23006C1A90 /* BCJError.m */,
				823C68E01A1E9A23006C1A90 /* BCJGettersAndSetters.h */,
				823C68E11A1E9A23006C1A90 /* BCJGettersAndSetters.m */,
				823C68E41A1E9A23006C1A90 /* BCJJSONContinuations.h */,
				823C68E81A1E9A23006C1A90 /* BCJJSONSource.h */,
				823C68E91A1E9A23006C1A90 /* BCJJSONSource.m */,
				823C68E51A1E9A23006C1A90 /* BCJJSONSource+DeferredClassCheck.h */,
				823C68E61A1E9A23006C1A90 /* BCJJSONSource+DeferredClassCheck.m */,
				823C68E71A1E9A23006C1A90 /* BCJJSONSource+OptionsAdditons.h */,
				823C68F31A1E9A23006C1A90 /* BCJJSONSourceConstants.h */,
				823C68EA1A1E9A23006C1A90 /* BCJLogging.h */,
				823C68EB1A1E9A23006C1A90 /* BCJLogging.m */,
				823C68EC1A1E9A23006C1A90 /* BCJMap.h */,
				823C68ED1A1E9A23006C1A90 /* BCJMap.m */,
				823C68EE1A1E9A23006C1A90 /* BCJMapOptions.h */,
				823C68F11A1E9A23006C1A90 /* BCJPropertyTarget.h */,
				823C68F21A1E9A23006C1A90 /* BCJPropertyTarget.m */,
				823C68F51A1E9A23006C1A90 /* BCJStandardTypes.h */,
				823C68F61A1E9A23006C1A90 /* BCJStandardTypes.m */,
				823C68F71A1E9A23006C1A90 /* BCJValidation.h */,
				823C68F81A1E9A23006C1A90 /* BCJValidation.m */,
			);
			path = BCJJSONContinuations;
			sourceTree = "<group>";
		};
		823C68F91A1E9A23006C1A90 /* BCJMapper */ = {
			isa = PBXGroup;
			children = (
				823C69871A1F5A15006C1A90 /* BCJMapper.h */,
				823C68FA1A1E9A23006C1A90 /* BCJMapperClass.h */,
				823C68FB1A1E9A23006C1A90 /* BCJMapperClass.m */,
				823C69841A1F583D006C1A90 /* BCJMappingContinuations.h */,
				823C69851A1F583E006C1A90 /* BCJMappingContinuations.m */,
				823C69881A1F61F4006C1A90 /* BCJStackJSONSource.h */,
				823C69891A1F61F4006C1A90 /* BCJStackJSONSource.m */,
				823C698E1A1F6C12006C1A90 /* BCJStackPropertyTarget.h */,
				823C698F1A1F6C12006C1A90 /* BCJStackPropertyTarget.m */,
				823C69BE1A1FE6B9006C1A90 /* BCJPropertyTarget+ExpectedType.h */,
				823C69BF1A1FE6B9006C1A90 /* BCJPropertyTarget+ExpectedType.m */,
			);
			path = BCJMapper;
			sourceTree = "<group>";
		};
		823C68FC1A1E9A23006C1A90 /* BCLContinuations */ = {
			isa = PBXGroup;
			children = (
				823C68FD1A1E9A23006C1A90 /* BCLBlockContinuation.h */,
				823C68FE1A1E9A23006C1A90 /* BCLBlockContinuation.m */,
				823C68FF1A1E9A23006C1A90 /* BCLContinuationProtocol.h */,
				823C69001A1E9A23006C1A90 /* BCLContinuations.h */,
				823C69011A1E9A23006C1A90 /* BCLContinuationsClass+AdditionalControlFlow.h */,
				823C69021A1E9A23006C1A90 /* BCLContinuationsClass.h */,
				823C69031A1E9A23006C1A90 /* BCLContinuationsClass.m */,
				823C69041A1E9A23006C1A90 /* BCLControlFlowContinuations.h */,
				823C69051A1E9A23006C1A90 /* BCLControlFlowContinuations.m */,
			);
			path = BCLContinuations;
			sourceTree = "<group>";
		};
		8282CEB519F5987200555BB0 = {
			isa = PBXGroup;
			children = (
				82F3E5FB1A192F09007C367E /* Documents */,
				82D3B19E19FBF8D3003C4EB5 /* DemoApp */,
				823C68F91A1E9A23006C1A90 /* BCJMapper */,
				823C68D21A1E9A23006C1A90 /* BCJJSONContinuations */,
				823C68FC1A1E9A23006C1A90 /* BCLContinuations */,
				82F3E5F71A191C16007C367E /* BCJJSONContinuationsFramework */,
				821C2AF01A05729100C56BC3 /* BCJJSONContinuationsTests */,
				82F3E5BF1A191ADC007C367E /* BCJJSONContinuationTests */,
				8282CEBF19F5987200555BB0 /* Products */,
			);
			sourceTree = "<group>";
		};
		8282CEBF19F5987200555BB0 /* Products */ = {
			isa = PBXGroup;
			children = (
				8282CEBE19F5987200555BB0 /* DemoApp */,
				82D3B19519FBF7C5003C4EB5 /* BCJJSONContinuationsTests.xctest */,
				82EBE79A19FCEEB0001F995B /* libBCJJSONContinuationsIOS.a */,
				828555C31A0E147D00FCBF61 /* libBCJJSONContinuationsOSX.dylib */,
				82F3E5B11A191ADC007C367E /* BCJJSONContinuations.framework */,
			);
			name = Products;
			sourceTree = "<group>";
		};
		82D3B19E19FBF8D3003C4EB5 /* DemoApp */ = {
			isa = PBXGroup;
			children = (
				82D3B19F19FBF8D3003C4EB5 /* main.m */,
			);
			path = DemoApp;
			sourceTree = "<group>";
		};
		82F3E5BF1A191ADC007C367E /* BCJJSONContinuationTests */ = {
			isa = PBXGroup;
			children = (
				82F3E5C21A191ADC007C367E /* BCJJSONContinuationTests.m */,
				82F3E5C01A191ADC007C367E /* Supporting Files */,
			);
			path = BCJJSONContinuationTests;
			sourceTree = "<group>";
		};
		82F3E5C01A191ADC007C367E /* Supporting Files */ = {
			isa = PBXGroup;
			children = (
				82F3E5C11A191ADC007C367E /* Info.plist */,
			);
			name = "Supporting Files";
			sourceTree = "<group>";
		};
		82F3E5F71A191C16007C367E /* BCJJSONContinuationsFramework */ = {
			isa = PBXGroup;
			children = (
				82F3E5F81A191C16007C367E /* Supporting Files */,
			);
			path = BCJJSONContinuationsFramework;
			sourceTree = "<group>";
		};
		82F3E5F81A191C16007C367E /* Supporting Files */ = {
			isa = PBXGroup;
			children = (
				82F3E5F91A191C16007C367E /* Info.plist */,
			);
			path = "Supporting Files";
			sourceTree = "<group>";
		};
		82F3E5FB1A192F09007C367E /* Documents */ = {
			isa = PBXGroup;
			children = (
				821C2B201A05A4AA00C56BC3 /* readme.md */,
				82F3E5F51A191B4C007C367E /* LICENSE */,
				82F3E5FA1A192F01007C367E /* BCJJSONContinuations.podspec */,
			);
			name = Documents;
			sourceTree = "<group>";
		};
/* End PBXGroup section */

/* Begin PBXHeadersBuildPhase section */
		828555C11A0E147D00FCBF61 /* Headers */ = {
			isa = PBXHeadersBuildPhase;
			buildActionMask = 2147483647;
			files = (
				823C69371A1E9A23006C1A90 /* BCJJSONSource+OptionsAdditons.h in Headers */,
				823C696C1A1E9A23006C1A90 /* BCLContinuationProtocol.h in Headers */,
				823C69171A1E9A23006C1A90 /* BCJDeserialization.h in Headers */,
				823C69701A1E9A23006C1A90 /* BCLContinuationsClass+AdditionalControlFlow.h in Headers */,
				823C690B1A1E9A23006C1A90 /* BCJConstants.h in Headers */,
				823C69321A1E9A23006C1A90 /* BCJJSONSource+DeferredClassCheck.h in Headers */,
				823C69431A1E9A23006C1A90 /* BCJMap.h in Headers */,
				823C691C1A1E9A23006C1A90 /* BCJEnumerateJSONPathComponents.h in Headers */,
				823C69301A1E9A23006C1A90 /* BCJJSONContinuations.h in Headers */,
				823C69581A1E9A23006C1A90 /* BCJStandardTypes.h in Headers */,
				823C69061A1E9A23006C1A90 /* BCJAdditionalTypes.h in Headers */,
				823C69391A1E9A23006C1A90 /* BCJJSONSource.h in Headers */,
				823C69771A1E9A23006C1A90 /* BCLControlFlowContinuations.h in Headers */,
				823C69671A1E9A23006C1A90 /* BCLBlockContinuation.h in Headers */,
				823C696E1A1E9A23006C1A90 /* BCLContinuations.h in Headers */,
				823C693E1A1E9A23006C1A90 /* BCJLogging.h in Headers */,
				823C69C01A1FE6B9006C1A90 /* BCJPropertyTarget+ExpectedType.h in Headers */,
				823C69101A1E9A23006C1A90 /* BCJContainer.h in Headers */,
				823C69151A1E9A23006C1A90 /* BCJDefines.h in Headers */,
				823C69721A1E9A23006C1A90 /* BCLContinuationsClass.h in Headers */,
				823C69261A1E9A23006C1A90 /* BCJGettersAndSetters.h in Headers */,
				823C69621A1E9A23006C1A90 /* BCJMapperClass.h in Headers */,
				823C69541A1E9A23006C1A90 /* BCJJSONSourceConstants.h in Headers */,
				823C694F1A1E9A23006C1A90 /* BCJPropertyTarget.h in Headers */,
				823C69211A1E9A23006C1A90 /* BCJError.h in Headers */,
				823C695D1A1E9A23006C1A90 /* BCJValidation.h in Headers */,
				823C69481A1E9A23006C1A90 /* BCJMapOptions.h in Headers */,
			);
			runOnlyForDeploymentPostprocessing = 0;
		};
		82F3E5AE1A191ADC007C367E /* Headers */ = {
			isa = PBXHeadersBuildPhase;
			buildActionMask = 2147483647;
			files = (
				823C69381A1E9A23006C1A90 /* BCJJSONSource+OptionsAdditons.h in Headers */,
				823C696D1A1E9A23006C1A90 /* BCLContinuationProtocol.h in Headers */,
				823C69181A1E9A23006C1A90 /* BCJDeserialization.h in Headers */,
				823C69711A1E9A23006C1A90 /* BCLContinuationsClass+AdditionalControlFlow.h in Headers */,
				823C690C1A1E9A23006C1A90 /* BCJConstants.h in Headers */,
				823C69331A1E9A23006C1A90 /* BCJJSONSource+DeferredClassCheck.h in Headers */,
				823C69441A1E9A23006C1A90 /* BCJMap.h in Headers */,
				823C691D1A1E9A23006C1A90 /* BCJEnumerateJSONPathComponents.h in Headers */,
				823C69311A1E9A23006C1A90 /* BCJJSONContinuations.h in Headers */,
				823C69591A1E9A23006C1A90 /* BCJStandardTypes.h in Headers */,
				823C69071A1E9A23006C1A90 /* BCJAdditionalTypes.h in Headers */,
				823C693A1A1E9A23006C1A90 /* BCJJSONSource.h in Headers */,
				823C69781A1E9A23006C1A90 /* BCLControlFlowContinuations.h in Headers */,
				823C69681A1E9A23006C1A90 /* BCLBlockContinuation.h in Headers */,
				823C696F1A1E9A23006C1A90 /* BCLContinuations.h in Headers */,
				823C693F1A1E9A23006C1A90 /* BCJLogging.h in Headers */,
				823C69B71A1FE217006C1A90 /* BCJContainerProtocol.h in Headers */,
				823C69111A1E9A23006C1A90 /* BCJContainer.h in Headers */,
				823C69161A1E9A23006C1A90 /* BCJDefines.h in Headers */,
				823C69731A1E9A23006C1A90 /* BCLContinuationsClass.h in Headers */,
				823C69271A1E9A23006C1A90 /* BCJGettersAndSetters.h in Headers */,
				823C69631A1E9A23006C1A90 /* BCJMapperClass.h in Headers */,
				823C69551A1E9A23006C1A90 /* BCJJSONSourceConstants.h in Headers */,
				823C69501A1E9A23006C1A90 /* BCJPropertyTarget.h in Headers */,
				823C69C11A1FE6B9006C1A90 /* BCJPropertyTarget+ExpectedType.h in Headers */,
				823C69221A1E9A23006C1A90 /* BCJError.h in Headers */,
				823C695E1A1E9A23006C1A90 /* BCJValidation.h in Headers */,
				823C69BA1A1FE237006C1A90 /* BCJContainerJSONSource.h in Headers */,
				823C69491A1E9A23006C1A90 /* BCJMapOptions.h in Headers */,
			);
			runOnlyForDeploymentPostprocessing = 0;
		};
/* End PBXHeadersBuildPhase section */

/* Begin PBXNativeTarget section */
		8282CEBD19F5987200555BB0 /* DemoApp */ = {
			isa = PBXNativeTarget;
			buildConfigurationList = 8282CEC519F5987200555BB0 /* Build configuration list for PBXNativeTarget "DemoApp" */;
			buildPhases = (
				8282CEBA19F5987200555BB0 /* Sources */,
				8282CEBB19F5987200555BB0 /* Frameworks */,
			);
			buildRules = (
			);
			dependencies = (
			);
			name = DemoApp;
			productName = TypeSafeJSON;
			productReference = 8282CEBE19F5987200555BB0 /* DemoApp */;
			productType = "com.apple.product-type.tool";
		};
		828555C21A0E147D00FCBF61 /* BCJJSONContinuationsOSX */ = {
			isa = PBXNativeTarget;
			buildConfigurationList = 828555D41A0E147D00FCBF61 /* Build configuration list for PBXNativeTarget "BCJJSONContinuationsOSX" */;
			buildPhases = (
				828555BF1A0E147D00FCBF61 /* Sources */,
				828555C01A0E147D00FCBF61 /* Frameworks */,
				828555C11A0E147D00FCBF61 /* Headers */,
			);
			buildRules = (
			);
			dependencies = (
			);
			name = BCJJSONContinuationsOSX;
			productName = BCJJSONContinuationsOSX;
			productReference = 828555C31A0E147D00FCBF61 /* libBCJJSONContinuationsOSX.dylib */;
			productType = "com.apple.product-type.library.dynamic";
		};
		82D3B19419FBF7C5003C4EB5 /* BCJJSONContinuationsTests */ = {
			isa = PBXNativeTarget;
			buildConfigurationList = 82D3B19B19FBF7C5003C4EB5 /* Build configuration list for PBXNativeTarget "BCJJSONContinuationsTests" */;
			buildPhases = (
				82D3B19119FBF7C5003C4EB5 /* Sources */,
				82D3B19219FBF7C5003C4EB5 /* Frameworks */,
				82D3B19319FBF7C5003C4EB5 /* Resources */,
			);
			buildRules = (
			);
			dependencies = (
				828556081A0E17F400FCBF61 /* PBXTargetDependency */,
			);
			name = BCJJSONContinuationsTests;
			productName = SafeCollectionAccessTests;
			productReference = 82D3B19519FBF7C5003C4EB5 /* BCJJSONContinuationsTests.xctest */;
			productType = "com.apple.product-type.bundle.unit-test";
		};
		82EBE79919FCEEB0001F995B /* BCJJSONContinuationsIOS */ = {
			isa = PBXNativeTarget;
			buildConfigurationList = 82EBE7AB19FCEEB1001F995B /* Build configuration list for PBXNativeTarget "BCJJSONContinuationsIOS" */;
			buildPhases = (
				82EBE79619FCEEB0001F995B /* Sources */,
				82EBE79719FCEEB0001F995B /* Frameworks */,
				82EBE79819FCEEB0001F995B /* CopyFiles */,
			);
			buildRules = (
			);
			dependencies = (
			);
			name = BCJJSONContinuationsIOS;
			productName = BCMJSONAccess;
			productReference = 82EBE79A19FCEEB0001F995B /* libBCJJSONContinuationsIOS.a */;
			productType = "com.apple.product-type.library.static";
		};
		82F3E5B01A191ADC007C367E /* BCJJSONContinuations */ = {
			isa = PBXNativeTarget;
			buildConfigurationList = 82F3E5C41A191ADC007C367E /* Build configuration list for PBXNativeTarget "BCJJSONContinuations" */;
			buildPhases = (
				82F3E5AC1A191ADC007C367E /* Sources */,
				82F3E5AD1A191ADC007C367E /* Frameworks */,
				82F3E5AE1A191ADC007C367E /* Headers */,
				82F3E5AF1A191ADC007C367E /* Resources */,
			);
			buildRules = (
			);
			dependencies = (
			);
			name = BCJJSONContinuations;
			productName = BCJJSONContinuation;
			productReference = 82F3E5B11A191ADC007C367E /* BCJJSONContinuations.framework */;
			productType = "com.apple.product-type.framework";
		};
/* End PBXNativeTarget section */

/* Begin PBXProject section */
		8282CEB619F5987200555BB0 /* Project object */ = {
			isa = PBXProject;
			attributes = {
				LastUpgradeCheck = 0610;
				ORGANIZATIONNAME = "Benedict Cohen";
				TargetAttributes = {
					8282CEBD19F5987200555BB0 = {
						CreatedOnToolsVersion = 6.0.1;
					};
					828555C21A0E147D00FCBF61 = {
						CreatedOnToolsVersion = 6.1;
					};
					82D3B19419FBF7C5003C4EB5 = {
						CreatedOnToolsVersion = 6.1;
					};
					82EBE79919FCEEB0001F995B = {
						CreatedOnToolsVersion = 6.1;
					};
					82F3E5B01A191ADC007C367E = {
						CreatedOnToolsVersion = 6.1;
					};
				};
			};
			buildConfigurationList = 8282CEB919F5987200555BB0 /* Build configuration list for PBXProject "BCJJSONContinuations" */;
			compatibilityVersion = "Xcode 3.2";
			developmentRegion = English;
			hasScannedForEncodings = 0;
			knownRegions = (
				en,
			);
			mainGroup = 8282CEB519F5987200555BB0;
			productRefGroup = 8282CEBF19F5987200555BB0 /* Products */;
			projectDirPath = "";
			projectRoot = "";
			targets = (
				8282CEBD19F5987200555BB0 /* DemoApp */,
				82EBE79919FCEEB0001F995B /* BCJJSONContinuationsIOS */,
				828555C21A0E147D00FCBF61 /* BCJJSONContinuationsOSX */,
				82D3B19419FBF7C5003C4EB5 /* BCJJSONContinuationsTests */,
				82F3E5B01A191ADC007C367E /* BCJJSONContinuations */,
			);
		};
/* End PBXProject section */

/* Begin PBXResourcesBuildPhase section */
		82D3B19319FBF7C5003C4EB5 /* Resources */ = {
			isa = PBXResourcesBuildPhase;
			buildActionMask = 2147483647;
			files = (
			);
			runOnlyForDeploymentPostprocessing = 0;
		};
		82F3E5AF1A191ADC007C367E /* Resources */ = {
			isa = PBXResourcesBuildPhase;
			buildActionMask = 2147483647;
			files = (
				82F3E5F61A191B5C007C367E /* LICENSE in Resources */,
			);
			runOnlyForDeploymentPostprocessing = 0;
		};
/* End PBXResourcesBuildPhase section */

/* Begin PBXSourcesBuildPhase section */
		8282CEBA19F5987200555BB0 /* Sources */ = {
			isa = PBXSourcesBuildPhase;
			buildActionMask = 2147483647;
			files = (
				82D3B1A019FBF8D3003C4EB5 /* main.m in Sources */,
			);
			runOnlyForDeploymentPostprocessing = 0;
		};
		828555BF1A0E147D00FCBF61 /* Sources */ = {
			isa = PBXSourcesBuildPhase;
			buildActionMask = 2147483647;
			files = (
				823C69131A1E9A23006C1A90 /* BCJContainer.m in Sources */,
				823C691A1A1E9A23006C1A90 /* BCJDeserialization.m in Sources */,
				823C69961A1F6F37006C1A90 /* BCJStackPropertyTarget.m in Sources */,
				823C69751A1E9A23006C1A90 /* BCLContinuationsClass.m in Sources */,
				823C693C1A1E9A23006C1A90 /* BCJJSONSource.m in Sources */,
				823C69951A1F6F37006C1A90 /* BCJStackJSONSource.m in Sources */,
				823C69601A1E9A23006C1A90 /* BCJValidation.m in Sources */,
				823C69351A1E9A23006C1A90 /* BCJJSONSource+DeferredClassCheck.m in Sources */,
				823C696A1A1E9A23006C1A90 /* BCLBlockContinuation.m in Sources */,
				823C69651A1E9A23006C1A90 /* BCJMapperClass.m in Sources */,
				823C69C31A1FE6B9006C1A90 /* BCJPropertyTarget+ExpectedType.m in Sources */,
				823C691F1A1E9A23006C1A90 /* BCJEnumerateJSONPathComponents.m in Sources */,
				823C69941A1F6F37006C1A90 /* BCJMappingContinuations.m in Sources */,
				823C69411A1E9A23006C1A90 /* BCJLogging.m in Sources */,
				823C69091A1E9A23006C1A90 /* BCJAdditionalTypes.m in Sources */,
				823C69241A1E9A23006C1A90 /* BCJError.m in Sources */,
				823C69BC1A1FE304006C1A90 /* BCJContainerJSONSource.m in Sources */,
				823C695B1A1E9A23006C1A90 /* BCJStandardTypes.m in Sources */,
				823C69461A1E9A23006C1A90 /* BCJMap.m in Sources */,
				823C697A1A1E9A23006C1A90 /* BCLControlFlowContinuations.m in Sources */,
				823C69291A1E9A23006C1A90 /* BCJGettersAndSetters.m in Sources */,
				823C690E1A1E9A23006C1A90 /* BCJConstants.m in Sources */,
				823C69521A1E9A23006C1A90 /* BCJPropertyTarget.m in Sources */,
			);
			runOnlyForDeploymentPostprocessing = 0;
		};
		82D3B19119FBF7C5003C4EB5 /* Sources */ = {
			isa = PBXSourcesBuildPhase;
			buildActionMask = 2147483647;
			files = (
				821C2B1D1A05A3A000C56BC3 /* BCLBlockContinuationTests.m in Sources */,
				82D85A691A0A2249001B3C32 /* BCJEnumerateJSONPathComponentsTests.m in Sources */,
				821C2B121A05A24800C56BC3 /* BCJMapTests.m in Sources */,
				821C2B1B1A05A38900C56BC3 /* BCLContinuationsTests.m in Sources */,
				828555971A0D878D00FCBF61 /* BCJJSONTargetTests.m in Sources */,
				828555951A0D877A00FCBF61 /* BCJJSONSourceTests.m in Sources */,
				828555931A0D868500FCBF61 /* BCJAdditionalTypesTests.m in Sources */,
				821C2B0A1A05A1B700C56BC3 /* BCJDeserializationTests.m in Sources */,
				821C2B141A05A25800C56BC3 /* BCJValidationTests.m in Sources */,
				821C2B1F1A05A3D500C56BC3 /* BCLControlFlowContinuationsTests.m in Sources */,
				828555991A0D87CB00FCBF61 /* BCJStandardTypesTests.m in Sources */,
				823451D51A1208B200E19D74 /* BCJGettersAndSettersTests.m in Sources */,
			);
			runOnlyForDeploymentPostprocessing = 0;
		};
		82EBE79619FCEEB0001F995B /* Sources */ = {
			isa = PBXSourcesBuildPhase;
			buildActionMask = 2147483647;
			files = (
				823C69121A1E9A23006C1A90 /* BCJContainer.m in Sources */,
				823C69191A1E9A23006C1A90 /* BCJDeserialization.m in Sources */,
				823C69991A1F6F38006C1A90 /* BCJStackPropertyTarget.m in Sources */,
				823C69741A1E9A23006C1A90 /* BCLContinuationsClass.m in Sources */,
				823C693B1A1E9A23006C1A90 /* BCJJSONSource.m in Sources */,
				823C69981A1F6F38006C1A90 /* BCJStackJSONSource.m in Sources */,
				823C695F1A1E9A23006C1A90 /* BCJValidation.m in Sources */,
				823C69341A1E9A23006C1A90 /* BCJJSONSource+DeferredClassCheck.m in Sources */,
				823C69691A1E9A23006C1A90 /* BCLBlockContinuation.m in Sources */,
				823C69641A1E9A23006C1A90 /* BCJMapperClass.m in Sources */,
				823C69C21A1FE6B9006C1A90 /* BCJPropertyTarget+ExpectedType.m in Sources */,
				823C691E1A1E9A23006C1A90 /* BCJEnumerateJSONPathComponents.m in Sources */,
				823C69971A1F6F38006C1A90 /* BCJMappingContinuations.m in Sources */,
				823C69401A1E9A23006C1A90 /* BCJLogging.m in Sources */,
				823C69081A1E9A23006C1A90 /* BCJAdditionalTypes.m in Sources */,
				823C69231A1E9A23006C1A90 /* BCJError.m in Sources */,
				823C69BD1A1FE305006C1A90 /* BCJContainerJSONSource.m in Sources */,
				823C695A1A1E9A23006C1A90 /* BCJStandardTypes.m in Sources */,
				823C69451A1E9A23006C1A90 /* BCJMap.m in Sources */,
				823C69791A1E9A23006C1A90 /* BCLControlFlowContinuations.m in Sources */,
				823C69281A1E9A23006C1A90 /* BCJGettersAndSetters.m in Sources */,
				823C690D1A1E9A23006C1A90 /* BCJConstants.m in Sources */,
				823C69511A1E9A23006C1A90 /* BCJPropertyTarget.m in Sources */,
			);
			runOnlyForDeploymentPostprocessing = 0;
		};
		82F3E5AC1A191ADC007C367E /* Sources */ = {
			isa = PBXSourcesBuildPhase;
			buildActionMask = 2147483647;
			files = (
				823C69141A1E9A23006C1A90 /* BCJContainer.m in Sources */,
				823C691B1A1E9A23006C1A90 /* BCJDeserialization.m in Sources */,
				823C69931A1F6F36006C1A90 /* BCJStackPropertyTarget.m in Sources */,
				823C69761A1E9A23006C1A90 /* BCLContinuationsClass.m in Sources */,
				823C693D1A1E9A23006C1A90 /* BCJJSONSource.m in Sources */,
				823C69921A1F6F36006C1A90 /* BCJStackJSONSource.m in Sources */,
				823C69611A1E9A23006C1A90 /* BCJValidation.m in Sources */,
				823C69361A1E9A23006C1A90 /* BCJJSONSource+DeferredClassCheck.m in Sources */,
				823C696B1A1E9A23006C1A90 /* BCLBlockContinuation.m in Sources */,
				823C69661A1E9A23006C1A90 /* BCJMapperClass.m in Sources */,
				823C69C41A1FE6B9006C1A90 /* BCJPropertyTarget+ExpectedType.m in Sources */,
				823C69201A1E9A23006C1A90 /* BCJEnumerateJSONPathComponents.m in Sources */,
				823C69911A1F6F36006C1A90 /* BCJMappingContinuations.m in Sources */,
				823C69421A1E9A23006C1A90 /* BCJLogging.m in Sources */,
				823C690A1A1E9A23006C1A90 /* BCJAdditionalTypes.m in Sources */,
				823C69251A1E9A23006C1A90 /* BCJError.m in Sources */,
				823C69BB1A1FE237006C1A90 /* BCJContainerJSONSource.m in Sources */,
				823C695C1A1E9A23006C1A90 /* BCJStandardTypes.m in Sources */,
				823C69471A1E9A23006C1A90 /* BCJMap.m in Sources */,
				823C697B1A1E9A23006C1A90 /* BCLControlFlowContinuations.m in Sources */,
				823C692A1A1E9A23006C1A90 /* BCJGettersAndSetters.m in Sources */,
				823C690F1A1E9A23006C1A90 /* BCJConstants.m in Sources */,
				823C69531A1E9A23006C1A90 /* BCJPropertyTarget.m in Sources */,
			);
			runOnlyForDeploymentPostprocessing = 0;
		};
/* End PBXSourcesBuildPhase section */

/* Begin PBXTargetDependency section */
		828556081A0E17F400FCBF61 /* PBXTargetDependency */ = {
			isa = PBXTargetDependency;
			target = 828555C21A0E147D00FCBF61 /* BCJJSONContinuationsOSX */;
			targetProxy = 828556071A0E17F400FCBF61 /* PBXContainerItemProxy */;
		};
/* End PBXTargetDependency section */

/* Begin XCBuildConfiguration section */
		8282CEC319F5987200555BB0 /* Debug */ = {
			isa = XCBuildConfiguration;
			buildSettings = {
				ALWAYS_SEARCH_USER_PATHS = NO;
				CLANG_CXX_LANGUAGE_STANDARD = "gnu++0x";
				CLANG_CXX_LIBRARY = "libc++";
				CLANG_ENABLE_MODULES = YES;
				CLANG_ENABLE_OBJC_ARC = YES;
				CLANG_WARN_BOOL_CONVERSION = YES;
				CLANG_WARN_CONSTANT_CONVERSION = YES;
				CLANG_WARN_DIRECT_OBJC_ISA_USAGE = YES_ERROR;
				CLANG_WARN_EMPTY_BODY = YES;
				CLANG_WARN_ENUM_CONVERSION = YES;
				CLANG_WARN_INT_CONVERSION = YES;
				CLANG_WARN_OBJC_ROOT_CLASS = YES_ERROR;
				CLANG_WARN_UNREACHABLE_CODE = YES;
				CLANG_WARN__DUPLICATE_METHOD_MATCH = YES;
				COPY_PHASE_STRIP = NO;
				ENABLE_STRICT_OBJC_MSGSEND = YES;
				GCC_C_LANGUAGE_STANDARD = gnu99;
				GCC_DYNAMIC_NO_PIC = NO;
				GCC_OPTIMIZATION_LEVEL = 0;
				GCC_PREPROCESSOR_DEFINITIONS = (
					"DEBUG=1",
					"$(inherited)",
				);
				GCC_SYMBOLS_PRIVATE_EXTERN = NO;
				GCC_WARN_64_TO_32_BIT_CONVERSION = YES;
				GCC_WARN_ABOUT_RETURN_TYPE = YES_ERROR;
				GCC_WARN_UNDECLARED_SELECTOR = YES;
				GCC_WARN_UNINITIALIZED_AUTOS = YES_AGGRESSIVE;
				GCC_WARN_UNUSED_FUNCTION = YES;
				GCC_WARN_UNUSED_VARIABLE = YES;
				MACOSX_DEPLOYMENT_TARGET = 10.10;
				MTL_ENABLE_DEBUG_INFO = YES;
				ONLY_ACTIVE_ARCH = YES;
				SDKROOT = macosx;
			};
			name = Debug;
		};
		8282CEC419F5987200555BB0 /* Release */ = {
			isa = XCBuildConfiguration;
			buildSettings = {
				ALWAYS_SEARCH_USER_PATHS = NO;
				CLANG_CXX_LANGUAGE_STANDARD = "gnu++0x";
				CLANG_CXX_LIBRARY = "libc++";
				CLANG_ENABLE_MODULES = YES;
				CLANG_ENABLE_OBJC_ARC = YES;
				CLANG_WARN_BOOL_CONVERSION = YES;
				CLANG_WARN_CONSTANT_CONVERSION = YES;
				CLANG_WARN_DIRECT_OBJC_ISA_USAGE = YES_ERROR;
				CLANG_WARN_EMPTY_BODY = YES;
				CLANG_WARN_ENUM_CONVERSION = YES;
				CLANG_WARN_INT_CONVERSION = YES;
				CLANG_WARN_OBJC_ROOT_CLASS = YES_ERROR;
				CLANG_WARN_UNREACHABLE_CODE = YES;
				CLANG_WARN__DUPLICATE_METHOD_MATCH = YES;
				COPY_PHASE_STRIP = YES;
				DEBUG_INFORMATION_FORMAT = "dwarf-with-dsym";
				ENABLE_NS_ASSERTIONS = NO;
				ENABLE_STRICT_OBJC_MSGSEND = YES;
				GCC_C_LANGUAGE_STANDARD = gnu99;
				GCC_WARN_64_TO_32_BIT_CONVERSION = YES;
				GCC_WARN_ABOUT_RETURN_TYPE = YES_ERROR;
				GCC_WARN_UNDECLARED_SELECTOR = YES;
				GCC_WARN_UNINITIALIZED_AUTOS = YES_AGGRESSIVE;
				GCC_WARN_UNUSED_FUNCTION = YES;
				GCC_WARN_UNUSED_VARIABLE = YES;
				MACOSX_DEPLOYMENT_TARGET = 10.10;
				MTL_ENABLE_DEBUG_INFO = NO;
				SDKROOT = macosx;
			};
			name = Release;
		};
		8282CEC619F5987200555BB0 /* Debug */ = {
			isa = XCBuildConfiguration;
			buildSettings = {
				PRODUCT_NAME = "$(TARGET_NAME)";
				WARNING_CFLAGS = "-Wall";
			};
			name = Debug;
		};
		8282CEC719F5987200555BB0 /* Release */ = {
			isa = XCBuildConfiguration;
			buildSettings = {
				PRODUCT_NAME = "$(TARGET_NAME)";
				WARNING_CFLAGS = "-Wall";
			};
			name = Release;
		};
		828555D51A0E147D00FCBF61 /* Debug */ = {
			isa = XCBuildConfiguration;
			buildSettings = {
				COMBINE_HIDPI_IMAGES = YES;
				DYLIB_COMPATIBILITY_VERSION = 1;
				DYLIB_CURRENT_VERSION = 1;
				EXECUTABLE_PREFIX = lib;
				GCC_PREPROCESSOR_DEFINITIONS = (
					"DEBUG=1",
					"$(inherited)",
				);
				PRODUCT_NAME = "$(TARGET_NAME)";
			};
			name = Debug;
		};
		828555D61A0E147D00FCBF61 /* Release */ = {
			isa = XCBuildConfiguration;
			buildSettings = {
				COMBINE_HIDPI_IMAGES = YES;
				DYLIB_COMPATIBILITY_VERSION = 1;
				DYLIB_CURRENT_VERSION = 1;
				EXECUTABLE_PREFIX = lib;
				PRODUCT_NAME = "$(TARGET_NAME)";
			};
			name = Release;
		};
		82D3B19C19FBF7C5003C4EB5 /* Debug */ = {
			isa = XCBuildConfiguration;
			buildSettings = {
				COMBINE_HIDPI_IMAGES = YES;
				FRAMEWORK_SEARCH_PATHS = (
					"$(DEVELOPER_FRAMEWORKS_DIR)",
					"$(inherited)",
				);
				GCC_PREPROCESSOR_DEFINITIONS = (
					"DEBUG=1",
					"$(inherited)",
				);
				INFOPLIST_FILE = "BCJJSONContinuationsTests/Support Files/Info.plist";
				LD_RUNPATH_SEARCH_PATHS = "$(inherited) @executable_path/../Frameworks @loader_path/../Frameworks";
				PRODUCT_NAME = BCJJSONContinuationsTests;
			};
			name = Debug;
		};
		82D3B19D19FBF7C5003C4EB5 /* Release */ = {
			isa = XCBuildConfiguration;
			buildSettings = {
				COMBINE_HIDPI_IMAGES = YES;
				FRAMEWORK_SEARCH_PATHS = (
					"$(DEVELOPER_FRAMEWORKS_DIR)",
					"$(inherited)",
				);
				INFOPLIST_FILE = "BCJJSONContinuationsTests/Support Files/Info.plist";
				LD_RUNPATH_SEARCH_PATHS = "$(inherited) @executable_path/../Frameworks @loader_path/../Frameworks";
				PRODUCT_NAME = BCJJSONContinuationsTests;
			};
			name = Release;
		};
		82EBE7AC19FCEEB1001F995B /* Debug */ = {
			isa = XCBuildConfiguration;
			buildSettings = {
				GCC_PREPROCESSOR_DEFINITIONS = (
					"DEBUG=1",
					"$(inherited)",
				);
				IPHONEOS_DEPLOYMENT_TARGET = 8.1;
				OTHER_LDFLAGS = "-ObjC";
				PRODUCT_NAME = BCJJSONContinuationsIOS;
				SDKROOT = iphoneos;
				SKIP_INSTALL = YES;
				SUPPORTED_PLATFORMS = "iphonesimulator iphoneos macosx";
			};
			name = Debug;
		};
		82EBE7AD19FCEEB1001F995B /* Release */ = {
			isa = XCBuildConfiguration;
			buildSettings = {
				IPHONEOS_DEPLOYMENT_TARGET = 8.1;
				OTHER_LDFLAGS = "-ObjC";
				PRODUCT_NAME = BCJJSONContinuationsIOS;
				SDKROOT = iphoneos;
				SKIP_INSTALL = YES;
				SUPPORTED_PLATFORMS = "iphonesimulator iphoneos macosx";
				VALIDATE_PRODUCT = YES;
			};
			name = Release;
		};
		82F3E5C51A191ADC007C367E /* Debug */ = {
			isa = XCBuildConfiguration;
			buildSettings = {
				"CODE_SIGN_IDENTITY[sdk=iphoneos*]" = "iPhone Developer";
				CURRENT_PROJECT_VERSION = 1;
				DEFINES_MODULE = YES;
				DYLIB_COMPATIBILITY_VERSION = 1;
				DYLIB_CURRENT_VERSION = 1;
				DYLIB_INSTALL_NAME_BASE = "@rpath";
				GCC_PREPROCESSOR_DEFINITIONS = (
					"DEBUG=1",
					"$(inherited)",
				);
				INFOPLIST_FILE = "BCJJSONContinuationsFramework/Supporting Files/Info.plist";
				INSTALL_PATH = "$(LOCAL_LIBRARY_DIR)/Frameworks";
				IPHONEOS_DEPLOYMENT_TARGET = 8.1;
				LD_RUNPATH_SEARCH_PATHS = "$(inherited) @executable_path/Frameworks @loader_path/Frameworks";
				PRODUCT_NAME = "$(TARGET_NAME)";
				SDKROOT = iphoneos;
				SKIP_INSTALL = YES;
				TARGETED_DEVICE_FAMILY = "1,2";
				VERSIONING_SYSTEM = "apple-generic";
				VERSION_INFO_PREFIX = "";
			};
			name = Debug;
		};
		82F3E5C61A191ADC007C367E /* Release */ = {
			isa = XCBuildConfiguration;
			buildSettings = {
				"CODE_SIGN_IDENTITY[sdk=iphoneos*]" = "iPhone Developer";
				CURRENT_PROJECT_VERSION = 1;
				DEFINES_MODULE = YES;
				DYLIB_COMPATIBILITY_VERSION = 1;
				DYLIB_CURRENT_VERSION = 1;
				DYLIB_INSTALL_NAME_BASE = "@rpath";
				INFOPLIST_FILE = "BCJJSONContinuationsFramework/Supporting Files/Info.plist";
				INSTALL_PATH = "$(LOCAL_LIBRARY_DIR)/Frameworks";
				IPHONEOS_DEPLOYMENT_TARGET = 8.1;
				LD_RUNPATH_SEARCH_PATHS = "$(inherited) @executable_path/Frameworks @loader_path/Frameworks";
				PRODUCT_NAME = "$(TARGET_NAME)";
				SDKROOT = iphoneos;
				SKIP_INSTALL = YES;
				TARGETED_DEVICE_FAMILY = "1,2";
				VALIDATE_PRODUCT = YES;
				VERSIONING_SYSTEM = "apple-generic";
				VERSION_INFO_PREFIX = "";
			};
			name = Release;
		};
/* End XCBuildConfiguration section */

/* Begin XCConfigurationList section */
		8282CEB919F5987200555BB0 /* Build configuration list for PBXProject "BCJJSONContinuations" */ = {
			isa = XCConfigurationList;
			buildConfigurations = (
				8282CEC319F5987200555BB0 /* Debug */,
				8282CEC419F5987200555BB0 /* Release */,
			);
			defaultConfigurationIsVisible = 0;
			defaultConfigurationName = Release;
		};
		8282CEC519F5987200555BB0 /* Build configuration list for PBXNativeTarget "DemoApp" */ = {
			isa = XCConfigurationList;
			buildConfigurations = (
				8282CEC619F5987200555BB0 /* Debug */,
				8282CEC719F5987200555BB0 /* Release */,
			);
			defaultConfigurationIsVisible = 0;
			defaultConfigurationName = Release;
		};
		828555D41A0E147D00FCBF61 /* Build configuration list for PBXNativeTarget "BCJJSONContinuationsOSX" */ = {
			isa = XCConfigurationList;
			buildConfigurations = (
				828555D51A0E147D00FCBF61 /* Debug */,
				828555D61A0E147D00FCBF61 /* Release */,
			);
			defaultConfigurationIsVisible = 0;
			defaultConfigurationName = Release;
		};
		82D3B19B19FBF7C5003C4EB5 /* Build configuration list for PBXNativeTarget "BCJJSONContinuationsTests" */ = {
			isa = XCConfigurationList;
			buildConfigurations = (
				82D3B19C19FBF7C5003C4EB5 /* Debug */,
				82D3B19D19FBF7C5003C4EB5 /* Release */,
			);
			defaultConfigurationIsVisible = 0;
			defaultConfigurationName = Release;
		};
		82EBE7AB19FCEEB1001F995B /* Build configuration list for PBXNativeTarget "BCJJSONContinuationsIOS" */ = {
			isa = XCConfigurationList;
			buildConfigurations = (
				82EBE7AC19FCEEB1001F995B /* Debug */,
				82EBE7AD19FCEEB1001F995B /* Release */,
			);
			defaultConfigurationIsVisible = 0;
			defaultConfigurationName = Release;
		};
		82F3E5C41A191ADC007C367E /* Build configuration list for PBXNativeTarget "BCJJSONContinuations" */ = {
			isa = XCConfigurationList;
			buildConfigurations = (
				82F3E5C51A191ADC007C367E /* Debug */,
				82F3E5C61A191ADC007C367E /* Release */,
			);
			defaultConfigurationIsVisible = 0;
			defaultConfigurationName = Release;
		};
/* End XCConfigurationList section */
	};
	rootObject = 8282CEB619F5987200555BB0 /* Project object */;
}
