// !$*UTF8*$!
{
	archiveVersion = 1;
	classes = {
	};
	objectVersion = 46;
	objects = {

/* Begin PBXBuildFile section */
		821ECA0E1A274D1700529F64 /* libBCLContinuationsOSX.dylib in Frameworks */ = {isa = PBXBuildFile; fileRef = 8204213C1A26369100AE3309 /* libBCLContinuationsOSX.dylib */; };
		821ECA121A2755BB00529F64 /* BCJEnumeration.m in Sources */ = {isa = PBXBuildFile; fileRef = 821ECA101A27526F00529F64 /* BCJEnumeration.m */; };
		821ECA131A2755BB00529F64 /* BCJEnumeration.m in Sources */ = {isa = PBXBuildFile; fileRef = 821ECA101A27526F00529F64 /* BCJEnumeration.m */; };
		821ECA141A2755BC00529F64 /* BCJEnumeration.m in Sources */ = {isa = PBXBuildFile; fileRef = 821ECA101A27526F00529F64 /* BCJEnumeration.m */; };
		823452021A12658000E19D74 /* libBCJSONMapperOSX.dylib in Frameworks */ = {isa = PBXBuildFile; fileRef = 828555C31A0E147D00FCBF61 /* libBCJSONMapperOSX.dylib */; };
		823C6A601A2213EC006C1A90 /* BCJMapper.h in Headers */ = {isa = PBXBuildFile; fileRef = 823C6A571A2213EC006C1A90 /* BCJMapper.h */; settings = {ATTRIBUTES = (Public, ); }; };
		823C6A611A2213EC006C1A90 /* BCJMapper.h in Headers */ = {isa = PBXBuildFile; fileRef = 823C6A571A2213EC006C1A90 /* BCJMapper.h */; };
		823C6A621A2213EC006C1A90 /* BCJMapper.m in Sources */ = {isa = PBXBuildFile; fileRef = 823C6A581A2213EC006C1A90 /* BCJMapper.m */; };
		823C6A631A2213EC006C1A90 /* BCJMapper.m in Sources */ = {isa = PBXBuildFile; fileRef = 823C6A581A2213EC006C1A90 /* BCJMapper.m */; };
		823C6A641A2213EC006C1A90 /* BCJMapper.m in Sources */ = {isa = PBXBuildFile; fileRef = 823C6A581A2213EC006C1A90 /* BCJMapper.m */; };
		823C6A651A2213EC006C1A90 /* BCJPropertyContinuations.h in Headers */ = {isa = PBXBuildFile; fileRef = 823C6A591A2213EC006C1A90 /* BCJPropertyContinuations.h */; settings = {ATTRIBUTES = (Public, ); }; };
		823C6A661A2213EC006C1A90 /* BCJPropertyContinuations.h in Headers */ = {isa = PBXBuildFile; fileRef = 823C6A591A2213EC006C1A90 /* BCJPropertyContinuations.h */; };
		823C6A671A2213EC006C1A90 /* BCJPropertyContinuations.m in Sources */ = {isa = PBXBuildFile; fileRef = 823C6A5A1A2213EC006C1A90 /* BCJPropertyContinuations.m */; };
		823C6A681A2213EC006C1A90 /* BCJPropertyContinuations.m in Sources */ = {isa = PBXBuildFile; fileRef = 823C6A5A1A2213EC006C1A90 /* BCJPropertyContinuations.m */; };
		823C6A691A2213EC006C1A90 /* BCJPropertyContinuations.m in Sources */ = {isa = PBXBuildFile; fileRef = 823C6A5A1A2213EC006C1A90 /* BCJPropertyContinuations.m */; };
		823C6A6A1A2213EC006C1A90 /* BCJSONMapper.h in Headers */ = {isa = PBXBuildFile; fileRef = 823C6A5B1A2213EC006C1A90 /* BCJSONMapper.h */; settings = {ATTRIBUTES = (Public, ); }; };
		823C6A6B1A2213EC006C1A90 /* BCJSONMapper.h in Headers */ = {isa = PBXBuildFile; fileRef = 823C6A5B1A2213EC006C1A90 /* BCJSONMapper.h */; };
		823C6A6C1A2213EC006C1A90 /* BCJStackJSONSource.h in Headers */ = {isa = PBXBuildFile; fileRef = 823C6A5C1A2213EC006C1A90 /* BCJStackJSONSource.h */; settings = {ATTRIBUTES = (Public, ); }; };
		823C6A6D1A2213EC006C1A90 /* BCJStackJSONSource.h in Headers */ = {isa = PBXBuildFile; fileRef = 823C6A5C1A2213EC006C1A90 /* BCJStackJSONSource.h */; };
		823C6A6E1A2213EC006C1A90 /* BCJStackJSONSource.m in Sources */ = {isa = PBXBuildFile; fileRef = 823C6A5D1A2213EC006C1A90 /* BCJStackJSONSource.m */; };
		823C6A6F1A2213EC006C1A90 /* BCJStackJSONSource.m in Sources */ = {isa = PBXBuildFile; fileRef = 823C6A5D1A2213EC006C1A90 /* BCJStackJSONSource.m */; };
		823C6A701A2213EC006C1A90 /* BCJStackJSONSource.m in Sources */ = {isa = PBXBuildFile; fileRef = 823C6A5D1A2213EC006C1A90 /* BCJStackJSONSource.m */; };
		823C6A711A2213EC006C1A90 /* BCJStackPropertyTarget.h in Headers */ = {isa = PBXBuildFile; fileRef = 823C6A5E1A2213EC006C1A90 /* BCJStackPropertyTarget.h */; settings = {ATTRIBUTES = (Public, ); }; };
		823C6A721A2213EC006C1A90 /* BCJStackPropertyTarget.h in Headers */ = {isa = PBXBuildFile; fileRef = 823C6A5E1A2213EC006C1A90 /* BCJStackPropertyTarget.h */; };
		823C6A731A2213EC006C1A90 /* BCJStackPropertyTarget.m in Sources */ = {isa = PBXBuildFile; fileRef = 823C6A5F1A2213EC006C1A90 /* BCJStackPropertyTarget.m */; };
		823C6A741A2213EC006C1A90 /* BCJStackPropertyTarget.m in Sources */ = {isa = PBXBuildFile; fileRef = 823C6A5F1A2213EC006C1A90 /* BCJStackPropertyTarget.m */; };
		823C6A751A2213EC006C1A90 /* BCJStackPropertyTarget.m in Sources */ = {isa = PBXBuildFile; fileRef = 823C6A5F1A2213EC006C1A90 /* BCJStackPropertyTarget.m */; };
		823C6AE61A22196C006C1A90 /* BCJSONContinuations.h in Headers */ = {isa = PBXBuildFile; fileRef = 823C6ABC1A22196C006C1A90 /* BCJSONContinuations.h */; settings = {ATTRIBUTES = (Public, ); }; };
		823C6AE71A22196C006C1A90 /* BCJSONContinuations.h in Headers */ = {isa = PBXBuildFile; fileRef = 823C6ABC1A22196C006C1A90 /* BCJSONContinuations.h */; };
		823C6AE81A22196C006C1A90 /* BCJConstants.h in Headers */ = {isa = PBXBuildFile; fileRef = 823C6ABE1A22196C006C1A90 /* BCJConstants.h */; settings = {ATTRIBUTES = (Public, ); }; };
		823C6AE91A22196C006C1A90 /* BCJConstants.h in Headers */ = {isa = PBXBuildFile; fileRef = 823C6ABE1A22196C006C1A90 /* BCJConstants.h */; };
		823C6AEA1A22196C006C1A90 /* BCJConstants.m in Sources */ = {isa = PBXBuildFile; fileRef = 823C6ABF1A22196C006C1A90 /* BCJConstants.m */; };
		823C6AEB1A22196C006C1A90 /* BCJConstants.m in Sources */ = {isa = PBXBuildFile; fileRef = 823C6ABF1A22196C006C1A90 /* BCJConstants.m */; };
		823C6AEC1A22196C006C1A90 /* BCJConstants.m in Sources */ = {isa = PBXBuildFile; fileRef = 823C6ABF1A22196C006C1A90 /* BCJConstants.m */; };
		823C6AED1A22196C006C1A90 /* BCJDefines.h in Headers */ = {isa = PBXBuildFile; fileRef = 823C6AC01A22196C006C1A90 /* BCJDefines.h */; settings = {ATTRIBUTES = (Public, ); }; };
		823C6AEE1A22196C006C1A90 /* BCJDefines.h in Headers */ = {isa = PBXBuildFile; fileRef = 823C6AC01A22196C006C1A90 /* BCJDefines.h */; };
		823C6AEF1A22196C006C1A90 /* BCJError.h in Headers */ = {isa = PBXBuildFile; fileRef = 823C6AC11A22196C006C1A90 /* BCJError.h */; settings = {ATTRIBUTES = (Public, ); }; };
		823C6AF01A22196C006C1A90 /* BCJError.h in Headers */ = {isa = PBXBuildFile; fileRef = 823C6AC11A22196C006C1A90 /* BCJError.h */; };
		823C6AF11A22196C006C1A90 /* BCJError.m in Sources */ = {isa = PBXBuildFile; fileRef = 823C6AC21A22196C006C1A90 /* BCJError.m */; };
		823C6AF21A22196C006C1A90 /* BCJError.m in Sources */ = {isa = PBXBuildFile; fileRef = 823C6AC21A22196C006C1A90 /* BCJError.m */; };
		823C6AF31A22196C006C1A90 /* BCJError.m in Sources */ = {isa = PBXBuildFile; fileRef = 823C6AC21A22196C006C1A90 /* BCJError.m */; };
		823C6AF41A22196C006C1A90 /* BCJEnumerateJSONPathComponents.h in Headers */ = {isa = PBXBuildFile; fileRef = 823C6AC41A22196C006C1A90 /* BCJEnumerateJSONPathComponents.h */; settings = {ATTRIBUTES = (Public, ); }; };
		823C6AF51A22196C006C1A90 /* BCJEnumerateJSONPathComponents.h in Headers */ = {isa = PBXBuildFile; fileRef = 823C6AC41A22196C006C1A90 /* BCJEnumerateJSONPathComponents.h */; };
		823C6AF61A22196C006C1A90 /* BCJEnumerateJSONPathComponents.m in Sources */ = {isa = PBXBuildFile; fileRef = 823C6AC51A22196C006C1A90 /* BCJEnumerateJSONPathComponents.m */; };
		823C6AF71A22196C006C1A90 /* BCJEnumerateJSONPathComponents.m in Sources */ = {isa = PBXBuildFile; fileRef = 823C6AC51A22196C006C1A90 /* BCJEnumerateJSONPathComponents.m */; };
		823C6AF81A22196C006C1A90 /* BCJEnumerateJSONPathComponents.m in Sources */ = {isa = PBXBuildFile; fileRef = 823C6AC51A22196C006C1A90 /* BCJEnumerateJSONPathComponents.m */; };
		823C6AF91A22196C006C1A90 /* BCJGettersAndSetters.h in Headers */ = {isa = PBXBuildFile; fileRef = 823C6AC61A22196C006C1A90 /* BCJGettersAndSetters.h */; settings = {ATTRIBUTES = (Public, ); }; };
		823C6AFA1A22196C006C1A90 /* BCJGettersAndSetters.h in Headers */ = {isa = PBXBuildFile; fileRef = 823C6AC61A22196C006C1A90 /* BCJGettersAndSetters.h */; };
		823C6AFB1A22196C006C1A90 /* BCJGettersAndSetters.m in Sources */ = {isa = PBXBuildFile; fileRef = 823C6AC71A22196C006C1A90 /* BCJGettersAndSetters.m */; };
		823C6AFC1A22196C006C1A90 /* BCJGettersAndSetters.m in Sources */ = {isa = PBXBuildFile; fileRef = 823C6AC71A22196C006C1A90 /* BCJGettersAndSetters.m */; };
		823C6AFD1A22196C006C1A90 /* BCJGettersAndSetters.m in Sources */ = {isa = PBXBuildFile; fileRef = 823C6AC71A22196C006C1A90 /* BCJGettersAndSetters.m */; };
		823C6AFE1A22196C006C1A90 /* BCJJSONSource.h in Headers */ = {isa = PBXBuildFile; fileRef = 823C6AC81A22196C006C1A90 /* BCJJSONSource.h */; settings = {ATTRIBUTES = (Public, ); }; };
		823C6AFF1A22196C006C1A90 /* BCJJSONSource.h in Headers */ = {isa = PBXBuildFile; fileRef = 823C6AC81A22196C006C1A90 /* BCJJSONSource.h */; };
		823C6B001A22196C006C1A90 /* BCJJSONSource.m in Sources */ = {isa = PBXBuildFile; fileRef = 823C6AC91A22196C006C1A90 /* BCJJSONSource.m */; };
		823C6B011A22196C006C1A90 /* BCJJSONSource.m in Sources */ = {isa = PBXBuildFile; fileRef = 823C6AC91A22196C006C1A90 /* BCJJSONSource.m */; };
		823C6B021A22196C006C1A90 /* BCJJSONSource.m in Sources */ = {isa = PBXBuildFile; fileRef = 823C6AC91A22196C006C1A90 /* BCJJSONSource.m */; };
		823C6B031A22196C006C1A90 /* BCJJSONSourceConstants.h in Headers */ = {isa = PBXBuildFile; fileRef = 823C6ACA1A22196C006C1A90 /* BCJJSONSourceConstants.h */; settings = {ATTRIBUTES = (Public, ); }; };
		823C6B041A22196C006C1A90 /* BCJJSONSourceConstants.h in Headers */ = {isa = PBXBuildFile; fileRef = 823C6ACA1A22196C006C1A90 /* BCJJSONSourceConstants.h */; };
		823C6B051A22196C006C1A90 /* BCJLogging.h in Headers */ = {isa = PBXBuildFile; fileRef = 823C6ACB1A22196C006C1A90 /* BCJLogging.h */; settings = {ATTRIBUTES = (Public, ); }; };
		823C6B061A22196C006C1A90 /* BCJLogging.h in Headers */ = {isa = PBXBuildFile; fileRef = 823C6ACB1A22196C006C1A90 /* BCJLogging.h */; };
		823C6B071A22196C006C1A90 /* BCJLogging.m in Sources */ = {isa = PBXBuildFile; fileRef = 823C6ACC1A22196C006C1A90 /* BCJLogging.m */; };
		823C6B081A22196C006C1A90 /* BCJLogging.m in Sources */ = {isa = PBXBuildFile; fileRef = 823C6ACC1A22196C006C1A90 /* BCJLogging.m */; };
		823C6B091A22196C006C1A90 /* BCJLogging.m in Sources */ = {isa = PBXBuildFile; fileRef = 823C6ACC1A22196C006C1A90 /* BCJLogging.m */; };
		823C6B0A1A22196C006C1A90 /* BCJPropertyTarget+ValueIntrospection.h in Headers */ = {isa = PBXBuildFile; fileRef = 823C6ACD1A22196C006C1A90 /* BCJPropertyTarget+ValueIntrospection.h */; settings = {ATTRIBUTES = (Public, ); }; };
		823C6B0B1A22196C006C1A90 /* BCJPropertyTarget+ValueIntrospection.h in Headers */ = {isa = PBXBuildFile; fileRef = 823C6ACD1A22196C006C1A90 /* BCJPropertyTarget+ValueIntrospection.h */; };
		823C6B0C1A22196C006C1A90 /* BCJPropertyTarget+ValueIntrospection.m in Sources */ = {isa = PBXBuildFile; fileRef = 823C6ACE1A22196C006C1A90 /* BCJPropertyTarget+ValueIntrospection.m */; };
		823C6B0D1A22196C006C1A90 /* BCJPropertyTarget+ValueIntrospection.m in Sources */ = {isa = PBXBuildFile; fileRef = 823C6ACE1A22196C006C1A90 /* BCJPropertyTarget+ValueIntrospection.m */; };
		823C6B0E1A22196C006C1A90 /* BCJPropertyTarget+ValueIntrospection.m in Sources */ = {isa = PBXBuildFile; fileRef = 823C6ACE1A22196C006C1A90 /* BCJPropertyTarget+ValueIntrospection.m */; };
		823C6B0F1A22196C006C1A90 /* BCJPropertyTarget.h in Headers */ = {isa = PBXBuildFile; fileRef = 823C6ACF1A22196C006C1A90 /* BCJPropertyTarget.h */; settings = {ATTRIBUTES = (Public, ); }; };
		823C6B101A22196C006C1A90 /* BCJPropertyTarget.h in Headers */ = {isa = PBXBuildFile; fileRef = 823C6ACF1A22196C006C1A90 /* BCJPropertyTarget.h */; };
		823C6B111A22196C006C1A90 /* BCJPropertyTarget.m in Sources */ = {isa = PBXBuildFile; fileRef = 823C6AD01A22196C006C1A90 /* BCJPropertyTarget.m */; };
		823C6B121A22196C006C1A90 /* BCJPropertyTarget.m in Sources */ = {isa = PBXBuildFile; fileRef = 823C6AD01A22196C006C1A90 /* BCJPropertyTarget.m */; };
		823C6B131A22196C006C1A90 /* BCJPropertyTarget.m in Sources */ = {isa = PBXBuildFile; fileRef = 823C6AD01A22196C006C1A90 /* BCJPropertyTarget.m */; };
		823C6B141A22196C006C1A90 /* BCJContainer.h in Headers */ = {isa = PBXBuildFile; fileRef = 823C6AD21A22196C006C1A90 /* BCJContainer.h */; settings = {ATTRIBUTES = (Public, ); }; };
		823C6B151A22196C006C1A90 /* BCJContainer.h in Headers */ = {isa = PBXBuildFile; fileRef = 823C6AD21A22196C006C1A90 /* BCJContainer.h */; };
		823C6B161A22196C006C1A90 /* BCJContainer.m in Sources */ = {isa = PBXBuildFile; fileRef = 823C6AD31A22196C006C1A90 /* BCJContainer.m */; };
		823C6B171A22196C006C1A90 /* BCJContainer.m in Sources */ = {isa = PBXBuildFile; fileRef = 823C6AD31A22196C006C1A90 /* BCJContainer.m */; };
		823C6B181A22196C006C1A90 /* BCJContainer.m in Sources */ = {isa = PBXBuildFile; fileRef = 823C6AD31A22196C006C1A90 /* BCJContainer.m */; };
		823C6B191A22196C006C1A90 /* BCJContainerJSONSource.h in Headers */ = {isa = PBXBuildFile; fileRef = 823C6AD41A22196C006C1A90 /* BCJContainerJSONSource.h */; settings = {ATTRIBUTES = (Public, ); }; };
		823C6B1A1A22196C006C1A90 /* BCJContainerJSONSource.h in Headers */ = {isa = PBXBuildFile; fileRef = 823C6AD41A22196C006C1A90 /* BCJContainerJSONSource.h */; };
		823C6B1B1A22196C006C1A90 /* BCJContainerJSONSource.m in Sources */ = {isa = PBXBuildFile; fileRef = 823C6AD51A22196C006C1A90 /* BCJContainerJSONSource.m */; };
		823C6B1C1A22196C006C1A90 /* BCJContainerJSONSource.m in Sources */ = {isa = PBXBuildFile; fileRef = 823C6AD51A22196C006C1A90 /* BCJContainerJSONSource.m */; };
		823C6B1D1A22196C006C1A90 /* BCJContainerJSONSource.m in Sources */ = {isa = PBXBuildFile; fileRef = 823C6AD51A22196C006C1A90 /* BCJContainerJSONSource.m */; };
		823C6B1E1A22196C006C1A90 /* BCJContainerProtocol.h in Headers */ = {isa = PBXBuildFile; fileRef = 823C6AD61A22196C006C1A90 /* BCJContainerProtocol.h */; settings = {ATTRIBUTES = (Public, ); }; };
		823C6B1F1A22196C006C1A90 /* BCJContainerProtocol.h in Headers */ = {isa = PBXBuildFile; fileRef = 823C6AD61A22196C006C1A90 /* BCJContainerProtocol.h */; };
		823C6B201A22196C006C1A90 /* BCJDeserialization.h in Headers */ = {isa = PBXBuildFile; fileRef = 823C6AD71A22196C006C1A90 /* BCJDeserialization.h */; settings = {ATTRIBUTES = (Public, ); }; };
		823C6B211A22196C006C1A90 /* BCJDeserialization.h in Headers */ = {isa = PBXBuildFile; fileRef = 823C6AD71A22196C006C1A90 /* BCJDeserialization.h */; };
		823C6B221A22196C006C1A90 /* BCJDeserialization.m in Sources */ = {isa = PBXBuildFile; fileRef = 823C6AD81A22196C006C1A90 /* BCJDeserialization.m */; };
		823C6B231A22196C006C1A90 /* BCJDeserialization.m in Sources */ = {isa = PBXBuildFile; fileRef = 823C6AD81A22196C006C1A90 /* BCJDeserialization.m */; };
		823C6B241A22196C006C1A90 /* BCJDeserialization.m in Sources */ = {isa = PBXBuildFile; fileRef = 823C6AD81A22196C006C1A90 /* BCJDeserialization.m */; };
		823C6B251A22196C006C1A90 /* BCJAdditionalTypes.h in Headers */ = {isa = PBXBuildFile; fileRef = 823C6ADA1A22196C006C1A90 /* BCJAdditionalTypes.h */; settings = {ATTRIBUTES = (Public, ); }; };
		823C6B261A22196C006C1A90 /* BCJAdditionalTypes.h in Headers */ = {isa = PBXBuildFile; fileRef = 823C6ADA1A22196C006C1A90 /* BCJAdditionalTypes.h */; };
		823C6B271A22196C006C1A90 /* BCJAdditionalTypes.m in Sources */ = {isa = PBXBuildFile; fileRef = 823C6ADB1A22196C006C1A90 /* BCJAdditionalTypes.m */; };
		823C6B281A22196C006C1A90 /* BCJAdditionalTypes.m in Sources */ = {isa = PBXBuildFile; fileRef = 823C6ADB1A22196C006C1A90 /* BCJAdditionalTypes.m */; };
		823C6B291A22196C006C1A90 /* BCJAdditionalTypes.m in Sources */ = {isa = PBXBuildFile; fileRef = 823C6ADB1A22196C006C1A90 /* BCJAdditionalTypes.m */; };
		823C6B2A1A22196C006C1A90 /* BCJJSONSource+DeferredClassCheck.h in Headers */ = {isa = PBXBuildFile; fileRef = 823C6ADC1A22196C006C1A90 /* BCJJSONSource+DeferredClassCheck.h */; settings = {ATTRIBUTES = (Public, ); }; };
		823C6B2B1A22196C006C1A90 /* BCJJSONSource+DeferredClassCheck.h in Headers */ = {isa = PBXBuildFile; fileRef = 823C6ADC1A22196C006C1A90 /* BCJJSONSource+DeferredClassCheck.h */; };
		823C6B2C1A22196C006C1A90 /* BCJJSONSource+DeferredClassCheck.m in Sources */ = {isa = PBXBuildFile; fileRef = 823C6ADD1A22196C006C1A90 /* BCJJSONSource+DeferredClassCheck.m */; };
		823C6B2D1A22196C006C1A90 /* BCJJSONSource+DeferredClassCheck.m in Sources */ = {isa = PBXBuildFile; fileRef = 823C6ADD1A22196C006C1A90 /* BCJJSONSource+DeferredClassCheck.m */; };
		823C6B2E1A22196C006C1A90 /* BCJJSONSource+DeferredClassCheck.m in Sources */ = {isa = PBXBuildFile; fileRef = 823C6ADD1A22196C006C1A90 /* BCJJSONSource+DeferredClassCheck.m */; };
		823C6B2F1A22196C006C1A90 /* BCJMap.h in Headers */ = {isa = PBXBuildFile; fileRef = 823C6ADE1A22196C006C1A90 /* BCJMap.h */; settings = {ATTRIBUTES = (Public, ); }; };
		823C6B301A22196C006C1A90 /* BCJMap.h in Headers */ = {isa = PBXBuildFile; fileRef = 823C6ADE1A22196C006C1A90 /* BCJMap.h */; };
		823C6B311A22196C006C1A90 /* BCJMap.m in Sources */ = {isa = PBXBuildFile; fileRef = 823C6ADF1A22196C006C1A90 /* BCJMap.m */; };
		823C6B321A22196C006C1A90 /* BCJMap.m in Sources */ = {isa = PBXBuildFile; fileRef = 823C6ADF1A22196C006C1A90 /* BCJMap.m */; };
		823C6B331A22196C006C1A90 /* BCJMap.m in Sources */ = {isa = PBXBuildFile; fileRef = 823C6ADF1A22196C006C1A90 /* BCJMap.m */; };
		823C6B341A22196C006C1A90 /* BCJMapOptions.h in Headers */ = {isa = PBXBuildFile; fileRef = 823C6AE01A22196C006C1A90 /* BCJMapOptions.h */; settings = {ATTRIBUTES = (Public, ); }; };
		823C6B351A22196C006C1A90 /* BCJMapOptions.h in Headers */ = {isa = PBXBuildFile; fileRef = 823C6AE01A22196C006C1A90 /* BCJMapOptions.h */; };
		823C6B361A22196C006C1A90 /* BCJStandardTypes.h in Headers */ = {isa = PBXBuildFile; fileRef = 823C6AE11A22196C006C1A90 /* BCJStandardTypes.h */; settings = {ATTRIBUTES = (Public, ); }; };
		823C6B371A22196C006C1A90 /* BCJStandardTypes.h in Headers */ = {isa = PBXBuildFile; fileRef = 823C6AE11A22196C006C1A90 /* BCJStandardTypes.h */; };
		823C6B381A22196C006C1A90 /* BCJStandardTypes.m in Sources */ = {isa = PBXBuildFile; fileRef = 823C6AE21A22196C006C1A90 /* BCJStandardTypes.m */; };
		823C6B391A22196C006C1A90 /* BCJStandardTypes.m in Sources */ = {isa = PBXBuildFile; fileRef = 823C6AE21A22196C006C1A90 /* BCJStandardTypes.m */; };
		823C6B3A1A22196C006C1A90 /* BCJStandardTypes.m in Sources */ = {isa = PBXBuildFile; fileRef = 823C6AE21A22196C006C1A90 /* BCJStandardTypes.m */; };
		823C6B3B1A22196C006C1A90 /* BCJValidation.h in Headers */ = {isa = PBXBuildFile; fileRef = 823C6AE41A22196C006C1A90 /* BCJValidation.h */; settings = {ATTRIBUTES = (Public, ); }; };
		823C6B3C1A22196C006C1A90 /* BCJValidation.h in Headers */ = {isa = PBXBuildFile; fileRef = 823C6AE41A22196C006C1A90 /* BCJValidation.h */; };
		823C6B3D1A22196C006C1A90 /* BCJValidation.m in Sources */ = {isa = PBXBuildFile; fileRef = 823C6AE51A22196C006C1A90 /* BCJValidation.m */; };
		823C6B3E1A22196C006C1A90 /* BCJValidation.m in Sources */ = {isa = PBXBuildFile; fileRef = 823C6AE51A22196C006C1A90 /* BCJValidation.m */; };
		823C6B3F1A22196C006C1A90 /* BCJValidation.m in Sources */ = {isa = PBXBuildFile; fileRef = 823C6AE51A22196C006C1A90 /* BCJValidation.m */; };
		823C6B661A221B0A006C1A90 /* libBCJSONMapperOSX.dylib in Frameworks */ = {isa = PBXBuildFile; fileRef = 828555C31A0E147D00FCBF61 /* libBCJSONMapperOSX.dylib */; };
		823C6B761A221B1D006C1A90 /* libBCJSONMapperOSX.dylib in Frameworks */ = {isa = PBXBuildFile; fileRef = 828555C31A0E147D00FCBF61 /* libBCJSONMapperOSX.dylib */; };
		823C6B861A221B2B006C1A90 /* libBCJSONMapperOSX.dylib in Frameworks */ = {isa = PBXBuildFile; fileRef = 828555C31A0E147D00FCBF61 /* libBCJSONMapperOSX.dylib */; };
		823C6BA71A221B74006C1A90 /* BCJAdditionalTypesTests.m in Sources */ = {isa = PBXBuildFile; fileRef = 823C6B991A221B74006C1A90 /* BCJAdditionalTypesTests.m */; };
		823C6BA81A221B74006C1A90 /* BCJDeserializationTests.m in Sources */ = {isa = PBXBuildFile; fileRef = 823C6B9A1A221B74006C1A90 /* BCJDeserializationTests.m */; };
		823C6BA91A221B74006C1A90 /* BCJEnumerateJSONPathComponentsTests.m in Sources */ = {isa = PBXBuildFile; fileRef = 823C6B9B1A221B74006C1A90 /* BCJEnumerateJSONPathComponentsTests.m */; };
		823C6BAA1A221B74006C1A90 /* BCJGettersAndSettersTests.m in Sources */ = {isa = PBXBuildFile; fileRef = 823C6B9C1A221B74006C1A90 /* BCJGettersAndSettersTests.m */; };
		823C6BAB1A221B74006C1A90 /* BCJJSONSourceTests.m in Sources */ = {isa = PBXBuildFile; fileRef = 823C6B9D1A221B74006C1A90 /* BCJJSONSourceTests.m */; };
		823C6BAC1A221B74006C1A90 /* BCJJSONTargetTests.m in Sources */ = {isa = PBXBuildFile; fileRef = 823C6B9E1A221B74006C1A90 /* BCJJSONTargetTests.m */; };
		823C6BAD1A221B74006C1A90 /* BCJMapTests.m in Sources */ = {isa = PBXBuildFile; fileRef = 823C6B9F1A221B74006C1A90 /* BCJMapTests.m */; };
		823C6BAE1A221B74006C1A90 /* BCJPropertyTarget+ValueIntrospectionTests.m in Sources */ = {isa = PBXBuildFile; fileRef = 823C6BA01A221B74006C1A90 /* BCJPropertyTarget+ValueIntrospectionTests.m */; };
		823C6BAF1A221B74006C1A90 /* BCJSONContinuationsTests.m in Sources */ = {isa = PBXBuildFile; fileRef = 823C6BA11A221B74006C1A90 /* BCJSONContinuationsTests.m */; };
		823C6BB01A221B74006C1A90 /* BCJStandardTypesTests.m in Sources */ = {isa = PBXBuildFile; fileRef = 823C6BA21A221B74006C1A90 /* BCJStandardTypesTests.m */; };
		823C6BB11A221B74006C1A90 /* BCJValidationTests.m in Sources */ = {isa = PBXBuildFile; fileRef = 823C6BA31A221B74006C1A90 /* BCJValidationTests.m */; };
		823C6BB31A221B74006C1A90 /* Info.plist in Resources */ = {isa = PBXBuildFile; fileRef = 823C6BA61A221B74006C1A90 /* Info.plist */; };
		823C6BC41A221C58006C1A90 /* BCJSONMapperTests.m in Sources */ = {isa = PBXBuildFile; fileRef = 823C6BC11A221C58006C1A90 /* BCJSONMapperTests.m */; };
		823C6BC51A221C58006C1A90 /* Info.plist in Resources */ = {isa = PBXBuildFile; fileRef = 823C6BC31A221C58006C1A90 /* Info.plist */; };
		82D3B1A019FBF8D3003C4EB5 /* main.m in Sources */ = {isa = PBXBuildFile; fileRef = 82D3B19F19FBF8D3003C4EB5 /* main.m */; };
		82F3E5F61A191B5C007C367E /* LICENSE in Resources */ = {isa = PBXBuildFile; fileRef = 82F3E5F51A191B4C007C367E /* LICENSE */; };
/* End PBXBuildFile section */

/* Begin PBXContainerItemProxy section */
		820421391A26369100AE3309 /* PBXContainerItemProxy */ = {
			isa = PBXContainerItemProxy;
			containerPortal = 820421331A26369100AE3309 /* BCLContinuations.xcodeproj */;
			proxyType = 2;
			remoteGlobalIDString = 820420E61A2623B600AE3309;
			remoteInfo = BCLContinuations;
		};
		8204213B1A26369100AE3309 /* PBXContainerItemProxy */ = {
			isa = PBXContainerItemProxy;
			containerPortal = 820421331A26369100AE3309 /* BCLContinuations.xcodeproj */;
			proxyType = 2;
			remoteGlobalIDString = 820420F61A26243400AE3309;
			remoteInfo = BCLContinuationsOSX;
		};
		8204213D1A26369100AE3309 /* PBXContainerItemProxy */ = {
			isa = PBXContainerItemProxy;
			containerPortal = 820421331A26369100AE3309 /* BCLContinuations.xcodeproj */;
			proxyType = 2;
			remoteGlobalIDString = 820421001A26243400AE3309;
			remoteInfo = BCLContinuationsTests;
		};
		823C6B671A221B0A006C1A90 /* PBXContainerItemProxy */ = {
			isa = PBXContainerItemProxy;
			containerPortal = 8282CEB619F5987200555BB0 /* Project object */;
			proxyType = 1;
			remoteGlobalIDString = 828555C21A0E147D00FCBF61;
			remoteInfo = BCJSONMapperOSX;
		};
		823C6B771A221B1D006C1A90 /* PBXContainerItemProxy */ = {
			isa = PBXContainerItemProxy;
			containerPortal = 8282CEB619F5987200555BB0 /* Project object */;
			proxyType = 1;
			remoteGlobalIDString = 828555C21A0E147D00FCBF61;
			remoteInfo = BCJSONMapperOSX;
		};
		823C6B871A221B2B006C1A90 /* PBXContainerItemProxy */ = {
			isa = PBXContainerItemProxy;
			containerPortal = 8282CEB619F5987200555BB0 /* Project object */;
			proxyType = 1;
			remoteGlobalIDString = 828555C21A0E147D00FCBF61;
			remoteInfo = BCJSONMapperOSX;
		};
/* End PBXContainerItemProxy section */

/* Begin PBXCopyFilesBuildPhase section */
		82EBE79819FCEEB0001F995B /* CopyFiles */ = {
			isa = PBXCopyFilesBuildPhase;
			buildActionMask = 2147483647;
			dstPath = "include/$(PRODUCT_NAME)";
			dstSubfolderSpec = 16;
			files = (
			);
			runOnlyForDeploymentPostprocessing = 0;
		};
/* End PBXCopyFilesBuildPhase section */

/* Begin PBXFileReference section */
		820421331A26369100AE3309 /* BCLContinuations.xcodeproj */ = {isa = PBXFileReference; lastKnownFileType = "wrapper.pb-project"; name = BCLContinuations.xcodeproj; path = BCLContinuations/BCLContinuations.xcodeproj; sourceTree = "<group>"; };
		821C2B201A05A4AA00C56BC3 /* readme.md */ = {isa = PBXFileReference; fileEncoding = 4; lastKnownFileType = net.daringfireball.markdown; path = readme.md; sourceTree = "<group>"; };
		821ECA0F1A27526F00529F64 /* BCJEnumeration.h */ = {isa = PBXFileReference; fileEncoding = 4; lastKnownFileType = sourcecode.c.h; path = BCJEnumeration.h; sourceTree = "<group>"; };
		821ECA101A27526F00529F64 /* BCJEnumeration.m */ = {isa = PBXFileReference; fileEncoding = 4; lastKnownFileType = sourcecode.c.objc; path = BCJEnumeration.m; sourceTree = "<group>"; };
		823C6A571A2213EC006C1A90 /* BCJMapper.h */ = {isa = PBXFileReference; fileEncoding = 4; lastKnownFileType = sourcecode.c.h; path = BCJMapper.h; sourceTree = "<group>"; };
		823C6A581A2213EC006C1A90 /* BCJMapper.m */ = {isa = PBXFileReference; fileEncoding = 4; lastKnownFileType = sourcecode.c.objc; path = BCJMapper.m; sourceTree = "<group>"; };
		823C6A591A2213EC006C1A90 /* BCJPropertyContinuations.h */ = {isa = PBXFileReference; fileEncoding = 4; lastKnownFileType = sourcecode.c.h; path = BCJPropertyContinuations.h; sourceTree = "<group>"; };
		823C6A5A1A2213EC006C1A90 /* BCJPropertyContinuations.m */ = {isa = PBXFileReference; fileEncoding = 4; lastKnownFileType = sourcecode.c.objc; path = BCJPropertyContinuations.m; sourceTree = "<group>"; };
		823C6A5B1A2213EC006C1A90 /* BCJSONMapper.h */ = {isa = PBXFileReference; fileEncoding = 4; lastKnownFileType = sourcecode.c.h; path = BCJSONMapper.h; sourceTree = "<group>"; };
		823C6A5C1A2213EC006C1A90 /* BCJStackJSONSource.h */ = {isa = PBXFileReference; fileEncoding = 4; lastKnownFileType = sourcecode.c.h; path = BCJStackJSONSource.h; sourceTree = "<group>"; };
		823C6A5D1A2213EC006C1A90 /* BCJStackJSONSource.m */ = {isa = PBXFileReference; fileEncoding = 4; lastKnownFileType = sourcecode.c.objc; path = BCJStackJSONSource.m; sourceTree = "<group>"; };
		823C6A5E1A2213EC006C1A90 /* BCJStackPropertyTarget.h */ = {isa = PBXFileReference; fileEncoding = 4; lastKnownFileType = sourcecode.c.h; path = BCJStackPropertyTarget.h; sourceTree = "<group>"; };
		823C6A5F1A2213EC006C1A90 /* BCJStackPropertyTarget.m */ = {isa = PBXFileReference; fileEncoding = 4; lastKnownFileType = sourcecode.c.objc; path = BCJStackPropertyTarget.m; sourceTree = "<group>"; };
		823C6ABC1A22196C006C1A90 /* BCJSONContinuations.h */ = {isa = PBXFileReference; fileEncoding = 4; lastKnownFileType = sourcecode.c.h; path = BCJSONContinuations.h; sourceTree = "<group>"; };
		823C6ABE1A22196C006C1A90 /* BCJConstants.h */ = {isa = PBXFileReference; fileEncoding = 4; lastKnownFileType = sourcecode.c.h; path = BCJConstants.h; sourceTree = "<group>"; };
		823C6ABF1A22196C006C1A90 /* BCJConstants.m */ = {isa = PBXFileReference; fileEncoding = 4; lastKnownFileType = sourcecode.c.objc; path = BCJConstants.m; sourceTree = "<group>"; };
		823C6AC01A22196C006C1A90 /* BCJDefines.h */ = {isa = PBXFileReference; fileEncoding = 4; lastKnownFileType = sourcecode.c.h; path = BCJDefines.h; sourceTree = "<group>"; };
		823C6AC11A22196C006C1A90 /* BCJError.h */ = {isa = PBXFileReference; fileEncoding = 4; lastKnownFileType = sourcecode.c.h; path = BCJError.h; sourceTree = "<group>"; };
		823C6AC21A22196C006C1A90 /* BCJError.m */ = {isa = PBXFileReference; fileEncoding = 4; lastKnownFileType = sourcecode.c.objc; path = BCJError.m; sourceTree = "<group>"; };
		823C6AC41A22196C006C1A90 /* BCJEnumerateJSONPathComponents.h */ = {isa = PBXFileReference; fileEncoding = 4; lastKnownFileType = sourcecode.c.h; path = BCJEnumerateJSONPathComponents.h; sourceTree = "<group>"; };
		823C6AC51A22196C006C1A90 /* BCJEnumerateJSONPathComponents.m */ = {isa = PBXFileReference; fileEncoding = 4; lastKnownFileType = sourcecode.c.objc; path = BCJEnumerateJSONPathComponents.m; sourceTree = "<group>"; };
		823C6AC61A22196C006C1A90 /* BCJGettersAndSetters.h */ = {isa = PBXFileReference; fileEncoding = 4; lastKnownFileType = sourcecode.c.h; path = BCJGettersAndSetters.h; sourceTree = "<group>"; };
		823C6AC71A22196C006C1A90 /* BCJGettersAndSetters.m */ = {isa = PBXFileReference; fileEncoding = 4; lastKnownFileType = sourcecode.c.objc; path = BCJGettersAndSetters.m; sourceTree = "<group>"; };
		823C6AC81A22196C006C1A90 /* BCJJSONSource.h */ = {isa = PBXFileReference; fileEncoding = 4; lastKnownFileType = sourcecode.c.h; path = BCJJSONSource.h; sourceTree = "<group>"; };
		823C6AC91A22196C006C1A90 /* BCJJSONSource.m */ = {isa = PBXFileReference; fileEncoding = 4; lastKnownFileType = sourcecode.c.objc; path = BCJJSONSource.m; sourceTree = "<group>"; };
		823C6ACA1A22196C006C1A90 /* BCJJSONSourceConstants.h */ = {isa = PBXFileReference; fileEncoding = 4; lastKnownFileType = sourcecode.c.h; path = BCJJSONSourceConstants.h; sourceTree = "<group>"; };
		823C6ACB1A22196C006C1A90 /* BCJLogging.h */ = {isa = PBXFileReference; fileEncoding = 4; lastKnownFileType = sourcecode.c.h; path = BCJLogging.h; sourceTree = "<group>"; };
		823C6ACC1A22196C006C1A90 /* BCJLogging.m */ = {isa = PBXFileReference; fileEncoding = 4; lastKnownFileType = sourcecode.c.objc; path = BCJLogging.m; sourceTree = "<group>"; };
		823C6ACD1A22196C006C1A90 /* BCJPropertyTarget+ValueIntrospection.h */ = {isa = PBXFileReference; fileEncoding = 4; lastKnownFileType = sourcecode.c.h; path = "BCJPropertyTarget+ValueIntrospection.h"; sourceTree = "<group>"; };
		823C6ACE1A22196C006C1A90 /* BCJPropertyTarget+ValueIntrospection.m */ = {isa = PBXFileReference; fileEncoding = 4; lastKnownFileType = sourcecode.c.objc; path = "BCJPropertyTarget+ValueIntrospection.m"; sourceTree = "<group>"; };
		823C6ACF1A22196C006C1A90 /* BCJPropertyTarget.h */ = {isa = PBXFileReference; fileEncoding = 4; lastKnownFileType = sourcecode.c.h; path = BCJPropertyTarget.h; sourceTree = "<group>"; };
		823C6AD01A22196C006C1A90 /* BCJPropertyTarget.m */ = {isa = PBXFileReference; fileEncoding = 4; lastKnownFileType = sourcecode.c.objc; path = BCJPropertyTarget.m; sourceTree = "<group>"; };
		823C6AD21A22196C006C1A90 /* BCJContainer.h */ = {isa = PBXFileReference; fileEncoding = 4; lastKnownFileType = sourcecode.c.h; path = BCJContainer.h; sourceTree = "<group>"; };
		823C6AD31A22196C006C1A90 /* BCJContainer.m */ = {isa = PBXFileReference; fileEncoding = 4; lastKnownFileType = sourcecode.c.objc; path = BCJContainer.m; sourceTree = "<group>"; };
		823C6AD41A22196C006C1A90 /* BCJContainerJSONSource.h */ = {isa = PBXFileReference; fileEncoding = 4; lastKnownFileType = sourcecode.c.h; path = BCJContainerJSONSource.h; sourceTree = "<group>"; };
		823C6AD51A22196C006C1A90 /* BCJContainerJSONSource.m */ = {isa = PBXFileReference; fileEncoding = 4; lastKnownFileType = sourcecode.c.objc; path = BCJContainerJSONSource.m; sourceTree = "<group>"; };
		823C6AD61A22196C006C1A90 /* BCJContainerProtocol.h */ = {isa = PBXFileReference; fileEncoding = 4; lastKnownFileType = sourcecode.c.h; path = BCJContainerProtocol.h; sourceTree = "<group>"; };
		823C6AD71A22196C006C1A90 /* BCJDeserialization.h */ = {isa = PBXFileReference; fileEncoding = 4; lastKnownFileType = sourcecode.c.h; path = BCJDeserialization.h; sourceTree = "<group>"; };
		823C6AD81A22196C006C1A90 /* BCJDeserialization.m */ = {isa = PBXFileReference; fileEncoding = 4; lastKnownFileType = sourcecode.c.objc; path = BCJDeserialization.m; sourceTree = "<group>"; };
		823C6ADA1A22196C006C1A90 /* BCJAdditionalTypes.h */ = {isa = PBXFileReference; fileEncoding = 4; lastKnownFileType = sourcecode.c.h; path = BCJAdditionalTypes.h; sourceTree = "<group>"; };
		823C6ADB1A22196C006C1A90 /* BCJAdditionalTypes.m */ = {isa = PBXFileReference; fileEncoding = 4; lastKnownFileType = sourcecode.c.objc; path = BCJAdditionalTypes.m; sourceTree = "<group>"; };
		823C6ADC1A22196C006C1A90 /* BCJJSONSource+DeferredClassCheck.h */ = {isa = PBXFileReference; fileEncoding = 4; lastKnownFileType = sourcecode.c.h; path = "BCJJSONSource+DeferredClassCheck.h"; sourceTree = "<group>"; };
		823C6ADD1A22196C006C1A90 /* BCJJSONSource+DeferredClassCheck.m */ = {isa = PBXFileReference; fileEncoding = 4; lastKnownFileType = sourcecode.c.objc; path = "BCJJSONSource+DeferredClassCheck.m"; sourceTree = "<group>"; };
		823C6ADE1A22196C006C1A90 /* BCJMap.h */ = {isa = PBXFileReference; fileEncoding = 4; lastKnownFileType = sourcecode.c.h; path = BCJMap.h; sourceTree = "<group>"; };
		823C6ADF1A22196C006C1A90 /* BCJMap.m */ = {isa = PBXFileReference; fileEncoding = 4; lastKnownFileType = sourcecode.c.objc; path = BCJMap.m; sourceTree = "<group>"; };
		823C6AE01A22196C006C1A90 /* BCJMapOptions.h */ = {isa = PBXFileReference; fileEncoding = 4; lastKnownFileType = sourcecode.c.h; path = BCJMapOptions.h; sourceTree = "<group>"; };
		823C6AE11A22196C006C1A90 /* BCJStandardTypes.h */ = {isa = PBXFileReference; fileEncoding = 4; lastKnownFileType = sourcecode.c.h; path = BCJStandardTypes.h; sourceTree = "<group>"; };
		823C6AE21A22196C006C1A90 /* BCJStandardTypes.m */ = {isa = PBXFileReference; fileEncoding = 4; lastKnownFileType = sourcecode.c.objc; path = BCJStandardTypes.m; sourceTree = "<group>"; };
		823C6AE41A22196C006C1A90 /* BCJValidation.h */ = {isa = PBXFileReference; fileEncoding = 4; lastKnownFileType = sourcecode.c.h; path = BCJValidation.h; sourceTree = "<group>"; };
		823C6AE51A22196C006C1A90 /* BCJValidation.m */ = {isa = PBXFileReference; fileEncoding = 4; lastKnownFileType = sourcecode.c.objc; path = BCJValidation.m; sourceTree = "<group>"; };
		823C6B601A221B0A006C1A90 /* BCJSONMapperTests.xctest */ = {isa = PBXFileReference; explicitFileType = wrapper.cfbundle; includeInIndex = 0; path = BCJSONMapperTests.xctest; sourceTree = BUILT_PRODUCTS_DIR; };
		823C6B701A221B1D006C1A90 /* BCJSONContinuationsTests.xctest */ = {isa = PBXFileReference; explicitFileType = wrapper.cfbundle; includeInIndex = 0; path = BCJSONContinuationsTests.xctest; sourceTree = BUILT_PRODUCTS_DIR; };
		823C6B801A221B2B006C1A90 /* BCLContinuationsTests.xctest */ = {isa = PBXFileReference; explicitFileType = wrapper.cfbundle; includeInIndex = 0; path = BCLContinuationsTests.xctest; sourceTree = BUILT_PRODUCTS_DIR; };
		823C6B991A221B74006C1A90 /* BCJAdditionalTypesTests.m */ = {isa = PBXFileReference; fileEncoding = 4; lastKnownFileType = sourcecode.c.objc; path = BCJAdditionalTypesTests.m; sourceTree = "<group>"; };
		823C6B9A1A221B74006C1A90 /* BCJDeserializationTests.m */ = {isa = PBXFileReference; fileEncoding = 4; lastKnownFileType = sourcecode.c.objc; path = BCJDeserializationTests.m; sourceTree = "<group>"; };
		823C6B9B1A221B74006C1A90 /* BCJEnumerateJSONPathComponentsTests.m */ = {isa = PBXFileReference; fileEncoding = 4; lastKnownFileType = sourcecode.c.objc; path = BCJEnumerateJSONPathComponentsTests.m; sourceTree = "<group>"; };
		823C6B9C1A221B74006C1A90 /* BCJGettersAndSettersTests.m */ = {isa = PBXFileReference; fileEncoding = 4; lastKnownFileType = sourcecode.c.objc; path = BCJGettersAndSettersTests.m; sourceTree = "<group>"; };
		823C6B9D1A221B74006C1A90 /* BCJJSONSourceTests.m */ = {isa = PBXFileReference; fileEncoding = 4; lastKnownFileType = sourcecode.c.objc; path = BCJJSONSourceTests.m; sourceTree = "<group>"; };
		823C6B9E1A221B74006C1A90 /* BCJJSONTargetTests.m */ = {isa = PBXFileReference; fileEncoding = 4; lastKnownFileType = sourcecode.c.objc; path = BCJJSONTargetTests.m; sourceTree = "<group>"; };
		823C6B9F1A221B74006C1A90 /* BCJMapTests.m */ = {isa = PBXFileReference; fileEncoding = 4; lastKnownFileType = sourcecode.c.objc; path = BCJMapTests.m; sourceTree = "<group>"; };
		823C6BA01A221B74006C1A90 /* BCJPropertyTarget+ValueIntrospectionTests.m */ = {isa = PBXFileReference; fileEncoding = 4; lastKnownFileType = sourcecode.c.objc; path = "BCJPropertyTarget+ValueIntrospectionTests.m"; sourceTree = "<group>"; };
		823C6BA11A221B74006C1A90 /* BCJSONContinuationsTests.m */ = {isa = PBXFileReference; fileEncoding = 4; lastKnownFileType = sourcecode.c.objc; path = BCJSONContinuationsTests.m; sourceTree = "<group>"; };
		823C6BA21A221B74006C1A90 /* BCJStandardTypesTests.m */ = {isa = PBXFileReference; fileEncoding = 4; lastKnownFileType = sourcecode.c.objc; path = BCJStandardTypesTests.m; sourceTree = "<group>"; };
		823C6BA31A221B74006C1A90 /* BCJValidationTests.m */ = {isa = PBXFileReference; fileEncoding = 4; lastKnownFileType = sourcecode.c.objc; path = BCJValidationTests.m; sourceTree = "<group>"; };
		823C6BA61A221B74006C1A90 /* Info.plist */ = {isa = PBXFileReference; fileEncoding = 4; lastKnownFileType = text.plist.xml; path = Info.plist; sourceTree = "<group>"; };
		823C6BC11A221C58006C1A90 /* BCJSONMapperTests.m */ = {isa = PBXFileReference; fileEncoding = 4; lastKnownFileType = sourcecode.c.objc; path = BCJSONMapperTests.m; sourceTree = "<group>"; };
		823C6BC31A221C58006C1A90 /* Info.plist */ = {isa = PBXFileReference; fileEncoding = 4; lastKnownFileType = text.plist.xml; path = Info.plist; sourceTree = "<group>"; };
		823C6BC91A221C9F006C1A90 /* BCJSONMapper.podspec */ = {isa = PBXFileReference; lastKnownFileType = text; path = BCJSONMapper.podspec; sourceTree = "<group>"; };
		8282CEBE19F5987200555BB0 /* DemoApp */ = {isa = PBXFileReference; explicitFileType = "compiled.mach-o.executable"; includeInIndex = 0; path = DemoApp; sourceTree = BUILT_PRODUCTS_DIR; };
		828555C31A0E147D00FCBF61 /* libBCJSONMapperOSX.dylib */ = {isa = PBXFileReference; explicitFileType = "compiled.mach-o.dylib"; includeInIndex = 0; path = libBCJSONMapperOSX.dylib; sourceTree = BUILT_PRODUCTS_DIR; };
		82D3B19F19FBF8D3003C4EB5 /* main.m */ = {isa = PBXFileReference; fileEncoding = 4; lastKnownFileType = sourcecode.c.objc; lineEnding = 0; path = main.m; sourceTree = "<group>"; xcLanguageSpecificationIdentifier = xcode.lang.objc; };
		82EBE79A19FCEEB0001F995B /* libBCJSONMapperIOS.a */ = {isa = PBXFileReference; explicitFileType = archive.ar; includeInIndex = 0; path = libBCJSONMapperIOS.a; sourceTree = BUILT_PRODUCTS_DIR; };
		82F3E5B11A191ADC007C367E /* BCJSONMapper.framework */ = {isa = PBXFileReference; explicitFileType = wrapper.framework; includeInIndex = 0; path = BCJSONMapper.framework; sourceTree = BUILT_PRODUCTS_DIR; };
		82F3E5F51A191B4C007C367E /* LICENSE */ = {isa = PBXFileReference; fileEncoding = 4; lastKnownFileType = text; path = LICENSE; sourceTree = "<group>"; };
/* End PBXFileReference section */

/* Begin PBXFrameworksBuildPhase section */
		823C6B5D1A221B0A006C1A90 /* Frameworks */ = {
			isa = PBXFrameworksBuildPhase;
			buildActionMask = 2147483647;
			files = (
				823C6B661A221B0A006C1A90 /* libBCJSONMapperOSX.dylib in Frameworks */,
			);
			runOnlyForDeploymentPostprocessing = 0;
		};
		823C6B6D1A221B1D006C1A90 /* Frameworks */ = {
			isa = PBXFrameworksBuildPhase;
			buildActionMask = 2147483647;
			files = (
				823C6B761A221B1D006C1A90 /* libBCJSONMapperOSX.dylib in Frameworks */,
			);
			runOnlyForDeploymentPostprocessing = 0;
		};
		823C6B7D1A221B2B006C1A90 /* Frameworks */ = {
			isa = PBXFrameworksBuildPhase;
			buildActionMask = 2147483647;
			files = (
				823C6B861A221B2B006C1A90 /* libBCJSONMapperOSX.dylib in Frameworks */,
			);
			runOnlyForDeploymentPostprocessing = 0;
		};
		8282CEBB19F5987200555BB0 /* Frameworks */ = {
			isa = PBXFrameworksBuildPhase;
			buildActionMask = 2147483647;
			files = (
				823452021A12658000E19D74 /* libBCJSONMapperOSX.dylib in Frameworks */,
			);
			runOnlyForDeploymentPostprocessing = 0;
		};
		828555C01A0E147D00FCBF61 /* Frameworks */ = {
			isa = PBXFrameworksBuildPhase;
			buildActionMask = 2147483647;
			files = (
				821ECA0E1A274D1700529F64 /* libBCLContinuationsOSX.dylib in Frameworks */,
			);
			runOnlyForDeploymentPostprocessing = 0;
		};
		82EBE79719FCEEB0001F995B /* Frameworks */ = {
			isa = PBXFrameworksBuildPhase;
			buildActionMask = 2147483647;
			files = (
			);
			runOnlyForDeploymentPostprocessing = 0;
		};
		82F3E5AD1A191ADC007C367E /* Frameworks */ = {
			isa = PBXFrameworksBuildPhase;
			buildActionMask = 2147483647;
			files = (
			);
			runOnlyForDeploymentPostprocessing = 0;
		};
/* End PBXFrameworksBuildPhase section */

/* Begin PBXGroup section */
		820421341A26369100AE3309 /* Products */ = {
			isa = PBXGroup;
			children = (
				8204213A1A26369100AE3309 /* BCLContinuations */,
				8204213C1A26369100AE3309 /* libBCLContinuationsOSX.dylib */,
				8204213E1A26369100AE3309 /* BCLContinuationsOSXTests.xctest */,
			);
			name = Products;
			sourceTree = "<group>";
		};
		823C6A561A2213EC006C1A90 /* BCJSONMapper */ = {
			isa = PBXGroup;
			children = (
				823C6A571A2213EC006C1A90 /* BCJMapper.h */,
				823C6A581A2213EC006C1A90 /* BCJMapper.m */,
				823C6A591A2213EC006C1A90 /* BCJPropertyContinuations.h */,
				823C6A5A1A2213EC006C1A90 /* BCJPropertyContinuations.m */,
				823C6A5B1A2213EC006C1A90 /* BCJSONMapper.h */,
				823C6A5C1A2213EC006C1A90 /* BCJStackJSONSource.h */,
				823C6A5D1A2213EC006C1A90 /* BCJStackJSONSource.m */,
				823C6A5E1A2213EC006C1A90 /* BCJStackPropertyTarget.h */,
				823C6A5F1A2213EC006C1A90 /* BCJStackPropertyTarget.m */,
			);
			path = BCJSONMapper;
			sourceTree = "<group>";
		};
		823C6ABB1A22196C006C1A90 /* BCJSONContinuations */ = {
			isa = PBXGroup;
			children = (
				823C6ABC1A22196C006C1A90 /* BCJSONContinuations.h */,
				823C6ABD1A22196C006C1A90 /* Common */,
				823C6AC31A22196C006C1A90 /* Core */,
				823C6AD11A22196C006C1A90 /* Deserialization */,
				823C6AD91A22196C006C1A90 /* Type-Specific Continuations */,
				823C6AE31A22196C006C1A90 /* Validation */,
			);
			path = BCJSONContinuations;
			sourceTree = "<group>";
		};
		823C6ABD1A22196C006C1A90 /* Common */ = {
			isa = PBXGroup;
			children = (
				823C6ABE1A22196C006C1A90 /* BCJConstants.h */,
				823C6ABF1A22196C006C1A90 /* BCJConstants.m */,
				823C6AC01A22196C006C1A90 /* BCJDefines.h */,
				823C6AC11A22196C006C1A90 /* BCJError.h */,
				823C6AC21A22196C006C1A90 /* BCJError.m */,
			);
			path = Common;
			sourceTree = "<group>";
		};
		823C6AC31A22196C006C1A90 /* Core */ = {
			isa = PBXGroup;
			children = (
				823C6AC41A22196C006C1A90 /* BCJEnumerateJSONPathComponents.h */,
				823C6AC51A22196C006C1A90 /* BCJEnumerateJSONPathComponents.m */,
				823C6AC61A22196C006C1A90 /* BCJGettersAndSetters.h */,
				823C6AC71A22196C006C1A90 /* BCJGettersAndSetters.m */,
				823C6AC81A22196C006C1A90 /* BCJJSONSource.h */,
				823C6AC91A22196C006C1A90 /* BCJJSONSource.m */,
				823C6ACA1A22196C006C1A90 /* BCJJSONSourceConstants.h */,
				823C6ACB1A22196C006C1A90 /* BCJLogging.h */,
				823C6ACC1A22196C006C1A90 /* BCJLogging.m */,
				823C6ACD1A22196C006C1A90 /* BCJPropertyTarget+ValueIntrospection.h */,
				823C6ACE1A22196C006C1A90 /* BCJPropertyTarget+ValueIntrospection.m */,
				823C6ACF1A22196C006C1A90 /* BCJPropertyTarget.h */,
				823C6AD01A22196C006C1A90 /* BCJPropertyTarget.m */,
			);
			path = Core;
			sourceTree = "<group>";
		};
		823C6AD11A22196C006C1A90 /* Deserialization */ = {
			isa = PBXGroup;
			children = (
				823C6AD21A22196C006C1A90 /* BCJContainer.h */,
				823C6AD31A22196C006C1A90 /* BCJContainer.m */,
				823C6AD41A22196C006C1A90 /* BCJContainerJSONSource.h */,
				823C6AD51A22196C006C1A90 /* BCJContainerJSONSource.m */,
				823C6AD61A22196C006C1A90 /* BCJContainerProtocol.h */,
				823C6AD71A22196C006C1A90 /* BCJDeserialization.h */,
				823C6AD81A22196C006C1A90 /* BCJDeserialization.m */,
			);
			path = Deserialization;
			sourceTree = "<group>";
		};
		823C6AD91A22196C006C1A90 /* Type-Specific Continuations */ = {
			isa = PBXGroup;
			children = (
				823C6ADA1A22196C006C1A90 /* BCJAdditionalTypes.h */,
				821ECA0F1A27526F00529F64 /* BCJEnumeration.h */,
				821ECA101A27526F00529F64 /* BCJEnumeration.m */,
				823C6ADB1A22196C006C1A90 /* BCJAdditionalTypes.m */,
				823C6ADC1A22196C006C1A90 /* BCJJSONSource+DeferredClassCheck.h */,
				823C6ADD1A22196C006C1A90 /* BCJJSONSource+DeferredClassCheck.m */,
				823C6ADE1A22196C006C1A90 /* BCJMap.h */,
				823C6ADF1A22196C006C1A90 /* BCJMap.m */,
				823C6AE01A22196C006C1A90 /* BCJMapOptions.h */,
				823C6AE11A22196C006C1A90 /* BCJStandardTypes.h */,
				823C6AE21A22196C006C1A90 /* BCJStandardTypes.m */,
			);
			path = "Type-Specific Continuations";
			sourceTree = "<group>";
		};
		823C6AE31A22196C006C1A90 /* Validation */ = {
			isa = PBXGroup;
			children = (
				823C6AE41A22196C006C1A90 /* BCJValidation.h */,
				823C6AE51A22196C006C1A90 /* BCJValidation.m */,
			);
			path = Validation;
			sourceTree = "<group>";
		};
		823C6B981A221B74006C1A90 /* BCJSONContinuationsTests */ = {
			isa = PBXGroup;
			children = (
				823C6B991A221B74006C1A90 /* BCJAdditionalTypesTests.m */,
				823C6B9A1A221B74006C1A90 /* BCJDeserializationTests.m */,
				823C6B9B1A221B74006C1A90 /* BCJEnumerateJSONPathComponentsTests.m */,
				823C6B9C1A221B74006C1A90 /* BCJGettersAndSettersTests.m */,
				823C6B9D1A221B74006C1A90 /* BCJJSONSourceTests.m */,
				823C6B9E1A221B74006C1A90 /* BCJJSONTargetTests.m */,
				823C6B9F1A221B74006C1A90 /* BCJMapTests.m */,
				823C6BA01A221B74006C1A90 /* BCJPropertyTarget+ValueIntrospectionTests.m */,
				823C6BA11A221B74006C1A90 /* BCJSONContinuationsTests.m */,
				823C6BA21A221B74006C1A90 /* BCJStandardTypesTests.m */,
				823C6BA31A221B74006C1A90 /* BCJValidationTests.m */,
				823C6BA51A221B74006C1A90 /* Support Files */,
			);
			path = BCJSONContinuationsTests;
			sourceTree = "<group>";
		};
		823C6BA51A221B74006C1A90 /* Support Files */ = {
			isa = PBXGroup;
			children = (
				823C6BA61A221B74006C1A90 /* Info.plist */,
			);
			path = "Support Files";
			sourceTree = "<group>";
		};
		823C6BC01A221C58006C1A90 /* BCJSONMapperTests */ = {
			isa = PBXGroup;
			children = (
				823C6BC11A221C58006C1A90 /* BCJSONMapperTests.m */,
				823C6BC21A221C58006C1A90 /* Support Files */,
			);
			path = BCJSONMapperTests;
			sourceTree = "<group>";
		};
		823C6BC21A221C58006C1A90 /* Support Files */ = {
			isa = PBXGroup;
			children = (
				823C6BC31A221C58006C1A90 /* Info.plist */,
			);
			path = "Support Files";
			sourceTree = "<group>";
		};
		8282CEB519F5987200555BB0 = {
			isa = PBXGroup;
			children = (
				82F3E5FB1A192F09007C367E /* Documents */,
				82D3B19E19FBF8D3003C4EB5 /* DemoApp */,
				823C6A561A2213EC006C1A90 /* BCJSONMapper */,
				823C6ABB1A22196C006C1A90 /* BCJSONContinuations */,
				820421331A26369100AE3309 /* BCLContinuations.xcodeproj */,
				823C6BC01A221C58006C1A90 /* BCJSONMapperTests */,
				823C6B981A221B74006C1A90 /* BCJSONContinuationsTests */,
				8282CEBF19F5987200555BB0 /* Products */,
			);
			sourceTree = "<group>";
		};
		8282CEBF19F5987200555BB0 /* Products */ = {
			isa = PBXGroup;
			children = (
				8282CEBE19F5987200555BB0 /* DemoApp */,
				82EBE79A19FCEEB0001F995B /* libBCJSONMapperIOS.a */,
				828555C31A0E147D00FCBF61 /* libBCJSONMapperOSX.dylib */,
				82F3E5B11A191ADC007C367E /* BCJSONMapper.framework */,
				823C6B601A221B0A006C1A90 /* BCJSONMapperTests.xctest */,
				823C6B701A221B1D006C1A90 /* BCJSONContinuationsTests.xctest */,
				823C6B801A221B2B006C1A90 /* BCLContinuationsTests.xctest */,
			);
			name = Products;
			sourceTree = "<group>";
		};
		82D3B19E19FBF8D3003C4EB5 /* DemoApp */ = {
			isa = PBXGroup;
			children = (
				82D3B19F19FBF8D3003C4EB5 /* main.m */,
			);
			path = DemoApp;
			sourceTree = "<group>";
		};
		82F3E5FB1A192F09007C367E /* Documents */ = {
			isa = PBXGroup;
			children = (
				821C2B201A05A4AA00C56BC3 /* readme.md */,
				82F3E5F51A191B4C007C367E /* LICENSE */,
				823C6BC91A221C9F006C1A90 /* BCJSONMapper.podspec */,
			);
			name = Documents;
			sourceTree = "<group>";
		};
/* End PBXGroup section */

/* Begin PBXHeadersBuildPhase section */
		828555C11A0E147D00FCBF61 /* Headers */ = {
			isa = PBXHeadersBuildPhase;
			buildActionMask = 2147483647;
			files = (
				823C6B341A22196C006C1A90 /* BCJMapOptions.h in Headers */,
				823C6AF41A22196C006C1A90 /* BCJEnumerateJSONPathComponents.h in Headers */,
				823C6AEF1A22196C006C1A90 /* BCJError.h in Headers */,
				823C6B141A22196C006C1A90 /* BCJContainer.h in Headers */,
				823C6B191A22196C006C1A90 /* BCJContainerJSONSource.h in Headers */,
				823C6B0F1A22196C006C1A90 /* BCJPropertyTarget.h in Headers */,
				823C6AFE1A22196C006C1A90 /* BCJJSONSource.h in Headers */,
				823C6AED1A22196C006C1A90 /* BCJDefines.h in Headers */,
				823C6A6C1A2213EC006C1A90 /* BCJStackJSONSource.h in Headers */,
				823C6B201A22196C006C1A90 /* BCJDeserialization.h in Headers */,
				823C6A601A2213EC006C1A90 /* BCJMapper.h in Headers */,
				823C6B2F1A22196C006C1A90 /* BCJMap.h in Headers */,
				823C6B051A22196C006C1A90 /* BCJLogging.h in Headers */,
				823C6AE61A22196C006C1A90 /* BCJSONContinuations.h in Headers */,
				823C6AF91A22196C006C1A90 /* BCJGettersAndSetters.h in Headers */,
				823C6A6A1A2213EC006C1A90 /* BCJSONMapper.h in Headers */,
				823C6B361A22196C006C1A90 /* BCJStandardTypes.h in Headers */,
				823C6B251A22196C006C1A90 /* BCJAdditionalTypes.h in Headers */,
				823C6B1E1A22196C006C1A90 /* BCJContainerProtocol.h in Headers */,
				823C6AE81A22196C006C1A90 /* BCJConstants.h in Headers */,
				823C6B0A1A22196C006C1A90 /* BCJPropertyTarget+ValueIntrospection.h in Headers */,
				823C6B031A22196C006C1A90 /* BCJJSONSourceConstants.h in Headers */,
				823C6A651A2213EC006C1A90 /* BCJPropertyContinuations.h in Headers */,
				823C6B2A1A22196C006C1A90 /* BCJJSONSource+DeferredClassCheck.h in Headers */,
				823C6A711A2213EC006C1A90 /* BCJStackPropertyTarget.h in Headers */,
				823C6B3B1A22196C006C1A90 /* BCJValidation.h in Headers */,
			);
			runOnlyForDeploymentPostprocessing = 0;
		};
		82F3E5AE1A191ADC007C367E /* Headers */ = {
			isa = PBXHeadersBuildPhase;
			buildActionMask = 2147483647;
			files = (
				823C6B351A22196C006C1A90 /* BCJMapOptions.h in Headers */,
				823C6AF51A22196C006C1A90 /* BCJEnumerateJSONPathComponents.h in Headers */,
				823C6AF01A22196C006C1A90 /* BCJError.h in Headers */,
				823C6B151A22196C006C1A90 /* BCJContainer.h in Headers */,
				823C6B1A1A22196C006C1A90 /* BCJContainerJSONSource.h in Headers */,
				823C6B101A22196C006C1A90 /* BCJPropertyTarget.h in Headers */,
				823C6AFF1A22196C006C1A90 /* BCJJSONSource.h in Headers */,
				823C6AEE1A22196C006C1A90 /* BCJDefines.h in Headers */,
				823C6A6D1A2213EC006C1A90 /* BCJStackJSONSource.h in Headers */,
				823C6B211A22196C006C1A90 /* BCJDeserialization.h in Headers */,
				823C6A611A2213EC006C1A90 /* BCJMapper.h in Headers */,
				823C6B301A22196C006C1A90 /* BCJMap.h in Headers */,
				823C6B061A22196C006C1A90 /* BCJLogging.h in Headers */,
				823C6AE71A22196C006C1A90 /* BCJSONContinuations.h in Headers */,
				823C6AFA1A22196C006C1A90 /* BCJGettersAndSetters.h in Headers */,
				823C6A6B1A2213EC006C1A90 /* BCJSONMapper.h in Headers */,
				823C6B371A22196C006C1A90 /* BCJStandardTypes.h in Headers */,
				823C6B261A22196C006C1A90 /* BCJAdditionalTypes.h in Headers */,
				823C6B1F1A22196C006C1A90 /* BCJContainerProtocol.h in Headers */,
				823C6AE91A22196C006C1A90 /* BCJConstants.h in Headers */,
				823C6B0B1A22196C006C1A90 /* BCJPropertyTarget+ValueIntrospection.h in Headers */,
				823C6B041A22196C006C1A90 /* BCJJSONSourceConstants.h in Headers */,
				823C6A661A2213EC006C1A90 /* BCJPropertyContinuations.h in Headers */,
				823C6B2B1A22196C006C1A90 /* BCJJSONSource+DeferredClassCheck.h in Headers */,
				823C6A721A2213EC006C1A90 /* BCJStackPropertyTarget.h in Headers */,
				823C6B3C1A22196C006C1A90 /* BCJValidation.h in Headers */,
			);
			runOnlyForDeploymentPostprocessing = 0;
		};
/* End PBXHeadersBuildPhase section */

/* Begin PBXNativeTarget section */
		823C6B5F1A221B0A006C1A90 /* BCJSONMapperTests */ = {
			isa = PBXNativeTarget;
			buildConfigurationList = 823C6B691A221B0A006C1A90 /* Build configuration list for PBXNativeTarget "BCJSONMapperTests" */;
			buildPhases = (
				823C6B5C1A221B0A006C1A90 /* Sources */,
				823C6B5D1A221B0A006C1A90 /* Frameworks */,
				823C6B5E1A221B0A006C1A90 /* Resources */,
			);
			buildRules = (
			);
			dependencies = (
				823C6B681A221B0A006C1A90 /* PBXTargetDependency */,
			);
			name = BCJSONMapperTests;
			productName = BCJSONMapperTests;
			productReference = 823C6B601A221B0A006C1A90 /* BCJSONMapperTests.xctest */;
			productType = "com.apple.product-type.bundle.unit-test";
		};
		823C6B6F1A221B1D006C1A90 /* BCJSONContinuationsTests */ = {
			isa = PBXNativeTarget;
			buildConfigurationList = 823C6B791A221B1D006C1A90 /* Build configuration list for PBXNativeTarget "BCJSONContinuationsTests" */;
			buildPhases = (
				823C6B6C1A221B1D006C1A90 /* Sources */,
				823C6B6D1A221B1D006C1A90 /* Frameworks */,
				823C6B6E1A221B1D006C1A90 /* Resources */,
			);
			buildRules = (
			);
			dependencies = (
				823C6B781A221B1D006C1A90 /* PBXTargetDependency */,
			);
			name = BCJSONContinuationsTests;
			productName = BCJSONContinuationsTests;
			productReference = 823C6B701A221B1D006C1A90 /* BCJSONContinuationsTests.xctest */;
			productType = "com.apple.product-type.bundle.unit-test";
		};
		823C6B7F1A221B2B006C1A90 /* BCLContinuationsTests */ = {
			isa = PBXNativeTarget;
			buildConfigurationList = 823C6B891A221B2B006C1A90 /* Build configuration list for PBXNativeTarget "BCLContinuationsTests" */;
			buildPhases = (
				823C6B7C1A221B2B006C1A90 /* Sources */,
				823C6B7D1A221B2B006C1A90 /* Frameworks */,
				823C6B7E1A221B2B006C1A90 /* Resources */,
			);
			buildRules = (
			);
			dependencies = (
				823C6B881A221B2B006C1A90 /* PBXTargetDependency */,
			);
			name = BCLContinuationsTests;
			productName = BCLContinuationsTests;
			productReference = 823C6B801A221B2B006C1A90 /* BCLContinuationsTests.xctest */;
			productType = "com.apple.product-type.bundle.unit-test";
		};
		8282CEBD19F5987200555BB0 /* DemoApp */ = {
			isa = PBXNativeTarget;
			buildConfigurationList = 8282CEC519F5987200555BB0 /* Build configuration list for PBXNativeTarget "DemoApp" */;
			buildPhases = (
				8282CEBA19F5987200555BB0 /* Sources */,
				8282CEBB19F5987200555BB0 /* Frameworks */,
			);
			buildRules = (
			);
			dependencies = (
			);
			name = DemoApp;
			productName = TypeSafeJSON;
			productReference = 8282CEBE19F5987200555BB0 /* DemoApp */;
			productType = "com.apple.product-type.tool";
		};
		828555C21A0E147D00FCBF61 /* BCJSONMapperOSX */ = {
			isa = PBXNativeTarget;
			buildConfigurationList = 828555D41A0E147D00FCBF61 /* Build configuration list for PBXNativeTarget "BCJSONMapperOSX" */;
			buildPhases = (
				828555BF1A0E147D00FCBF61 /* Sources */,
				828555C01A0E147D00FCBF61 /* Frameworks */,
				828555C11A0E147D00FCBF61 /* Headers */,
			);
			buildRules = (
			);
			dependencies = (
			);
			name = BCJSONMapperOSX;
			productName = BCJJSONContinuationsOSX;
			productReference = 828555C31A0E147D00FCBF61 /* libBCJSONMapperOSX.dylib */;
			productType = "com.apple.product-type.library.dynamic";
		};
		82EBE79919FCEEB0001F995B /* BCJSONMapperIOS */ = {
			isa = PBXNativeTarget;
			buildConfigurationList = 82EBE7AB19FCEEB1001F995B /* Build configuration list for PBXNativeTarget "BCJSONMapperIOS" */;
			buildPhases = (
				82EBE79619FCEEB0001F995B /* Sources */,
				82EBE79719FCEEB0001F995B /* Frameworks */,
				82EBE79819FCEEB0001F995B /* CopyFiles */,
			);
			buildRules = (
			);
			dependencies = (
			);
			name = BCJSONMapperIOS;
			productName = BCMJSONAccess;
			productReference = 82EBE79A19FCEEB0001F995B /* libBCJSONMapperIOS.a */;
			productType = "com.apple.product-type.library.static";
		};
		82F3E5B01A191ADC007C367E /* BCJSONMapper */ = {
			isa = PBXNativeTarget;
			buildConfigurationList = 82F3E5C41A191ADC007C367E /* Build configuration list for PBXNativeTarget "BCJSONMapper" */;
			buildPhases = (
				82F3E5AC1A191ADC007C367E /* Sources */,
				82F3E5AD1A191ADC007C367E /* Frameworks */,
				82F3E5AE1A191ADC007C367E /* Headers */,
				82F3E5AF1A191ADC007C367E /* Resources */,
			);
			buildRules = (
			);
			dependencies = (
			);
			name = BCJSONMapper;
			productName = BCJJSONContinuation;
			productReference = 82F3E5B11A191ADC007C367E /* BCJSONMapper.framework */;
			productType = "com.apple.product-type.framework";
		};
/* End PBXNativeTarget section */

/* Begin PBXProject section */
		8282CEB619F5987200555BB0 /* Project object */ = {
			isa = PBXProject;
			attributes = {
				LastUpgradeCheck = 0610;
				ORGANIZATIONNAME = "Benedict Cohen";
				TargetAttributes = {
					823C6B5F1A221B0A006C1A90 = {
						CreatedOnToolsVersion = 6.1;
					};
					823C6B6F1A221B1D006C1A90 = {
						CreatedOnToolsVersion = 6.1;
					};
					823C6B7F1A221B2B006C1A90 = {
						CreatedOnToolsVersion = 6.1;
					};
					8282CEBD19F5987200555BB0 = {
						CreatedOnToolsVersion = 6.0.1;
					};
					828555C21A0E147D00FCBF61 = {
						CreatedOnToolsVersion = 6.1;
					};
					82EBE79919FCEEB0001F995B = {
						CreatedOnToolsVersion = 6.1;
					};
					82F3E5B01A191ADC007C367E = {
						CreatedOnToolsVersion = 6.1;
					};
				};
			};
			buildConfigurationList = 8282CEB919F5987200555BB0 /* Build configuration list for PBXProject "BCJSONMapper" */;
			compatibilityVersion = "Xcode 3.2";
			developmentRegion = English;
			hasScannedForEncodings = 0;
			knownRegions = (
				en,
			);
			mainGroup = 8282CEB519F5987200555BB0;
			productRefGroup = 8282CEBF19F5987200555BB0 /* Products */;
			projectDirPath = "";
			projectReferences = (
				{
					ProductGroup = 820421341A26369100AE3309 /* Products */;
					ProjectRef = 820421331A26369100AE3309 /* BCLContinuations.xcodeproj */;
				},
			);
			projectRoot = "";
			targets = (
				8282CEBD19F5987200555BB0 /* DemoApp */,
				82EBE79919FCEEB0001F995B /* BCJSONMapperIOS */,
				828555C21A0E147D00FCBF61 /* BCJSONMapperOSX */,
				82F3E5B01A191ADC007C367E /* BCJSONMapper */,
				823C6B5F1A221B0A006C1A90 /* BCJSONMapperTests */,
				823C6B6F1A221B1D006C1A90 /* BCJSONContinuationsTests */,
				823C6B7F1A221B2B006C1A90 /* BCLContinuationsTests */,
			);
		};
/* End PBXProject section */

/* Begin PBXReferenceProxy section */
		8204213A1A26369100AE3309 /* BCLContinuations */ = {
			isa = PBXReferenceProxy;
			fileType = "compiled.mach-o.executable";
			path = BCLContinuations;
			remoteRef = 820421391A26369100AE3309 /* PBXContainerItemProxy */;
			sourceTree = BUILT_PRODUCTS_DIR;
		};
		8204213C1A26369100AE3309 /* libBCLContinuationsOSX.dylib */ = {
			isa = PBXReferenceProxy;
			fileType = "compiled.mach-o.dylib";
			path = libBCLContinuationsOSX.dylib;
			remoteRef = 8204213B1A26369100AE3309 /* PBXContainerItemProxy */;
			sourceTree = BUILT_PRODUCTS_DIR;
		};
		8204213E1A26369100AE3309 /* BCLContinuationsOSXTests.xctest */ = {
			isa = PBXReferenceProxy;
			fileType = wrapper.cfbundle;
			name = BCLContinuationsOSXTests.xctest;
			path = BCLContinuationsTests.xctest;
			remoteRef = 8204213D1A26369100AE3309 /* PBXContainerItemProxy */;
			sourceTree = BUILT_PRODUCTS_DIR;
		};
/* End PBXReferenceProxy section */

/* Begin PBXResourcesBuildPhase section */
		823C6B5E1A221B0A006C1A90 /* Resources */ = {
			isa = PBXResourcesBuildPhase;
			buildActionMask = 2147483647;
			files = (
				823C6BC51A221C58006C1A90 /* Info.plist in Resources */,
			);
			runOnlyForDeploymentPostprocessing = 0;
		};
		823C6B6E1A221B1D006C1A90 /* Resources */ = {
			isa = PBXResourcesBuildPhase;
			buildActionMask = 2147483647;
			files = (
				823C6BB31A221B74006C1A90 /* Info.plist in Resources */,
			);
			runOnlyForDeploymentPostprocessing = 0;
		};
		823C6B7E1A221B2B006C1A90 /* Resources */ = {
			isa = PBXResourcesBuildPhase;
			buildActionMask = 2147483647;
			files = (
			);
			runOnlyForDeploymentPostprocessing = 0;
		};
		82F3E5AF1A191ADC007C367E /* Resources */ = {
			isa = PBXResourcesBuildPhase;
			buildActionMask = 2147483647;
			files = (
				82F3E5F61A191B5C007C367E /* LICENSE in Resources */,
			);
			runOnlyForDeploymentPostprocessing = 0;
		};
/* End PBXResourcesBuildPhase section */

/* Begin PBXSourcesBuildPhase section */
		823C6B5C1A221B0A006C1A90 /* Sources */ = {
			isa = PBXSourcesBuildPhase;
			buildActionMask = 2147483647;
			files = (
				823C6BC41A221C58006C1A90 /* BCJSONMapperTests.m in Sources */,
			);
			runOnlyForDeploymentPostprocessing = 0;
		};
		823C6B6C1A221B1D006C1A90 /* Sources */ = {
			isa = PBXSourcesBuildPhase;
			buildActionMask = 2147483647;
			files = (
				823C6BA71A221B74006C1A90 /* BCJAdditionalTypesTests.m in Sources */,
				823C6BA91A221B74006C1A90 /* BCJEnumerateJSONPathComponentsTests.m in Sources */,
				823C6BAF1A221B74006C1A90 /* BCJSONContinuationsTests.m in Sources */,
				823C6BAC1A221B74006C1A90 /* BCJJSONTargetTests.m in Sources */,
				823C6BB01A221B74006C1A90 /* BCJStandardTypesTests.m in Sources */,
				823C6BA81A221B74006C1A90 /* BCJDeserializationTests.m in Sources */,
				823C6BAA1A221B74006C1A90 /* BCJGettersAndSettersTests.m in Sources */,
				823C6BAE1A221B74006C1A90 /* BCJPropertyTarget+ValueIntrospectionTests.m in Sources */,
				823C6BB11A221B74006C1A90 /* BCJValidationTests.m in Sources */,
				823C6BAB1A221B74006C1A90 /* BCJJSONSourceTests.m in Sources */,
				823C6BAD1A221B74006C1A90 /* BCJMapTests.m in Sources */,
			);
			runOnlyForDeploymentPostprocessing = 0;
		};
		823C6B7C1A221B2B006C1A90 /* Sources */ = {
			isa = PBXSourcesBuildPhase;
			buildActionMask = 2147483647;
			files = (
			);
			runOnlyForDeploymentPostprocessing = 0;
		};
		8282CEBA19F5987200555BB0 /* Sources */ = {
			isa = PBXSourcesBuildPhase;
			buildActionMask = 2147483647;
			files = (
				82D3B1A019FBF8D3003C4EB5 /* main.m in Sources */,
			);
			runOnlyForDeploymentPostprocessing = 0;
		};
		828555BF1A0E147D00FCBF61 /* Sources */ = {
			isa = PBXSourcesBuildPhase;
			buildActionMask = 2147483647;
			files = (
				823C6B011A22196C006C1A90 /* BCJJSONSource.m in Sources */,
				823C6B321A22196C006C1A90 /* BCJMap.m in Sources */,
				823C6B1C1A22196C006C1A90 /* BCJContainerJSONSource.m in Sources */,
				823C6B231A22196C006C1A90 /* BCJDeserialization.m in Sources */,
				823C6A681A2213EC006C1A90 /* BCJPropertyContinuations.m in Sources */,
				821ECA131A2755BB00529F64 /* BCJEnumeration.m in Sources */,
				823C6AF71A22196C006C1A90 /* BCJEnumerateJSONPathComponents.m in Sources */,
				823C6A631A2213EC006C1A90 /* BCJMapper.m in Sources */,
				823C6B0D1A22196C006C1A90 /* BCJPropertyTarget+ValueIntrospection.m in Sources */,
				823C6B081A22196C006C1A90 /* BCJLogging.m in Sources */,
				823C6A741A2213EC006C1A90 /* BCJStackPropertyTarget.m in Sources */,
				823C6AF21A22196C006C1A90 /* BCJError.m in Sources */,
				823C6B391A22196C006C1A90 /* BCJStandardTypes.m in Sources */,
				823C6AEB1A22196C006C1A90 /* BCJConstants.m in Sources */,
				823C6B171A22196C006C1A90 /* BCJContainer.m in Sources */,
				823C6B121A22196C006C1A90 /* BCJPropertyTarget.m in Sources */,
				823C6B2D1A22196C006C1A90 /* BCJJSONSource+DeferredClassCheck.m in Sources */,
				823C6A6F1A2213EC006C1A90 /* BCJStackJSONSource.m in Sources */,
				823C6B281A22196C006C1A90 /* BCJAdditionalTypes.m in Sources */,
				823C6AFC1A22196C006C1A90 /* BCJGettersAndSetters.m in Sources */,
				823C6B3E1A22196C006C1A90 /* BCJValidation.m in Sources */,
			);
			runOnlyForDeploymentPostprocessing = 0;
		};
		82EBE79619FCEEB0001F995B /* Sources */ = {
			isa = PBXSourcesBuildPhase;
			buildActionMask = 2147483647;
			files = (
				823C6B001A22196C006C1A90 /* BCJJSONSource.m in Sources */,
				823C6B311A22196C006C1A90 /* BCJMap.m in Sources */,
				823C6B1B1A22196C006C1A90 /* BCJContainerJSONSource.m in Sources */,
				823C6B221A22196C006C1A90 /* BCJDeserialization.m in Sources */,
				823C6A671A2213EC006C1A90 /* BCJPropertyContinuations.m in Sources */,
				821ECA121A2755BB00529F64 /* BCJEnumeration.m in Sources */,
				823C6AF61A22196C006C1A90 /* BCJEnumerateJSONPathComponents.m in Sources */,
				823C6A621A2213EC006C1A90 /* BCJMapper.m in Sources */,
				823C6B0C1A22196C006C1A90 /* BCJPropertyTarget+ValueIntrospection.m in Sources */,
				823C6B071A22196C006C1A90 /* BCJLogging.m in Sources */,
				823C6A731A2213EC006C1A90 /* BCJStackPropertyTarget.m in Sources */,
				823C6AF11A22196C006C1A90 /* BCJError.m in Sources */,
				823C6B381A22196C006C1A90 /* BCJStandardTypes.m in Sources */,
				823C6AEA1A22196C006C1A90 /* BCJConstants.m in Sources */,
				823C6B161A22196C006C1A90 /* BCJContainer.m in Sources */,
				823C6B111A22196C006C1A90 /* BCJPropertyTarget.m in Sources */,
				823C6B2C1A22196C006C1A90 /* BCJJSONSource+DeferredClassCheck.m in Sources */,
				823C6A6E1A2213EC006C1A90 /* BCJStackJSONSource.m in Sources */,
				823C6B271A22196C006C1A90 /* BCJAdditionalTypes.m in Sources */,
				823C6AFB1A22196C006C1A90 /* BCJGettersAndSetters.m in Sources */,
				823C6B3D1A22196C006C1A90 /* BCJValidation.m in Sources */,
			);
			runOnlyForDeploymentPostprocessing = 0;
		};
		82F3E5AC1A191ADC007C367E /* Sources */ = {
			isa = PBXSourcesBuildPhase;
			buildActionMask = 2147483647;
			files = (
				823C6B021A22196C006C1A90 /* BCJJSONSource.m in Sources */,
				823C6B331A22196C006C1A90 /* BCJMap.m in Sources */,
				823C6B1D1A22196C006C1A90 /* BCJContainerJSONSource.m in Sources */,
				823C6B241A22196C006C1A90 /* BCJDeserialization.m in Sources */,
				823C6A691A2213EC006C1A90 /* BCJPropertyContinuations.m in Sources */,
				821ECA141A2755BC00529F64 /* BCJEnumeration.m in Sources */,
				823C6AF81A22196C006C1A90 /* BCJEnumerateJSONPathComponents.m in Sources */,
				823C6A641A2213EC006C1A90 /* BCJMapper.m in Sources */,
				823C6B0E1A22196C006C1A90 /* BCJPropertyTarget+ValueIntrospection.m in Sources */,
				823C6B091A22196C006C1A90 /* BCJLogging.m in Sources */,
				823C6A751A2213EC006C1A90 /* BCJStackPropertyTarget.m in Sources */,
				823C6AF31A22196C006C1A90 /* BCJError.m in Sources */,
				823C6B3A1A22196C006C1A90 /* BCJStandardTypes.m in Sources */,
				823C6AEC1A22196C006C1A90 /* BCJConstants.m in Sources */,
				823C6B181A22196C006C1A90 /* BCJContainer.m in Sources */,
				823C6B131A22196C006C1A90 /* BCJPropertyTarget.m in Sources */,
				823C6B2E1A22196C006C1A90 /* BCJJSONSource+DeferredClassCheck.m in Sources */,
				823C6A701A2213EC006C1A90 /* BCJStackJSONSource.m in Sources */,
				823C6B291A22196C006C1A90 /* BCJAdditionalTypes.m in Sources */,
				823C6AFD1A22196C006C1A90 /* BCJGettersAndSetters.m in Sources */,
				823C6B3F1A22196C006C1A90 /* BCJValidation.m in Sources */,
			);
			runOnlyForDeploymentPostprocessing = 0;
		};
/* End PBXSourcesBuildPhase section */

/* Begin PBXTargetDependency section */
		823C6B681A221B0A006C1A90 /* PBXTargetDependency */ = {
			isa = PBXTargetDependency;
			target = 828555C21A0E147D00FCBF61 /* BCJSONMapperOSX */;
			targetProxy = 823C6B671A221B0A006C1A90 /* PBXContainerItemProxy */;
		};
		823C6B781A221B1D006C1A90 /* PBXTargetDependency */ = {
			isa = PBXTargetDependency;
			target = 828555C21A0E147D00FCBF61 /* BCJSONMapperOSX */;
			targetProxy = 823C6B771A221B1D006C1A90 /* PBXContainerItemProxy */;
		};
		823C6B881A221B2B006C1A90 /* PBXTargetDependency */ = {
			isa = PBXTargetDependency;
			target = 828555C21A0E147D00FCBF61 /* BCJSONMapperOSX */;
			targetProxy = 823C6B871A221B2B006C1A90 /* PBXContainerItemProxy */;
		};
/* End PBXTargetDependency section */

/* Begin XCBuildConfiguration section */
		823C6B6A1A221B0A006C1A90 /* Debug */ = {
			isa = XCBuildConfiguration;
			buildSettings = {
				COMBINE_HIDPI_IMAGES = YES;
				FRAMEWORK_SEARCH_PATHS = (
					"$(DEVELOPER_FRAMEWORKS_DIR)",
					"$(inherited)",
				);
				GCC_PREPROCESSOR_DEFINITIONS = (
					"DEBUG=1",
					"$(inherited)",
				);
				INFOPLIST_FILE = "BCJSONMapperTests/Support Files/Info.plist";
				LD_RUNPATH_SEARCH_PATHS = "$(inherited) @executable_path/../Frameworks @loader_path/../Frameworks";
				PRODUCT_NAME = "$(TARGET_NAME)";
			};
			name = Debug;
		};
		823C6B6B1A221B0A006C1A90 /* Release */ = {
			isa = XCBuildConfiguration;
			buildSettings = {
				COMBINE_HIDPI_IMAGES = YES;
				FRAMEWORK_SEARCH_PATHS = (
					"$(DEVELOPER_FRAMEWORKS_DIR)",
					"$(inherited)",
				);
				INFOPLIST_FILE = "BCJSONMapperTests/Support Files/Info.plist";
				LD_RUNPATH_SEARCH_PATHS = "$(inherited) @executable_path/../Frameworks @loader_path/../Frameworks";
				PRODUCT_NAME = "$(TARGET_NAME)";
			};
			name = Release;
		};
		823C6B7A1A221B1D006C1A90 /* Debug */ = {
			isa = XCBuildConfiguration;
			buildSettings = {
				COMBINE_HIDPI_IMAGES = YES;
				FRAMEWORK_SEARCH_PATHS = (
					"$(DEVELOPER_FRAMEWORKS_DIR)",
					"$(inherited)",
				);
				GCC_PREPROCESSOR_DEFINITIONS = (
					"DEBUG=1",
					"$(inherited)",
				);
				INFOPLIST_FILE = "BCJSONContinuationsTests/Support Files/Info.plist";
				LD_RUNPATH_SEARCH_PATHS = "$(inherited) @executable_path/../Frameworks @loader_path/../Frameworks";
				PRODUCT_NAME = "$(TARGET_NAME)";
			};
			name = Debug;
		};
		823C6B7B1A221B1D006C1A90 /* Release */ = {
			isa = XCBuildConfiguration;
			buildSettings = {
				COMBINE_HIDPI_IMAGES = YES;
				FRAMEWORK_SEARCH_PATHS = (
					"$(DEVELOPER_FRAMEWORKS_DIR)",
					"$(inherited)",
				);
				INFOPLIST_FILE = "BCJSONContinuationsTests/Support Files/Info.plist";
				LD_RUNPATH_SEARCH_PATHS = "$(inherited) @executable_path/../Frameworks @loader_path/../Frameworks";
				PRODUCT_NAME = "$(TARGET_NAME)";
			};
			name = Release;
		};
		823C6B8A1A221B2B006C1A90 /* Debug */ = {
			isa = XCBuildConfiguration;
			buildSettings = {
				COMBINE_HIDPI_IMAGES = YES;
				FRAMEWORK_SEARCH_PATHS = (
					"$(DEVELOPER_FRAMEWORKS_DIR)",
					"$(inherited)",
				);
				GCC_PREPROCESSOR_DEFINITIONS = (
					"DEBUG=1",
					"$(inherited)",
				);
				INFOPLIST_FILE = "BCLContinuationsTests/Support Files/Info.plist";
				LD_RUNPATH_SEARCH_PATHS = "$(inherited) @executable_path/../Frameworks @loader_path/../Frameworks";
				PRODUCT_NAME = "$(TARGET_NAME)";
			};
			name = Debug;
		};
		823C6B8B1A221B2B006C1A90 /* Release */ = {
			isa = XCBuildConfiguration;
			buildSettings = {
				COMBINE_HIDPI_IMAGES = YES;
				FRAMEWORK_SEARCH_PATHS = (
					"$(DEVELOPER_FRAMEWORKS_DIR)",
					"$(inherited)",
				);
				INFOPLIST_FILE = "BCLContinuationsTests/Support Files/Info.plist";
				LD_RUNPATH_SEARCH_PATHS = "$(inherited) @executable_path/../Frameworks @loader_path/../Frameworks";
				PRODUCT_NAME = "$(TARGET_NAME)";
			};
			name = Release;
		};
		8282CEC319F5987200555BB0 /* Debug */ = {
			isa = XCBuildConfiguration;
			buildSettings = {
				ALWAYS_SEARCH_USER_PATHS = NO;
				CLANG_CXX_LANGUAGE_STANDARD = "gnu++0x";
				CLANG_CXX_LIBRARY = "libc++";
				CLANG_ENABLE_MODULES = YES;
				CLANG_ENABLE_OBJC_ARC = YES;
				CLANG_WARN_BOOL_CONVERSION = YES;
				CLANG_WARN_CONSTANT_CONVERSION = YES;
				CLANG_WARN_DIRECT_OBJC_ISA_USAGE = YES_ERROR;
				CLANG_WARN_EMPTY_BODY = YES;
				CLANG_WARN_ENUM_CONVERSION = YES;
				CLANG_WARN_INT_CONVERSION = YES;
				CLANG_WARN_OBJC_ROOT_CLASS = YES_ERROR;
				CLANG_WARN_UNREACHABLE_CODE = YES;
				CLANG_WARN__DUPLICATE_METHOD_MATCH = YES;
				COPY_PHASE_STRIP = NO;
				ENABLE_STRICT_OBJC_MSGSEND = YES;
				GCC_C_LANGUAGE_STANDARD = gnu99;
				GCC_DYNAMIC_NO_PIC = NO;
				GCC_OPTIMIZATION_LEVEL = 0;
				GCC_PREPROCESSOR_DEFINITIONS = (
					"DEBUG=1",
					"$(inherited)",
				);
				GCC_SYMBOLS_PRIVATE_EXTERN = NO;
				GCC_WARN_64_TO_32_BIT_CONVERSION = YES;
				GCC_WARN_ABOUT_RETURN_TYPE = YES_ERROR;
				GCC_WARN_UNDECLARED_SELECTOR = YES;
				GCC_WARN_UNINITIALIZED_AUTOS = YES_AGGRESSIVE;
				GCC_WARN_UNUSED_FUNCTION = YES;
				GCC_WARN_UNUSED_VARIABLE = YES;
				MACOSX_DEPLOYMENT_TARGET = 10.10;
				MTL_ENABLE_DEBUG_INFO = YES;
				ONLY_ACTIVE_ARCH = YES;
				SDKROOT = macosx;
			};
			name = Debug;
		};
		8282CEC419F5987200555BB0 /* Release */ = {
			isa = XCBuildConfiguration;
			buildSettings = {
				ALWAYS_SEARCH_USER_PATHS = NO;
				CLANG_CXX_LANGUAGE_STANDARD = "gnu++0x";
				CLANG_CXX_LIBRARY = "libc++";
				CLANG_ENABLE_MODULES = YES;
				CLANG_ENABLE_OBJC_ARC = YES;
				CLANG_WARN_BOOL_CONVERSION = YES;
				CLANG_WARN_CONSTANT_CONVERSION = YES;
				CLANG_WARN_DIRECT_OBJC_ISA_USAGE = YES_ERROR;
				CLANG_WARN_EMPTY_BODY = YES;
				CLANG_WARN_ENUM_CONVERSION = YES;
				CLANG_WARN_INT_CONVERSION = YES;
				CLANG_WARN_OBJC_ROOT_CLASS = YES_ERROR;
				CLANG_WARN_UNREACHABLE_CODE = YES;
				CLANG_WARN__DUPLICATE_METHOD_MATCH = YES;
				COPY_PHASE_STRIP = YES;
				DEBUG_INFORMATION_FORMAT = "dwarf-with-dsym";
				ENABLE_NS_ASSERTIONS = NO;
				ENABLE_STRICT_OBJC_MSGSEND = YES;
				GCC_C_LANGUAGE_STANDARD = gnu99;
				GCC_WARN_64_TO_32_BIT_CONVERSION = YES;
				GCC_WARN_ABOUT_RETURN_TYPE = YES_ERROR;
				GCC_WARN_UNDECLARED_SELECTOR = YES;
				GCC_WARN_UNINITIALIZED_AUTOS = YES_AGGRESSIVE;
				GCC_WARN_UNUSED_FUNCTION = YES;
				GCC_WARN_UNUSED_VARIABLE = YES;
				MACOSX_DEPLOYMENT_TARGET = 10.10;
				MTL_ENABLE_DEBUG_INFO = NO;
				SDKROOT = macosx;
			};
			name = Release;
		};
		8282CEC619F5987200555BB0 /* Debug */ = {
			isa = XCBuildConfiguration;
			buildSettings = {
				HEADER_SEARCH_PATHS = (
					"$(SRCROOT)/BCLContinuations/",
					"$(SRCROOT)/BCJSONMapper/",
					"$(inherited)",
					/Applications/Xcode.app/Contents/Developer/Toolchains/XcodeDefault.xctoolchain/usr/include,
				);
				PRODUCT_NAME = "$(TARGET_NAME)";
				WARNING_CFLAGS = "-Wall";
			};
			name = Debug;
		};
		8282CEC719F5987200555BB0 /* Release */ = {
			isa = XCBuildConfiguration;
			buildSettings = {
				HEADER_SEARCH_PATHS = (
					"$(SRCROOT)/BCLContinuations/",
					"$(SRCROOT)/BCJSONMapper/",
					"$(inherited)",
					/Applications/Xcode.app/Contents/Developer/Toolchains/XcodeDefault.xctoolchain/usr/include,
				);
				PRODUCT_NAME = "$(TARGET_NAME)";
				WARNING_CFLAGS = "-Wall";
			};
			name = Release;
		};
		828555D51A0E147D00FCBF61 /* Debug */ = {
			isa = XCBuildConfiguration;
			buildSettings = {
				COMBINE_HIDPI_IMAGES = YES;
				DYLIB_COMPATIBILITY_VERSION = 1;
				DYLIB_CURRENT_VERSION = 1;
				EXECUTABLE_PREFIX = lib;
				GCC_PREPROCESSOR_DEFINITIONS = (
					"DEBUG=1",
					"$(inherited)",
				);
				HEADER_SEARCH_PATHS = (
					"$(SRCROOT)/BCLContinuations/",
					"$(inherited)",
					/Applications/Xcode.app/Contents/Developer/Toolchains/XcodeDefault.xctoolchain/usr/include,
				);
				PRODUCT_NAME = BCJSONMapperOSX;
			};
			name = Debug;
		};
		828555D61A0E147D00FCBF61 /* Release */ = {
			isa = XCBuildConfiguration;
			buildSettings = {
				COMBINE_HIDPI_IMAGES = YES;
				DYLIB_COMPATIBILITY_VERSION = 1;
				DYLIB_CURRENT_VERSION = 1;
				EXECUTABLE_PREFIX = lib;
				HEADER_SEARCH_PATHS = (
					"$(SRCROOT)/BCLContinuations/",
					"$(inherited)",
					/Applications/Xcode.app/Contents/Developer/Toolchains/XcodeDefault.xctoolchain/usr/include,
				);
				PRODUCT_NAME = BCJSONMapperOSX;
			};
			name = Release;
		};
		82EBE7AC19FCEEB1001F995B /* Debug */ = {
			isa = XCBuildConfiguration;
			buildSettings = {
				GCC_PREPROCESSOR_DEFINITIONS = (
					"DEBUG=1",
					"$(inherited)",
				);
				HEADER_SEARCH_PATHS = (
					"$(inherited)",
					/Applications/Xcode.app/Contents/Developer/Toolchains/XcodeDefault.xctoolchain/usr/include,
					"$(ROOT_FOLDER)/BCLContinuations/**",
				);
				IPHONEOS_DEPLOYMENT_TARGET = 8.1;
				OTHER_LDFLAGS = "-ObjC";
				PRODUCT_NAME = BCJSONMapperIOS;
				SDKROOT = iphoneos;
				SKIP_INSTALL = YES;
				SUPPORTED_PLATFORMS = "iphonesimulator iphoneos macosx";
			};
			name = Debug;
		};
		82EBE7AD19FCEEB1001F995B /* Release */ = {
			isa = XCBuildConfiguration;
			buildSettings = {
				HEADER_SEARCH_PATHS = (
					"$(inherited)",
					/Applications/Xcode.app/Contents/Developer/Toolchains/XcodeDefault.xctoolchain/usr/include,
					"$(ROOT_FOLDER)/BCLContinuations/**",
				);
				IPHONEOS_DEPLOYMENT_TARGET = 8.1;
				OTHER_LDFLAGS = "-ObjC";
				PRODUCT_NAME = BCJSONMapperIOS;
				SDKROOT = iphoneos;
				SKIP_INSTALL = YES;
				SUPPORTED_PLATFORMS = "iphonesimulator iphoneos macosx";
				VALIDATE_PRODUCT = YES;
			};
			name = Release;
		};
		82F3E5C51A191ADC007C367E /* Debug */ = {
			isa = XCBuildConfiguration;
			buildSettings = {
				"CODE_SIGN_IDENTITY[sdk=iphoneos*]" = "iPhone Developer";
				CURRENT_PROJECT_VERSION = 1;
				DEFINES_MODULE = YES;
				DYLIB_COMPATIBILITY_VERSION = 1;
				DYLIB_CURRENT_VERSION = 1;
				DYLIB_INSTALL_NAME_BASE = "@rpath";
				GCC_PREPROCESSOR_DEFINITIONS = (
					"DEBUG=1",
					"$(inherited)",
				);
				INFOPLIST_FILE = "BCJJSONContinuationsFramework/Supporting Files/Info.plist";
				INSTALL_PATH = "$(LOCAL_LIBRARY_DIR)/Frameworks";
				IPHONEOS_DEPLOYMENT_TARGET = 8.1;
				LD_RUNPATH_SEARCH_PATHS = "$(inherited) @executable_path/Frameworks @loader_path/Frameworks";
				PRODUCT_NAME = BCJSONMapper;
				SDKROOT = iphoneos;
				SKIP_INSTALL = YES;
				TARGETED_DEVICE_FAMILY = "1,2";
				VERSIONING_SYSTEM = "apple-generic";
				VERSION_INFO_PREFIX = "";
			};
			name = Debug;
		};
		82F3E5C61A191ADC007C367E /* Release */ = {
			isa = XCBuildConfiguration;
			buildSettings = {
				"CODE_SIGN_IDENTITY[sdk=iphoneos*]" = "iPhone Developer";
				CURRENT_PROJECT_VERSION = 1;
				DEFINES_MODULE = YES;
				DYLIB_COMPATIBILITY_VERSION = 1;
				DYLIB_CURRENT_VERSION = 1;
				DYLIB_INSTALL_NAME_BASE = "@rpath";
				INFOPLIST_FILE = "BCJJSONContinuationsFramework/Supporting Files/Info.plist";
				INSTALL_PATH = "$(LOCAL_LIBRARY_DIR)/Frameworks";
				IPHONEOS_DEPLOYMENT_TARGET = 8.1;
				LD_RUNPATH_SEARCH_PATHS = "$(inherited) @executable_path/Frameworks @loader_path/Frameworks";
				PRODUCT_NAME = BCJSONMapper;
				SDKROOT = iphoneos;
				SKIP_INSTALL = YES;
				TARGETED_DEVICE_FAMILY = "1,2";
				VALIDATE_PRODUCT = YES;
				VERSIONING_SYSTEM = "apple-generic";
				VERSION_INFO_PREFIX = "";
			};
			name = Release;
		};
/* End XCBuildConfiguration section */

/* Begin XCConfigurationList section */
		823C6B691A221B0A006C1A90 /* Build configuration list for PBXNativeTarget "BCJSONMapperTests" */ = {
			isa = XCConfigurationList;
			buildConfigurations = (
				823C6B6A1A221B0A006C1A90 /* Debug */,
				823C6B6B1A221B0A006C1A90 /* Release */,
			);
			defaultConfigurationIsVisible = 0;
			defaultConfigurationName = Release;
		};
		823C6B791A221B1D006C1A90 /* Build configuration list for PBXNativeTarget "BCJSONContinuationsTests" */ = {
			isa = XCConfigurationList;
			buildConfigurations = (
				823C6B7A1A221B1D006C1A90 /* Debug */,
				823C6B7B1A221B1D006C1A90 /* Release */,
			);
			defaultConfigurationIsVisible = 0;
			defaultConfigurationName = Release;
		};
		823C6B891A221B2B006C1A90 /* Build configuration list for PBXNativeTarget "BCLContinuationsTests" */ = {
			isa = XCConfigurationList;
			buildConfigurations = (
				823C6B8A1A221B2B006C1A90 /* Debug */,
				823C6B8B1A221B2B006C1A90 /* Release */,
			);
			defaultConfigurationIsVisible = 0;
			defaultConfigurationName = Release;
		};
		8282CEB919F5987200555BB0 /* Build configuration list for PBXProject "BCJSONMapper" */ = {
			isa = XCConfigurationList;
			buildConfigurations = (
				8282CEC319F5987200555BB0 /* Debug */,
				8282CEC419F5987200555BB0 /* Release */,
			);
			defaultConfigurationIsVisible = 0;
			defaultConfigurationName = Release;
		};
		8282CEC519F5987200555BB0 /* Build configuration list for PBXNativeTarget "DemoApp" */ = {
			isa = XCConfigurationList;
			buildConfigurations = (
				8282CEC619F5987200555BB0 /* Debug */,
				8282CEC719F5987200555BB0 /* Release */,
			);
			defaultConfigurationIsVisible = 0;
			defaultConfigurationName = Release;
		};
		828555D41A0E147D00FCBF61 /* Build configuration list for PBXNativeTarget "BCJSONMapperOSX" */ = {
			isa = XCConfigurationList;
			buildConfigurations = (
				828555D51A0E147D00FCBF61 /* Debug */,
				828555D61A0E147D00FCBF61 /* Release */,
			);
			defaultConfigurationIsVisible = 0;
			defaultConfigurationName = Release;
		};
		82EBE7AB19FCEEB1001F995B /* Build configuration list for PBXNativeTarget "BCJSONMapperIOS" */ = {
			isa = XCConfigurationList;
			buildConfigurations = (
				82EBE7AC19FCEEB1001F995B /* Debug */,
				82EBE7AD19FCEEB1001F995B /* Release */,
			);
			defaultConfigurationIsVisible = 0;
			defaultConfigurationName = Release;
		};
		82F3E5C41A191ADC007C367E /* Build configuration list for PBXNativeTarget "BCJSONMapper" */ = {
			isa = XCConfigurationList;
			buildConfigurations = (
				82F3E5C51A191ADC007C367E /* Debug */,
				82F3E5C61A191ADC007C367E /* Release */,
			);
			defaultConfigurationIsVisible = 0;
			defaultConfigurationName = Release;
		};
/* End XCConfigurationList section */
	};
	rootObject = 8282CEB619F5987200555BB0 /* Project object */;
}
