// !$*UTF8*$!
{
	archiveVersion = 1;
	classes = {
	};
	objectVersion = 46;
	objects = {

/* Begin PBXBuildFile section */
		82D3B19A19FBF7C5003C4EB5 /* SafeCollectionAccessTests.m in Sources */ = {isa = PBXBuildFile; fileRef = 82D3B19919FBF7C5003C4EB5 /* SafeCollectionAccessTests.m */; };
		82D3B1A019FBF8D3003C4EB5 /* main.m in Sources */ = {isa = PBXBuildFile; fileRef = 82D3B19F19FBF8D3003C4EB5 /* main.m */; };
/* End PBXBuildFile section */

/* Begin PBXCopyFilesBuildPhase section */
		8282CEBC19F5987200555BB0 /* CopyFiles */ = {
			isa = PBXCopyFilesBuildPhase;
			buildActionMask = 2147483647;
			dstPath = /usr/share/man/man1/;
			dstSubfolderSpec = 0;
			files = (
			);
			runOnlyForDeploymentPostprocessing = 1;
		};
/* End PBXCopyFilesBuildPhase section */

/* Begin PBXFileReference section */
		8282CEBE19F5987200555BB0 /* DemoApp */ = {isa = PBXFileReference; explicitFileType = "compiled.mach-o.executable"; includeInIndex = 0; path = DemoApp; sourceTree = BUILT_PRODUCTS_DIR; };
		8282CEC819F5989200555BB0 /* BCLTypeCheckedCollectionAccessors.h */ = {isa = PBXFileReference; fileEncoding = 4; lastKnownFileType = sourcecode.c.h; lineEnding = 0; path = BCLTypeCheckedCollectionAccessors.h; sourceTree = "<group>"; xcLanguageSpecificationIdentifier = xcode.lang.objcpp; };
		8294F4F719F6D7A0005D1F62 /* AttemptSalvage.h */ = {isa = PBXFileReference; lastKnownFileType = sourcecode.c.h; path = AttemptSalvage.h; sourceTree = "<group>"; };
		82D3B18F19FADFDC003C4EB5 /* BCPSafeCollectionAccess.h */ = {isa = PBXFileReference; lastKnownFileType = sourcecode.c.h; path = BCPSafeCollectionAccess.h; sourceTree = "<group>"; };
		82D3B19519FBF7C5003C4EB5 /* SafeCollectionAccessTests.xctest */ = {isa = PBXFileReference; explicitFileType = wrapper.cfbundle; includeInIndex = 0; path = SafeCollectionAccessTests.xctest; sourceTree = BUILT_PRODUCTS_DIR; };
		82D3B19819FBF7C5003C4EB5 /* Info.plist */ = {isa = PBXFileReference; lastKnownFileType = text.plist.xml; path = Info.plist; sourceTree = "<group>"; };
		82D3B19919FBF7C5003C4EB5 /* SafeCollectionAccessTests.m */ = {isa = PBXFileReference; lastKnownFileType = sourcecode.c.objc; path = SafeCollectionAccessTests.m; sourceTree = "<group>"; };
		82D3B19F19FBF8D3003C4EB5 /* main.m */ = {isa = PBXFileReference; fileEncoding = 4; lastKnownFileType = sourcecode.c.objc; path = main.m; sourceTree = "<group>"; };
/* End PBXFileReference section */

/* Begin PBXFrameworksBuildPhase section */
		8282CEBB19F5987200555BB0 /* Frameworks */ = {
			isa = PBXFrameworksBuildPhase;
			buildActionMask = 2147483647;
			files = (
			);
			runOnlyForDeploymentPostprocessing = 0;
		};
		82D3B19219FBF7C5003C4EB5 /* Frameworks */ = {
			isa = PBXFrameworksBuildPhase;
			buildActionMask = 2147483647;
			files = (
			);
			runOnlyForDeploymentPostprocessing = 0;
		};
/* End PBXFrameworksBuildPhase section */

/* Begin PBXGroup section */
		8282CEB519F5987200555BB0 = {
			isa = PBXGroup;
			children = (
				82D3B19019FBC7CD003C4EB5 /* SafeCollectionAccess */,
				82D3B19E19FBF8D3003C4EB5 /* DemoApp */,
				82D3B19619FBF7C5003C4EB5 /* SafeCollectionAccessTests */,
				8282CEBF19F5987200555BB0 /* Products */,
			);
			sourceTree = "<group>";
		};
		8282CEBF19F5987200555BB0 /* Products */ = {
			isa = PBXGroup;
			children = (
				8282CEBE19F5987200555BB0 /* DemoApp */,
				82D3B19519FBF7C5003C4EB5 /* SafeCollectionAccessTests.xctest */,
			);
			name = Products;
			sourceTree = "<group>";
		};
		82D3B19019FBC7CD003C4EB5 /* SafeCollectionAccess */ = {
			isa = PBXGroup;
			children = (
				82D3B18F19FADFDC003C4EB5 /* BCPSafeCollectionAccess.h */,
				8294F4F719F6D7A0005D1F62 /* AttemptSalvage.h */,
				8282CEC819F5989200555BB0 /* BCLTypeCheckedCollectionAccessors.h */,
			);
			path = SafeCollectionAccess;
			sourceTree = "<group>";
		};
		82D3B19619FBF7C5003C4EB5 /* SafeCollectionAccessTests */ = {
			isa = PBXGroup;
			children = (
				82D3B19919FBF7C5003C4EB5 /* SafeCollectionAccessTests.m */,
				82D3B19719FBF7C5003C4EB5 /* Supporting Files */,
			);
			path = SafeCollectionAccessTests;
			sourceTree = "<group>";
		};
		82D3B19719FBF7C5003C4EB5 /* Supporting Files */ = {
			isa = PBXGroup;
			children = (
				82D3B19819FBF7C5003C4EB5 /* Info.plist */,
			);
			name = "Supporting Files";
			sourceTree = "<group>";
		};
		82D3B19E19FBF8D3003C4EB5 /* DemoApp */ = {
			isa = PBXGroup;
			children = (
				82D3B19F19FBF8D3003C4EB5 /* main.m */,
			);
			path = DemoApp;
			sourceTree = "<group>";
		};
/* End PBXGroup section */

/* Begin PBXNativeTarget section */
		8282CEBD19F5987200555BB0 /* DemoApp */ = {
			isa = PBXNativeTarget;
			buildConfigurationList = 8282CEC519F5987200555BB0 /* Build configuration list for PBXNativeTarget "DemoApp" */;
			buildPhases = (
				8282CEBA19F5987200555BB0 /* Sources */,
				8282CEBB19F5987200555BB0 /* Frameworks */,
				8282CEBC19F5987200555BB0 /* CopyFiles */,
			);
			buildRules = (
			);
			dependencies = (
			);
			name = DemoApp;
			productName = TypeSafeJSON;
			productReference = 8282CEBE19F5987200555BB0 /* DemoApp */;
			productType = "com.apple.product-type.tool";
		};
		82D3B19419FBF7C5003C4EB5 /* SafeCollectionAccessTests */ = {
			isa = PBXNativeTarget;
			buildConfigurationList = 82D3B19B19FBF7C5003C4EB5 /* Build configuration list for PBXNativeTarget "SafeCollectionAccessTests" */;
			buildPhases = (
				82D3B19119FBF7C5003C4EB5 /* Sources */,
				82D3B19219FBF7C5003C4EB5 /* Frameworks */,
				82D3B19319FBF7C5003C4EB5 /* Resources */,
			);
			buildRules = (
			);
			dependencies = (
			);
			name = SafeCollectionAccessTests;
			productName = SafeCollectionAccessTests;
			productReference = 82D3B19519FBF7C5003C4EB5 /* SafeCollectionAccessTests.xctest */;
			productType = "com.apple.product-type.bundle.unit-test";
		};
/* End PBXNativeTarget section */

/* Begin PBXProject section */
		8282CEB619F5987200555BB0 /* Project object */ = {
			isa = PBXProject;
			attributes = {
				LastUpgradeCheck = 0600;
				ORGANIZATIONNAME = "Benedict Cohen";
				TargetAttributes = {
					8282CEBD19F5987200555BB0 = {
						CreatedOnToolsVersion = 6.0.1;
					};
					82D3B19419FBF7C5003C4EB5 = {
						CreatedOnToolsVersion = 6.1;
					};
				};
			};
			buildConfigurationList = 8282CEB919F5987200555BB0 /* Build configuration list for PBXProject "SafeCollectionAccess" */;
			compatibilityVersion = "Xcode 3.2";
			developmentRegion = English;
			hasScannedForEncodings = 0;
			knownRegions = (
				en,
			);
			mainGroup = 8282CEB519F5987200555BB0;
			productRefGroup = 8282CEBF19F5987200555BB0 /* Products */;
			projectDirPath = "";
			projectRoot = "";
			targets = (
				8282CEBD19F5987200555BB0 /* DemoApp */,
				82D3B19419FBF7C5003C4EB5 /* SafeCollectionAccessTests */,
			);
		};
/* End PBXProject section */

/* Begin PBXResourcesBuildPhase section */
		82D3B19319FBF7C5003C4EB5 /* Resources */ = {
			isa = PBXResourcesBuildPhase;
			buildActionMask = 2147483647;
			files = (
			);
			runOnlyForDeploymentPostprocessing = 0;
		};
/* End PBXResourcesBuildPhase section */

/* Begin PBXSourcesBuildPhase section */
		8282CEBA19F5987200555BB0 /* Sources */ = {
			isa = PBXSourcesBuildPhase;
			buildActionMask = 2147483647;
			files = (
				82D3B1A019FBF8D3003C4EB5 /* main.m in Sources */,
			);
			runOnlyForDeploymentPostprocessing = 0;
		};
		82D3B19119FBF7C5003C4EB5 /* Sources */ = {
			isa = PBXSourcesBuildPhase;
			buildActionMask = 2147483647;
			files = (
				82D3B19A19FBF7C5003C4EB5 /* SafeCollectionAccessTests.m in Sources */,
			);
			runOnlyForDeploymentPostprocessing = 0;
		};
/* End PBXSourcesBuildPhase section */

/* Begin XCBuildConfiguration section */
		8282CEC319F5987200555BB0 /* Debug */ = {
			isa = XCBuildConfiguration;
			buildSettings = {
				ALWAYS_SEARCH_USER_PATHS = NO;
				CLANG_CXX_LANGUAGE_STANDARD = "gnu++0x";
				CLANG_CXX_LIBRARY = "libc++";
				CLANG_ENABLE_MODULES = YES;
				CLANG_ENABLE_OBJC_ARC = YES;
				CLANG_WARN_BOOL_CONVERSION = YES;
				CLANG_WARN_CONSTANT_CONVERSION = YES;
				CLANG_WARN_DIRECT_OBJC_ISA_USAGE = YES_ERROR;
				CLANG_WARN_EMPTY_BODY = YES;
				CLANG_WARN_ENUM_CONVERSION = YES;
				CLANG_WARN_INT_CONVERSION = YES;
				CLANG_WARN_OBJC_ROOT_CLASS = YES_ERROR;
				CLANG_WARN_UNREACHABLE_CODE = YES;
				CLANG_WARN__DUPLICATE_METHOD_MATCH = YES;
				COPY_PHASE_STRIP = NO;
				ENABLE_STRICT_OBJC_MSGSEND = YES;
				GCC_C_LANGUAGE_STANDARD = gnu99;
				GCC_DYNAMIC_NO_PIC = NO;
				GCC_OPTIMIZATION_LEVEL = 0;
				GCC_PREPROCESSOR_DEFINITIONS = (
					"DEBUG=1",
					"$(inherited)",
				);
				GCC_SYMBOLS_PRIVATE_EXTERN = NO;
				GCC_WARN_64_TO_32_BIT_CONVERSION = YES;
				GCC_WARN_ABOUT_RETURN_TYPE = YES_ERROR;
				GCC_WARN_UNDECLARED_SELECTOR = YES;
				GCC_WARN_UNINITIALIZED_AUTOS = YES_AGGRESSIVE;
				GCC_WARN_UNUSED_FUNCTION = YES;
				GCC_WARN_UNUSED_VARIABLE = YES;
				MACOSX_DEPLOYMENT_TARGET = 10.10;
				MTL_ENABLE_DEBUG_INFO = YES;
				ONLY_ACTIVE_ARCH = YES;
				SDKROOT = macosx;
			};
			name = Debug;
		};
		8282CEC419F5987200555BB0 /* Release */ = {
			isa = XCBuildConfiguration;
			buildSettings = {
				ALWAYS_SEARCH_USER_PATHS = NO;
				CLANG_CXX_LANGUAGE_STANDARD = "gnu++0x";
				CLANG_CXX_LIBRARY = "libc++";
				CLANG_ENABLE_MODULES = YES;
				CLANG_ENABLE_OBJC_ARC = YES;
				CLANG_WARN_BOOL_CONVERSION = YES;
				CLANG_WARN_CONSTANT_CONVERSION = YES;
				CLANG_WARN_DIRECT_OBJC_ISA_USAGE = YES_ERROR;
				CLANG_WARN_EMPTY_BODY = YES;
				CLANG_WARN_ENUM_CONVERSION = YES;
				CLANG_WARN_INT_CONVERSION = YES;
				CLANG_WARN_OBJC_ROOT_CLASS = YES_ERROR;
				CLANG_WARN_UNREACHABLE_CODE = YES;
				CLANG_WARN__DUPLICATE_METHOD_MATCH = YES;
				COPY_PHASE_STRIP = YES;
				DEBUG_INFORMATION_FORMAT = "dwarf-with-dsym";
				ENABLE_NS_ASSERTIONS = NO;
				ENABLE_STRICT_OBJC_MSGSEND = YES;
				GCC_C_LANGUAGE_STANDARD = gnu99;
				GCC_WARN_64_TO_32_BIT_CONVERSION = YES;
				GCC_WARN_ABOUT_RETURN_TYPE = YES_ERROR;
				GCC_WARN_UNDECLARED_SELECTOR = YES;
				GCC_WARN_UNINITIALIZED_AUTOS = YES_AGGRESSIVE;
				GCC_WARN_UNUSED_FUNCTION = YES;
				GCC_WARN_UNUSED_VARIABLE = YES;
				MACOSX_DEPLOYMENT_TARGET = 10.10;
				MTL_ENABLE_DEBUG_INFO = NO;
				SDKROOT = macosx;
			};
			name = Release;
		};
		8282CEC619F5987200555BB0 /* Debug */ = {
			isa = XCBuildConfiguration;
			buildSettings = {
				PRODUCT_NAME = "$(TARGET_NAME)";
				WARNING_CFLAGS = "-Wall";
			};
			name = Debug;
		};
		8282CEC719F5987200555BB0 /* Release */ = {
			isa = XCBuildConfiguration;
			buildSettings = {
				PRODUCT_NAME = "$(TARGET_NAME)";
				WARNING_CFLAGS = "-Wall";
			};
			name = Release;
		};
		82D3B19C19FBF7C5003C4EB5 /* Debug */ = {
			isa = XCBuildConfiguration;
			buildSettings = {
				COMBINE_HIDPI_IMAGES = YES;
				FRAMEWORK_SEARCH_PATHS = (
					"$(DEVELOPER_FRAMEWORKS_DIR)",
					"$(inherited)",
				);
				GCC_PREPROCESSOR_DEFINITIONS = (
					"DEBUG=1",
					"$(inherited)",
				);
				INFOPLIST_FILE = SafeCollectionAccessTests/Info.plist;
				LD_RUNPATH_SEARCH_PATHS = "$(inherited) @executable_path/../Frameworks @loader_path/../Frameworks";
				PRODUCT_NAME = "$(TARGET_NAME)";
			};
			name = Debug;
		};
		82D3B19D19FBF7C5003C4EB5 /* Release */ = {
			isa = XCBuildConfiguration;
			buildSettings = {
				COMBINE_HIDPI_IMAGES = YES;
				FRAMEWORK_SEARCH_PATHS = (
					"$(DEVELOPER_FRAMEWORKS_DIR)",
					"$(inherited)",
				);
				INFOPLIST_FILE = SafeCollectionAccessTests/Info.plist;
				LD_RUNPATH_SEARCH_PATHS = "$(inherited) @executable_path/../Frameworks @loader_path/../Frameworks";
				PRODUCT_NAME = "$(TARGET_NAME)";
			};
			name = Release;
		};
/* End XCBuildConfiguration section */

/* Begin XCConfigurationList section */
		8282CEB919F5987200555BB0 /* Build configuration list for PBXProject "SafeCollectionAccess" */ = {
			isa = XCConfigurationList;
			buildConfigurations = (
				8282CEC319F5987200555BB0 /* Debug */,
				8282CEC419F5987200555BB0 /* Release */,
			);
			defaultConfigurationIsVisible = 0;
			defaultConfigurationName = Release;
		};
		8282CEC519F5987200555BB0 /* Build configuration list for PBXNativeTarget "DemoApp" */ = {
			isa = XCConfigurationList;
			buildConfigurations = (
				8282CEC619F5987200555BB0 /* Debug */,
				8282CEC719F5987200555BB0 /* Release */,
			);
			defaultConfigurationIsVisible = 0;
			defaultConfigurationName = Release;
		};
		82D3B19B19FBF7C5003C4EB5 /* Build configuration list for PBXNativeTarget "SafeCollectionAccessTests" */ = {
			isa = XCConfigurationList;
			buildConfigurations = (
				82D3B19C19FBF7C5003C4EB5 /* Debug */,
				82D3B19D19FBF7C5003C4EB5 /* Release */,
			);
			defaultConfigurationIsVisible = 0;
			defaultConfigurationName = Release;
		};
/* End XCConfigurationList section */
	};
	rootObject = 8282CEB619F5987200555BB0 /* Project object */;
}
